
Microsoft Visual Studio Solution File, Format Version 12.00
# Visual Studio 14
VisualStudioVersion = 14.0.25420.1
MinimumVisualStudioVersion = 10.0.40219.1
Project("{FAE04EC0-301F-11D3-BF4B-00C04F79EFBC}") = "MiPrimerXAML", "MiPrimerXAML\MiPrimerXAML\MiPrimerXAML.csproj", "{DA91FBCC-F10C-40D1-BAE1-5891D6AC27B6}"
EndProject
Project("{FAE04EC0-301F-11D3-BF4B-00C04F79EFBC}") = "MiPrimerXAML.Droid", "MiPrimerXAML\MiPrimerXAML.Droid\MiPrimerXAML.Droid.csproj", "{82EC38D1-47FA-4A8C-9E6D-8C45FE9E508E}"
EndProject
Project("{FAE04EC0-301F-11D3-BF4B-00C04F79EFBC}") = "MiPrimerXAML.iOS", "MiPrimerXAML\MiPrimerXAML.iOS\MiPrimerXAML.iOS.csproj", "{78300B4A-2805-478D-87EA-DAD1515E24C9}"
EndProject
Project("{FAE04EC0-301F-11D3-BF4B-00C04F79EFBC}") = "MiPrimerXAML.WinPhone", "MiPrimerXAML\MiPrimerXAML.WinPhone\MiPrimerXAML.WinPhone.csproj", "{3AC2C500-E704-4B53-BD8B-2B0F258F18CB}"
EndProject
Project("{FAE04EC0-301F-11D3-BF4B-00C04F79EFBC}") = "MiPrimerXAML.UWP", "MiPrimerXAML\MiPrimerXAML.UWP\MiPrimerXAML.UWP.csproj", "{E9023CFA-0EC8-44DE-B8F7-BB84F1512F02}"
EndProject
Project("{FAE04EC0-301F-11D3-BF4B-00C04F79EFBC}") = "MiPrimerXAML.Windows", "MiPrimerXAML\MiPrimerXAML.Windows\MiPrimerXAML.Windows.csproj", "{8291A7A0-6733-402D-836F-D73834165CA2}"
EndProject
Global
	GlobalSection(SolutionConfigurationPlatforms) = preSolution
		Ad-Hoc|Any CPU = Ad-Hoc|Any CPU
		Ad-Hoc|ARM = Ad-Hoc|ARM
		Ad-Hoc|iPhone = Ad-Hoc|iPhone
		Ad-Hoc|iPhoneSimulator = Ad-Hoc|iPhoneSimulator
		Ad-Hoc|x64 = Ad-Hoc|x64
		Ad-Hoc|x86 = Ad-Hoc|x86
		AppStore|Any CPU = AppStore|Any CPU
		AppStore|ARM = AppStore|ARM
		AppStore|iPhone = AppStore|iPhone
		AppStore|iPhoneSimulator = AppStore|iPhoneSimulator
		AppStore|x64 = AppStore|x64
		AppStore|x86 = AppStore|x86
		Debug|Any CPU = Debug|Any CPU
		Debug|ARM = Debug|ARM
		Debug|iPhone = Debug|iPhone
		Debug|iPhoneSimulator = Debug|iPhoneSimulator
		Debug|x64 = Debug|x64
		Debug|x86 = Debug|x86
		Release|Any CPU = Release|Any CPU
		Release|ARM = Release|ARM
		Release|iPhone = Release|iPhone
		Release|iPhoneSimulator = Release|iPhoneSimulator
		Release|x64 = Release|x64
		Release|x86 = Release|x86
	EndGlobalSection
	GlobalSection(ProjectConfigurationPlatforms) = postSolution
		{DA91FBCC-F10C-40D1-BAE1-5891D6AC27B6}.Ad-Hoc|Any CPU.ActiveCfg = Release|Any CPU
		{DA91FBCC-F10C-40D1-BAE1-5891D6AC27B6}.Ad-Hoc|Any CPU.Build.0 = Release|Any CPU
		{DA91FBCC-F10C-40D1-BAE1-5891D6AC27B6}.Ad-Hoc|ARM.ActiveCfg = Release|Any CPU
		{DA91FBCC-F10C-40D1-BAE1-5891D6AC27B6}.Ad-Hoc|ARM.Build.0 = Release|Any CPU
		{DA91FBCC-F10C-40D1-BAE1-5891D6AC27B6}.Ad-Hoc|iPhone.ActiveCfg = Release|Any CPU
		{DA91FBCC-F10C-40D1-BAE1-5891D6AC27B6}.Ad-Hoc|iPhone.Build.0 = Release|Any CPU
		{DA91FBCC-F10C-40D1-BAE1-5891D6AC27B6}.Ad-Hoc|iPhoneSimulator.ActiveCfg = Release|Any CPU
		{DA91FBCC-F10C-40D1-BAE1-5891D6AC27B6}.Ad-Hoc|iPhoneSimulator.Build.0 = Release|Any CPU
		{DA91FBCC-F10C-40D1-BAE1-5891D6AC27B6}.Ad-Hoc|x64.ActiveCfg = Release|Any CPU
		{DA91FBCC-F10C-40D1-BAE1-5891D6AC27B6}.Ad-Hoc|x64.Build.0 = Release|Any CPU
		{DA91FBCC-F10C-40D1-BAE1-5891D6AC27B6}.Ad-Hoc|x86.ActiveCfg = Release|Any CPU
		{DA91FBCC-F10C-40D1-BAE1-5891D6AC27B6}.Ad-Hoc|x86.Build.0 = Release|Any CPU
		{DA91FBCC-F10C-40D1-BAE1-5891D6AC27B6}.AppStore|Any CPU.ActiveCfg = Release|Any CPU
		{DA91FBCC-F10C-40D1-BAE1-5891D6AC27B6}.AppStore|Any CPU.Build.0 = Release|Any CPU
		{DA91FBCC-F10C-40D1-BAE1-5891D6AC27B6}.AppStore|ARM.ActiveCfg = Release|Any CPU
		{DA91FBCC-F10C-40D1-BAE1-5891D6AC27B6}.AppStore|ARM.Build.0 = Release|Any CPU
		{DA91FBCC-F10C-40D1-BAE1-5891D6AC27B6}.AppStore|iPhone.ActiveCfg = Release|Any CPU
		{DA91FBCC-F10C-40D1-BAE1-5891D6AC27B6}.AppStore|iPhone.Build.0 = Release|Any CPU
		{DA91FBCC-F10C-40D1-BAE1-5891D6AC27B6}.AppStore|iPhoneSimulator.ActiveCfg = Release|Any CPU
		{DA91FBCC-F10C-40D1-BAE1-5891D6AC27B6}.AppStore|iPhoneSimulator.Build.0 = Release|Any CPU
		{DA91FBCC-F10C-40D1-BAE1-5891D6AC27B6}.AppStore|x64.ActiveCfg = Release|Any CPU
		{DA91FBCC-F10C-40D1-BAE1-5891D6AC27B6}.AppStore|x64.Build.0 = Release|Any CPU
		{DA91FBCC-F10C-40D1-BAE1-5891D6AC27B6}.AppStore|x86.ActiveCfg = Release|Any CPU
		{DA91FBCC-F10C-40D1-BAE1-5891D6AC27B6}.AppStore|x86.Build.0 = Release|Any CPU
		{DA91FBCC-F10C-40D1-BAE1-5891D6AC27B6}.Debug|Any CPU.ActiveCfg = Debug|Any CPU
		{DA91FBCC-F10C-40D1-BAE1-5891D6AC27B6}.Debug|Any CPU.Build.0 = Debug|Any CPU
		{DA91FBCC-F10C-40D1-BAE1-5891D6AC27B6}.Debug|ARM.ActiveCfg = Debug|Any CPU
		{DA91FBCC-F10C-40D1-BAE1-5891D6AC27B6}.Debug|ARM.Build.0 = Debug|Any CPU
		{DA91FBCC-F10C-40D1-BAE1-5891D6AC27B6}.Debug|iPhone.ActiveCfg = Debug|Any CPU
		{DA91FBCC-F10C-40D1-BAE1-5891D6AC27B6}.Debug|iPhone.Build.0 = Debug|Any CPU
		{DA91FBCC-F10C-40D1-BAE1-5891D6AC27B6}.Debug|iPhoneSimulator.ActiveCfg = Debug|Any CPU
		{DA91FBCC-F10C-40D1-BAE1-5891D6AC27B6}.Debug|iPhoneSimulator.Build.0 = Debug|Any CPU
		{DA91FBCC-F10C-40D1-BAE1-5891D6AC27B6}.Debug|x64.ActiveCfg = Debug|Any CPU
		{DA91FBCC-F10C-40D1-BAE1-5891D6AC27B6}.Debug|x64.Build.0 = Debug|Any CPU
		{DA91FBCC-F10C-40D1-BAE1-5891D6AC27B6}.Debug|x86.ActiveCfg = Debug|Any CPU
		{DA91FBCC-F10C-40D1-BAE1-5891D6AC27B6}.Debug|x86.Build.0 = Debug|Any CPU
		{DA91FBCC-F10C-40D1-BAE1-5891D6AC27B6}.Release|Any CPU.ActiveCfg = Release|Any CPU
		{DA91FBCC-F10C-40D1-BAE1-5891D6AC27B6}.Release|Any CPU.Build.0 = Release|Any CPU
		{DA91FBCC-F10C-40D1-BAE1-5891D6AC27B6}.Release|ARM.ActiveCfg = Release|Any CPU
		{DA91FBCC-F10C-40D1-BAE1-5891D6AC27B6}.Release|ARM.Build.0 = Release|Any CPU
		{DA91FBCC-F10C-40D1-BAE1-5891D6AC27B6}.Release|iPhone.ActiveCfg = Release|Any CPU
		{DA91FBCC-F10C-40D1-BAE1-5891D6AC27B6}.Release|iPhone.Build.0 = Release|Any CPU
		{DA91FBCC-F10C-40D1-BAE1-5891D6AC27B6}.Release|iPhoneSimulator.ActiveCfg = Release|Any CPU
		{DA91FBCC-F10C-40D1-BAE1-5891D6AC27B6}.Release|iPhoneSimulator.Build.0 = Release|Any CPU
		{DA91FBCC-F10C-40D1-BAE1-5891D6AC27B6}.Release|x64.ActiveCfg = Release|Any CPU
		{DA91FBCC-F10C-40D1-BAE1-5891D6AC27B6}.Release|x64.Build.0 = Release|Any CPU
		{DA91FBCC-F10C-40D1-BAE1-5891D6AC27B6}.Release|x86.ActiveCfg = Release|Any CPU
		{DA91FBCC-F10C-40D1-BAE1-5891D6AC27B6}.Release|x86.Build.0 = Release|Any CPU
		{82EC38D1-47FA-4A8C-9E6D-8C45FE9E508E}.Ad-Hoc|Any CPU.ActiveCfg = Release|Any CPU
		{82EC38D1-47FA-4A8C-9E6D-8C45FE9E508E}.Ad-Hoc|Any CPU.Build.0 = Release|Any CPU
		{82EC38D1-47FA-4A8C-9E6D-8C45FE9E508E}.Ad-Hoc|Any CPU.Deploy.0 = Release|Any CPU
		{82EC38D1-47FA-4A8C-9E6D-8C45FE9E508E}.Ad-Hoc|ARM.ActiveCfg = Release|Any CPU
		{82EC38D1-47FA-4A8C-9E6D-8C45FE9E508E}.Ad-Hoc|ARM.Build.0 = Release|Any CPU
		{82EC38D1-47FA-4A8C-9E6D-8C45FE9E508E}.Ad-Hoc|ARM.Deploy.0 = Release|Any CPU
		{82EC38D1-47FA-4A8C-9E6D-8C45FE9E508E}.Ad-Hoc|iPhone.ActiveCfg = Release|Any CPU
		{82EC38D1-47FA-4A8C-9E6D-8C45FE9E508E}.Ad-Hoc|iPhone.Build.0 = Release|Any CPU
		{82EC38D1-47FA-4A8C-9E6D-8C45FE9E508E}.Ad-Hoc|iPhone.Deploy.0 = Release|Any CPU
		{82EC38D1-47FA-4A8C-9E6D-8C45FE9E508E}.Ad-Hoc|iPhoneSimulator.ActiveCfg = Release|Any CPU
		{82EC38D1-47FA-4A8C-9E6D-8C45FE9E508E}.Ad-Hoc|iPhoneSimulator.Build.0 = Release|Any CPU
		{82EC38D1-47FA-4A8C-9E6D-8C45FE9E508E}.Ad-Hoc|iPhoneSimulator.Deploy.0 = Release|Any CPU
		{82EC38D1-47FA-4A8C-9E6D-8C45FE9E508E}.Ad-Hoc|x64.ActiveCfg = Release|Any CPU
		{82EC38D1-47FA-4A8C-9E6D-8C45FE9E508E}.Ad-Hoc|x64.Build.0 = Release|Any CPU
		{82EC38D1-47FA-4A8C-9E6D-8C45FE9E508E}.Ad-Hoc|x64.Deploy.0 = Release|Any CPU
		{82EC38D1-47FA-4A8C-9E6D-8C45FE9E508E}.Ad-Hoc|x86.ActiveCfg = Release|Any CPU
		{82EC38D1-47FA-4A8C-9E6D-8C45FE9E508E}.Ad-Hoc|x86.Build.0 = Release|Any CPU
		{82EC38D1-47FA-4A8C-9E6D-8C45FE9E508E}.Ad-Hoc|x86.Deploy.0 = Release|Any CPU
		{82EC38D1-47FA-4A8C-9E6D-8C45FE9E508E}.AppStore|Any CPU.ActiveCfg = Release|Any CPU
		{82EC38D1-47FA-4A8C-9E6D-8C45FE9E508E}.AppStore|Any CPU.Build.0 = Release|Any CPU
		{82EC38D1-47FA-4A8C-9E6D-8C45FE9E508E}.AppStore|Any CPU.Deploy.0 = Release|Any CPU
		{82EC38D1-47FA-4A8C-9E6D-8C45FE9E508E}.AppStore|ARM.ActiveCfg = Release|Any CPU
		{82EC38D1-47FA-4A8C-9E6D-8C45FE9E508E}.AppStore|ARM.Build.0 = Release|Any CPU
		{82EC38D1-47FA-4A8C-9E6D-8C45FE9E508E}.AppStore|ARM.Deploy.0 = Release|Any CPU
		{82EC38D1-47FA-4A8C-9E6D-8C45FE9E508E}.AppStore|iPhone.ActiveCfg = Release|Any CPU
		{82EC38D1-47FA-4A8C-9E6D-8C45FE9E508E}.AppStore|iPhone.Build.0 = Release|Any CPU
		{82EC38D1-47FA-4A8C-9E6D-8C45FE9E508E}.AppStore|iPhone.Deploy.0 = Release|Any CPU
		{82EC38D1-47FA-4A8C-9E6D-8C45FE9E508E}.AppStore|iPhoneSimulator.ActiveCfg = Release|Any CPU
		{82EC38D1-47FA-4A8C-9E6D-8C45FE9E508E}.AppStore|iPhoneSimulator.Build.0 = Release|Any CPU
		{82EC38D1-47FA-4A8C-9E6D-8C45FE9E508E}.AppStore|iPhoneSimulator.Deploy.0 = Release|Any CPU
		{82EC38D1-47FA-4A8C-9E6D-8C45FE9E508E}.AppStore|x64.ActiveCfg = Release|Any CPU
		{82EC38D1-47FA-4A8C-9E6D-8C45FE9E508E}.AppStore|x64.Build.0 = Release|Any CPU
		{82EC38D1-47FA-4A8C-9E6D-8C45FE9E508E}.AppStore|x64.Deploy.0 = Release|Any CPU
		{82EC38D1-47FA-4A8C-9E6D-8C45FE9E508E}.AppStore|x86.ActiveCfg = Release|Any CPU
		{82EC38D1-47FA-4A8C-9E6D-8C45FE9E508E}.AppStore|x86.Build.0 = Release|Any CPU
		{82EC38D1-47FA-4A8C-9E6D-8C45FE9E508E}.AppStore|x86.Deploy.0 = Release|Any CPU
		{82EC38D1-47FA-4A8C-9E6D-8C45FE9E508E}.Debug|Any CPU.ActiveCfg = Debug|Any CPU
		{82EC38D1-47FA-4A8C-9E6D-8C45FE9E508E}.Debug|Any CPU.Build.0 = Debug|Any CPU
		{82EC38D1-47FA-4A8C-9E6D-8C45FE9E508E}.Debug|Any CPU.Deploy.0 = Debug|Any CPU
		{82EC38D1-47FA-4A8C-9E6D-8C45FE9E508E}.Debug|ARM.ActiveCfg = Debug|Any CPU
		{82EC38D1-47FA-4A8C-9E6D-8C45FE9E508E}.Debug|ARM.Build.0 = Debug|Any CPU
		{82EC38D1-47FA-4A8C-9E6D-8C45FE9E508E}.Debug|ARM.Deploy.0 = Debug|Any CPU
		{82EC38D1-47FA-4A8C-9E6D-8C45FE9E508E}.Debug|iPhone.ActiveCfg = Debug|Any CPU
		{82EC38D1-47FA-4A8C-9E6D-8C45FE9E508E}.Debug|iPhone.Build.0 = Debug|Any CPU
		{82EC38D1-47FA-4A8C-9E6D-8C45FE9E508E}.Debug|iPhone.Deploy.0 = Debug|Any CPU
		{82EC38D1-47FA-4A8C-9E6D-8C45FE9E508E}.Debug|iPhoneSimulator.ActiveCfg = Debug|Any CPU
		{82EC38D1-47FA-4A8C-9E6D-8C45FE9E508E}.Debug|iPhoneSimulator.Build.0 = Debug|Any CPU
		{82EC38D1-47FA-4A8C-9E6D-8C45FE9E508E}.Debug|iPhoneSimulator.Deploy.0 = Debug|Any CPU
		{82EC38D1-47FA-4A8C-9E6D-8C45FE9E508E}.Debug|x64.ActiveCfg = Debug|Any CPU
		{82EC38D1-47FA-4A8C-9E6D-8C45FE9E508E}.Debug|x64.Build.0 = Debug|Any CPU
		{82EC38D1-47FA-4A8C-9E6D-8C45FE9E508E}.Debug|x64.Deploy.0 = Debug|Any CPU
		{82EC38D1-47FA-4A8C-9E6D-8C45FE9E508E}.Debug|x86.ActiveCfg = Debug|Any CPU
		{82EC38D1-47FA-4A8C-9E6D-8C45FE9E508E}.Debug|x86.Build.0 = Debug|Any CPU
		{82EC38D1-47FA-4A8C-9E6D-8C45FE9E508E}.Debug|x86.Deploy.0 = Debug|Any CPU
		{82EC38D1-47FA-4A8C-9E6D-8C45FE9E508E}.Release|Any CPU.ActiveCfg = Release|Any CPU
		{82EC38D1-47FA-4A8C-9E6D-8C45FE9E508E}.Release|Any CPU.Build.0 = Release|Any CPU
		{82EC38D1-47FA-4A8C-9E6D-8C45FE9E508E}.Release|Any CPU.Deploy.0 = Release|Any CPU
		{82EC38D1-47FA-4A8C-9E6D-8C45FE9E508E}.Release|ARM.ActiveCfg = Release|Any CPU
		{82EC38D1-47FA-4A8C-9E6D-8C45FE9E508E}.Release|ARM.Build.0 = Release|Any CPU
		{82EC38D1-47FA-4A8C-9E6D-8C45FE9E508E}.Release|ARM.Deploy.0 = Release|Any CPU
		{82EC38D1-47FA-4A8C-9E6D-8C45FE9E508E}.Release|iPhone.ActiveCfg = Release|Any CPU
		{82EC38D1-47FA-4A8C-9E6D-8C45FE9E508E}.Release|iPhone.Build.0 = Release|Any CPU
		{82EC38D1-47FA-4A8C-9E6D-8C45FE9E508E}.Release|iPhone.Deploy.0 = Release|Any CPU
		{82EC38D1-47FA-4A8C-9E6D-8C45FE9E508E}.Release|iPhoneSimulator.ActiveCfg = Release|Any CPU
		{82EC38D1-47FA-4A8C-9E6D-8C45FE9E508E}.Release|iPhoneSimulator.Build.0 = Release|Any CPU
		{82EC38D1-47FA-4A8C-9E6D-8C45FE9E508E}.Release|iPhoneSimulator.Deploy.0 = Release|Any CPU
		{82EC38D1-47FA-4A8C-9E6D-8C45FE9E508E}.Release|x64.ActiveCfg = Release|Any CPU
		{82EC38D1-47FA-4A8C-9E6D-8C45FE9E508E}.Release|x64.Build.0 = Release|Any CPU
		{82EC38D1-47FA-4A8C-9E6D-8C45FE9E508E}.Release|x64.Deploy.0 = Release|Any CPU
		{82EC38D1-47FA-4A8C-9E6D-8C45FE9E508E}.Release|x86.ActiveCfg = Release|Any CPU
		{82EC38D1-47FA-4A8C-9E6D-8C45FE9E508E}.Release|x86.Build.0 = Release|Any CPU
		{82EC38D1-47FA-4A8C-9E6D-8C45FE9E508E}.Release|x86.Deploy.0 = Release|Any CPU
		{78300B4A-2805-478D-87EA-DAD1515E24C9}.Ad-Hoc|Any CPU.ActiveCfg = Ad-Hoc|iPhone
		{78300B4A-2805-478D-87EA-DAD1515E24C9}.Ad-Hoc|ARM.ActiveCfg = Ad-Hoc|iPhone
		{78300B4A-2805-478D-87EA-DAD1515E24C9}.Ad-Hoc|iPhone.ActiveCfg = Ad-Hoc|iPhone
		{78300B4A-2805-478D-87EA-DAD1515E24C9}.Ad-Hoc|iPhone.Build.0 = Ad-Hoc|iPhone
		{78300B4A-2805-478D-87EA-DAD1515E24C9}.Ad-Hoc|iPhoneSimulator.ActiveCfg = Ad-Hoc|iPhoneSimulator
		{78300B4A-2805-478D-87EA-DAD1515E24C9}.Ad-Hoc|iPhoneSimulator.Build.0 = Ad-Hoc|iPhoneSimulator
		{78300B4A-2805-478D-87EA-DAD1515E24C9}.Ad-Hoc|x64.ActiveCfg = Ad-Hoc|iPhone
		{78300B4A-2805-478D-87EA-DAD1515E24C9}.Ad-Hoc|x86.ActiveCfg = Ad-Hoc|iPhone
		{78300B4A-2805-478D-87EA-DAD1515E24C9}.AppStore|Any CPU.ActiveCfg = AppStore|iPhone
		{78300B4A-2805-478D-87EA-DAD1515E24C9}.AppStore|ARM.ActiveCfg = AppStore|iPhone
		{78300B4A-2805-478D-87EA-DAD1515E24C9}.AppStore|iPhone.ActiveCfg = AppStore|iPhone
		{78300B4A-2805-478D-87EA-DAD1515E24C9}.AppStore|iPhone.Build.0 = AppStore|iPhone
		{78300B4A-2805-478D-87EA-DAD1515E24C9}.AppStore|iPhoneSimulator.ActiveCfg = AppStore|iPhoneSimulator
		{78300B4A-2805-478D-87EA-DAD1515E24C9}.AppStore|iPhoneSimulator.Build.0 = AppStore|iPhoneSimulator
		{78300B4A-2805-478D-87EA-DAD1515E24C9}.AppStore|x64.ActiveCfg = AppStore|iPhone
		{78300B4A-2805-478D-87EA-DAD1515E24C9}.AppStore|x86.ActiveCfg = AppStore|iPhone
		{78300B4A-2805-478D-87EA-DAD1515E24C9}.Debug|Any CPU.ActiveCfg = Debug|iPhone
		{78300B4A-2805-478D-87EA-DAD1515E24C9}.Debug|ARM.ActiveCfg = Debug|iPhone
		{78300B4A-2805-478D-87EA-DAD1515E24C9}.Debug|iPhone.ActiveCfg = Debug|iPhone
		{78300B4A-2805-478D-87EA-DAD1515E24C9}.Debug|iPhone.Build.0 = Debug|iPhone
		{78300B4A-2805-478D-87EA-DAD1515E24C9}.Debug|iPhoneSimulator.ActiveCfg = Debug|iPhoneSimulator
		{78300B4A-2805-478D-87EA-DAD1515E24C9}.Debug|iPhoneSimulator.Build.0 = Debug|iPhoneSimulator
		{78300B4A-2805-478D-87EA-DAD1515E24C9}.Debug|x64.ActiveCfg = Debug|iPhone
		{78300B4A-2805-478D-87EA-DAD1515E24C9}.Debug|x86.ActiveCfg = Debug|iPhone
		{78300B4A-2805-478D-87EA-DAD1515E24C9}.Release|Any CPU.ActiveCfg = Release|iPhone
		{78300B4A-2805-478D-87EA-DAD1515E24C9}.Release|ARM.ActiveCfg = Release|iPhone
		{78300B4A-2805-478D-87EA-DAD1515E24C9}.Release|iPhone.ActiveCfg = Release|iPhone
		{78300B4A-2805-478D-87EA-DAD1515E24C9}.Release|iPhone.Build.0 = Release|iPhone
		{78300B4A-2805-478D-87EA-DAD1515E24C9}.Release|iPhoneSimulator.ActiveCfg = Release|iPhoneSimulator
		{78300B4A-2805-478D-87EA-DAD1515E24C9}.Release|iPhoneSimulator.Build.0 = Release|iPhoneSimulator
		{78300B4A-2805-478D-87EA-DAD1515E24C9}.Release|x64.ActiveCfg = Release|iPhone
		{78300B4A-2805-478D-87EA-DAD1515E24C9}.Release|x86.ActiveCfg = Release|iPhone
		{3AC2C500-E704-4B53-BD8B-2B0F258F18CB}.Ad-Hoc|Any CPU.ActiveCfg = Release|Any CPU
		{3AC2C500-E704-4B53-BD8B-2B0F258F18CB}.Ad-Hoc|Any CPU.Build.0 = Release|Any CPU
		{3AC2C500-E704-4B53-BD8B-2B0F258F18CB}.Ad-Hoc|Any CPU.Deploy.0 = Release|Any CPU
		{3AC2C500-E704-4B53-BD8B-2B0F258F18CB}.Ad-Hoc|ARM.ActiveCfg = Release|ARM
		{3AC2C500-E704-4B53-BD8B-2B0F258F18CB}.Ad-Hoc|ARM.Build.0 = Release|ARM
		{3AC2C500-E704-4B53-BD8B-2B0F258F18CB}.Ad-Hoc|ARM.Deploy.0 = Release|ARM
		{3AC2C500-E704-4B53-BD8B-2B0F258F18CB}.Ad-Hoc|iPhone.ActiveCfg = Release|Any CPU
		{3AC2C500-E704-4B53-BD8B-2B0F258F18CB}.Ad-Hoc|iPhone.Build.0 = Release|Any CPU
		{3AC2C500-E704-4B53-BD8B-2B0F258F18CB}.Ad-Hoc|iPhone.Deploy.0 = Release|Any CPU
		{3AC2C500-E704-4B53-BD8B-2B0F258F18CB}.Ad-Hoc|iPhoneSimulator.ActiveCfg = Release|Any CPU
		{3AC2C500-E704-4B53-BD8B-2B0F258F18CB}.Ad-Hoc|iPhoneSimulator.Build.0 = Release|Any CPU
		{3AC2C500-E704-4B53-BD8B-2B0F258F18CB}.Ad-Hoc|iPhoneSimulator.Deploy.0 = Release|Any CPU
		{3AC2C500-E704-4B53-BD8B-2B0F258F18CB}.Ad-Hoc|x64.ActiveCfg = Release|Any CPU
		{3AC2C500-E704-4B53-BD8B-2B0F258F18CB}.Ad-Hoc|x64.Build.0 = Release|Any CPU
		{3AC2C500-E704-4B53-BD8B-2B0F258F18CB}.Ad-Hoc|x64.Deploy.0 = Release|Any CPU
		{3AC2C500-E704-4B53-BD8B-2B0F258F18CB}.Ad-Hoc|x86.ActiveCfg = Release|x86
		{3AC2C500-E704-4B53-BD8B-2B0F258F18CB}.Ad-Hoc|x86.Build.0 = Release|x86
		{3AC2C500-E704-4B53-BD8B-2B0F258F18CB}.Ad-Hoc|x86.Deploy.0 = Release|x86
		{3AC2C500-E704-4B53-BD8B-2B0F258F18CB}.AppStore|Any CPU.ActiveCfg = Release|Any CPU
		{3AC2C500-E704-4B53-BD8B-2B0F258F18CB}.AppStore|Any CPU.Build.0 = Release|Any CPU
		{3AC2C500-E704-4B53-BD8B-2B0F258F18CB}.AppStore|Any CPU.Deploy.0 = Release|Any CPU
		{3AC2C500-E704-4B53-BD8B-2B0F258F18CB}.AppStore|ARM.ActiveCfg = Release|ARM
		{3AC2C500-E704-4B53-BD8B-2B0F258F18CB}.AppStore|ARM.Build.0 = Release|ARM
		{3AC2C500-E704-4B53-BD8B-2B0F258F18CB}.AppStore|ARM.Deploy.0 = Release|ARM
		{3AC2C500-E704-4B53-BD8B-2B0F258F18CB}.AppStore|iPhone.ActiveCfg = Release|Any CPU
		{3AC2C500-E704-4B53-BD8B-2B0F258F18CB}.AppStore|iPhone.Build.0 = Release|Any CPU
		{3AC2C500-E704-4B53-BD8B-2B0F258F18CB}.AppStore|iPhone.Deploy.0 = Release|Any CPU
		{3AC2C500-E704-4B53-BD8B-2B0F258F18CB}.AppStore|iPhoneSimulator.ActiveCfg = Release|Any CPU
		{3AC2C500-E704-4B53-BD8B-2B0F258F18CB}.AppStore|iPhoneSimulator.Build.0 = Release|Any CPU
		{3AC2C500-E704-4B53-BD8B-2B0F258F18CB}.AppStore|iPhoneSimulator.Deploy.0 = Release|Any CPU
		{3AC2C500-E704-4B53-BD8B-2B0F258F18CB}.AppStore|x64.ActiveCfg = Release|Any CPU
		{3AC2C500-E704-4B53-BD8B-2B0F258F18CB}.AppStore|x64.Build.0 = Release|Any CPU
		{3AC2C500-E704-4B53-BD8B-2B0F258F18CB}.AppStore|x64.Deploy.0 = Release|Any CPU
		{3AC2C500-E704-4B53-BD8B-2B0F258F18CB}.AppStore|x86.ActiveCfg = Release|x86
		{3AC2C500-E704-4B53-BD8B-2B0F258F18CB}.AppStore|x86.Build.0 = Release|x86
		{3AC2C500-E704-4B53-BD8B-2B0F258F18CB}.AppStore|x86.Deploy.0 = Release|x86
		{3AC2C500-E704-4B53-BD8B-2B0F258F18CB}.Debug|Any CPU.ActiveCfg = Debug|Any CPU
		{3AC2C500-E704-4B53-BD8B-2B0F258F18CB}.Debug|Any CPU.Build.0 = Debug|Any CPU
		{3AC2C500-E704-4B53-BD8B-2B0F258F18CB}.Debug|Any CPU.Deploy.0 = Debug|Any CPU
		{3AC2C500-E704-4B53-BD8B-2B0F258F18CB}.Debug|ARM.ActiveCfg = Debug|ARM
		{3AC2C500-E704-4B53-BD8B-2B0F258F18CB}.Debug|ARM.Build.0 = Debug|ARM
		{3AC2C500-E704-4B53-BD8B-2B0F258F18CB}.Debug|ARM.Deploy.0 = Debug|ARM
		{3AC2C500-E704-4B53-BD8B-2B0F258F18CB}.Debug|iPhone.ActiveCfg = Debug|Any CPU
		{3AC2C500-E704-4B53-BD8B-2B0F258F18CB}.Debug|iPhone.Build.0 = Debug|Any CPU
		{3AC2C500-E704-4B53-BD8B-2B0F258F18CB}.Debug|iPhone.Deploy.0 = Debug|Any CPU
		{3AC2C500-E704-4B53-BD8B-2B0F258F18CB}.Debug|iPhoneSimulator.ActiveCfg = Debug|Any CPU
		{3AC2C500-E704-4B53-BD8B-2B0F258F18CB}.Debug|iPhoneSimulator.Build.0 = Debug|Any CPU
		{3AC2C500-E704-4B53-BD8B-2B0F258F18CB}.Debug|iPhoneSimulator.Deploy.0 = Debug|Any CPU
		{3AC2C500-E704-4B53-BD8B-2B0F258F18CB}.Debug|x64.ActiveCfg = Debug|Any CPU
		{3AC2C500-E704-4B53-BD8B-2B0F258F18CB}.Debug|x64.Build.0 = Debug|Any CPU
		{3AC2C500-E704-4B53-BD8B-2B0F258F18CB}.Debug|x64.Deploy.0 = Debug|Any CPU
		{3AC2C500-E704-4B53-BD8B-2B0F258F18CB}.Debug|x86.ActiveCfg = Debug|x86
		{3AC2C500-E704-4B53-BD8B-2B0F258F18CB}.Debug|x86.Build.0 = Debug|x86
		{3AC2C500-E704-4B53-BD8B-2B0F258F18CB}.Debug|x86.Deploy.0 = Debug|x86
		{3AC2C500-E704-4B53-BD8B-2B0F258F18CB}.Release|Any CPU.ActiveCfg = Release|Any CPU
		{3AC2C500-E704-4B53-BD8B-2B0F258F18CB}.Release|Any CPU.Build.0 = Release|Any CPU
		{3AC2C500-E704-4B53-BD8B-2B0F258F18CB}.Release|Any CPU.Deploy.0 = Release|Any CPU
		{3AC2C500-E704-4B53-BD8B-2B0F258F18CB}.Release|ARM.ActiveCfg = Release|ARM
		{3AC2C500-E704-4B53-BD8B-2B0F258F18CB}.Release|ARM.Build.0 = Release|ARM
		{3AC2C500-E704-4B53-BD8B-2B0F258F18CB}.Release|ARM.Deploy.0 = Release|ARM
		{3AC2C500-E704-4B53-BD8B-2B0F258F18CB}.Release|iPhone.ActiveCfg = Release|Any CPU
		{3AC2C500-E704-4B53-BD8B-2B0F258F18CB}.Release|iPhone.Build.0 = Release|Any CPU
		{3AC2C500-E704-4B53-BD8B-2B0F258F18CB}.Release|iPhone.Deploy.0 = Release|Any CPU
		{3AC2C500-E704-4B53-BD8B-2B0F258F18CB}.Release|iPhoneSimulator.ActiveCfg = Release|Any CPU
		{3AC2C500-E704-4B53-BD8B-2B0F258F18CB}.Release|iPhoneSimulator.Build.0 = Release|Any CPU
		{3AC2C500-E704-4B53-BD8B-2B0F258F18CB}.Release|iPhoneSimulator.Deploy.0 = Release|Any CPU
		{3AC2C500-E704-4B53-BD8B-2B0F258F18CB}.Release|x64.ActiveCfg = Release|Any CPU
		{3AC2C500-E704-4B53-BD8B-2B0F258F18CB}.Release|x64.Build.0 = Release|Any CPU
		{3AC2C500-E704-4B53-BD8B-2B0F258F18CB}.Release|x64.Deploy.0 = Release|Any CPU
		{3AC2C500-E704-4B53-BD8B-2B0F258F18CB}.Release|x86.ActiveCfg = Release|x86
		{3AC2C500-E704-4B53-BD8B-2B0F258F18CB}.Release|x86.Build.0 = Release|x86
		{3AC2C500-E704-4B53-BD8B-2B0F258F18CB}.Release|x86.Deploy.0 = Release|x86
		{E9023CFA-0EC8-44DE-B8F7-BB84F1512F02}.Ad-Hoc|Any CPU.ActiveCfg = Release|x86
		{E9023CFA-0EC8-44DE-B8F7-BB84F1512F02}.Ad-Hoc|Any CPU.Build.0 = Release|x86
		{E9023CFA-0EC8-44DE-B8F7-BB84F1512F02}.Ad-Hoc|Any CPU.Deploy.0 = Release|x86
		{E9023CFA-0EC8-44DE-B8F7-BB84F1512F02}.Ad-Hoc|ARM.ActiveCfg = Release|ARM
		{E9023CFA-0EC8-44DE-B8F7-BB84F1512F02}.Ad-Hoc|ARM.Build.0 = Release|ARM
		{E9023CFA-0EC8-44DE-B8F7-BB84F1512F02}.Ad-Hoc|ARM.Deploy.0 = Release|ARM
		{E9023CFA-0EC8-44DE-B8F7-BB84F1512F02}.Ad-Hoc|iPhone.ActiveCfg = Release|x86
		{E9023CFA-0EC8-44DE-B8F7-BB84F1512F02}.Ad-Hoc|iPhone.Build.0 = Release|x86
		{E9023CFA-0EC8-44DE-B8F7-BB84F1512F02}.Ad-Hoc|iPhone.Deploy.0 = Release|x86
		{E9023CFA-0EC8-44DE-B8F7-BB84F1512F02}.Ad-Hoc|iPhoneSimulator.ActiveCfg = Release|x86
		{E9023CFA-0EC8-44DE-B8F7-BB84F1512F02}.Ad-Hoc|iPhoneSimulator.Build.0 = Release|x86
		{E9023CFA-0EC8-44DE-B8F7-BB84F1512F02}.Ad-Hoc|iPhoneSimulator.Deploy.0 = Release|x86
		{E9023CFA-0EC8-44DE-B8F7-BB84F1512F02}.Ad-Hoc|x64.ActiveCfg = Release|x64
		{E9023CFA-0EC8-44DE-B8F7-BB84F1512F02}.Ad-Hoc|x64.Build.0 = Release|x64
		{E9023CFA-0EC8-44DE-B8F7-BB84F1512F02}.Ad-Hoc|x64.Deploy.0 = Release|x64
		{E9023CFA-0EC8-44DE-B8F7-BB84F1512F02}.Ad-Hoc|x86.ActiveCfg = Release|x86
		{E9023CFA-0EC8-44DE-B8F7-BB84F1512F02}.Ad-Hoc|x86.Build.0 = Release|x86
		{E9023CFA-0EC8-44DE-B8F7-BB84F1512F02}.Ad-Hoc|x86.Deploy.0 = Release|x86
		{E9023CFA-0EC8-44DE-B8F7-BB84F1512F02}.AppStore|Any CPU.ActiveCfg = Release|x86
		{E9023CFA-0EC8-44DE-B8F7-BB84F1512F02}.AppStore|Any CPU.Build.0 = Release|x86
		{E9023CFA-0EC8-44DE-B8F7-BB84F1512F02}.AppStore|Any CPU.Deploy.0 = Release|x86
		{E9023CFA-0EC8-44DE-B8F7-BB84F1512F02}.AppStore|ARM.ActiveCfg = Release|ARM
		{E9023CFA-0EC8-44DE-B8F7-BB84F1512F02}.AppStore|ARM.Build.0 = Release|ARM
		{E9023CFA-0EC8-44DE-B8F7-BB84F1512F02}.AppStore|ARM.Deploy.0 = Release|ARM
		{E9023CFA-0EC8-44DE-B8F7-BB84F1512F02}.AppStore|iPhone.ActiveCfg = Release|x86
		{E9023CFA-0EC8-44DE-B8F7-BB84F1512F02}.AppStore|iPhone.Build.0 = Release|x86
		{E9023CFA-0EC8-44DE-B8F7-BB84F1512F02}.AppStore|iPhone.Deploy.0 = Release|x86
		{E9023CFA-0EC8-44DE-B8F7-BB84F1512F02}.AppStore|iPhoneSimulator.ActiveCfg = Release|x86
		{E9023CFA-0EC8-44DE-B8F7-BB84F1512F02}.AppStore|iPhoneSimulator.Build.0 = Release|x86
		{E9023CFA-0EC8-44DE-B8F7-BB84F1512F02}.AppStore|iPhoneSimulator.Deploy.0 = Release|x86
		{E9023CFA-0EC8-44DE-B8F7-BB84F1512F02}.AppStore|x64.ActiveCfg = Release|x64
		{E9023CFA-0EC8-44DE-B8F7-BB84F1512F02}.AppStore|x64.Build.0 = Release|x64
		{E9023CFA-0EC8-44DE-B8F7-BB84F1512F02}.AppStore|x64.Deploy.0 = Release|x64
		{E9023CFA-0EC8-44DE-B8F7-BB84F1512F02}.AppStore|x86.ActiveCfg = Release|x86
		{E9023CFA-0EC8-44DE-B8F7-BB84F1512F02}.AppStore|x86.Build.0 = Release|x86
		{E9023CFA-0EC8-44DE-B8F7-BB84F1512F02}.AppStore|x86.Deploy.0 = Release|x86
		{E9023CFA-0EC8-44DE-B8F7-BB84F1512F02}.Debug|Any CPU.ActiveCfg = Debug|x86
		{E9023CFA-0EC8-44DE-B8F7-BB84F1512F02}.Debug|ARM.ActiveCfg = Debug|ARM
		{E9023CFA-0EC8-44DE-B8F7-BB84F1512F02}.Debug|ARM.Build.0 = Debug|ARM
		{E9023CFA-0EC8-44DE-B8F7-BB84F1512F02}.Debug|ARM.Deploy.0 = Debug|ARM
		{E9023CFA-0EC8-44DE-B8F7-BB84F1512F02}.Debug|iPhone.ActiveCfg = Debug|x86
		{E9023CFA-0EC8-44DE-B8F7-BB84F1512F02}.Debug|iPhoneSimulator.ActiveCfg = Debug|x86
		{E9023CFA-0EC8-44DE-B8F7-BB84F1512F02}.Debug|x64.ActiveCfg = Debug|x64
		{E9023CFA-0EC8-44DE-B8F7-BB84F1512F02}.Debug|x64.Build.0 = Debug|x64
		{E9023CFA-0EC8-44DE-B8F7-BB84F1512F02}.Debug|x64.Deploy.0 = Debug|x64
		{E9023CFA-0EC8-44DE-B8F7-BB84F1512F02}.Debug|x86.ActiveCfg = Debug|x86
		{E9023CFA-0EC8-44DE-B8F7-BB84F1512F02}.Debug|x86.Build.0 = Debug|x86
		{E9023CFA-0EC8-44DE-B8F7-BB84F1512F02}.Debug|x86.Deploy.0 = Debug|x86
		{E9023CFA-0EC8-44DE-B8F7-BB84F1512F02}.Release|Any CPU.ActiveCfg = Release|x86
		{E9023CFA-0EC8-44DE-B8F7-BB84F1512F02}.Release|ARM.ActiveCfg = Release|ARM
		{E9023CFA-0EC8-44DE-B8F7-BB84F1512F02}.Release|ARM.Build.0 = Release|ARM
		{E9023CFA-0EC8-44DE-B8F7-BB84F1512F02}.Release|ARM.Deploy.0 = Release|ARM
		{E9023CFA-0EC8-44DE-B8F7-BB84F1512F02}.Release|iPhone.ActiveCfg = Release|x86
		{E9023CFA-0EC8-44DE-B8F7-BB84F1512F02}.Release|iPhoneSimulator.ActiveCfg = Release|x86
		{E9023CFA-0EC8-44DE-B8F7-BB84F1512F02}.Release|x64.ActiveCfg = Release|x64
		{E9023CFA-0EC8-44DE-B8F7-BB84F1512F02}.Release|x64.Build.0 = Release|x64
		{E9023CFA-0EC8-44DE-B8F7-BB84F1512F02}.Release|x64.Deploy.0 = Release|x64
		{E9023CFA-0EC8-44DE-B8F7-BB84F1512F02}.Release|x86.ActiveCfg = Release|x86
		{E9023CFA-0EC8-44DE-B8F7-BB84F1512F02}.Release|x86.Build.0 = Release|x86
		{E9023CFA-0EC8-44DE-B8F7-BB84F1512F02}.Release|x86.Deploy.0 = Release|x86
		{8291A7A0-6733-402D-836F-D73834165CA2}.Ad-Hoc|Any CPU.ActiveCfg = Release|Any CPU
		{8291A7A0-6733-402D-836F-D73834165CA2}.Ad-Hoc|Any CPU.Build.0 = Release|Any CPU
		{8291A7A0-6733-402D-836F-D73834165CA2}.Ad-Hoc|Any CPU.Deploy.0 = Release|Any CPU
		{8291A7A0-6733-402D-836F-D73834165CA2}.Ad-Hoc|ARM.ActiveCfg = Release|ARM
		{8291A7A0-6733-402D-836F-D73834165CA2}.Ad-Hoc|ARM.Build.0 = Release|ARM
		{8291A7A0-6733-402D-836F-D73834165CA2}.Ad-Hoc|ARM.Deploy.0 = Release|ARM
		{8291A7A0-6733-402D-836F-D73834165CA2}.Ad-Hoc|iPhone.ActiveCfg = Release|Any CPU
		{8291A7A0-6733-402D-836F-D73834165CA2}.Ad-Hoc|iPhone.Build.0 = Release|Any CPU
		{8291A7A0-6733-402D-836F-D73834165CA2}.Ad-Hoc|iPhone.Deploy.0 = Release|Any CPU
		{8291A7A0-6733-402D-836F-D73834165CA2}.Ad-Hoc|iPhoneSimulator.ActiveCfg = Release|Any CPU
		{8291A7A0-6733-402D-836F-D73834165CA2}.Ad-Hoc|iPhoneSimulator.Build.0 = Release|Any CPU
		{8291A7A0-6733-402D-836F-D73834165CA2}.Ad-Hoc|iPhoneSimulator.Deploy.0 = Release|Any CPU
		{8291A7A0-6733-402D-836F-D73834165CA2}.Ad-Hoc|x64.ActiveCfg = Release|x64
		{8291A7A0-6733-402D-836F-D73834165CA2}.Ad-Hoc|x64.Build.0 = Release|x64
		{8291A7A0-6733-402D-836F-D73834165CA2}.Ad-Hoc|x64.Deploy.0 = Release|x64
		{8291A7A0-6733-402D-836F-D73834165CA2}.Ad-Hoc|x86.ActiveCfg = Release|x86
		{8291A7A0-6733-402D-836F-D73834165CA2}.Ad-Hoc|x86.Build.0 = Release|x86
		{8291A7A0-6733-402D-836F-D73834165CA2}.Ad-Hoc|x86.Deploy.0 = Release|x86
		{8291A7A0-6733-402D-836F-D73834165CA2}.AppStore|Any CPU.ActiveCfg = Release|Any CPU
		{8291A7A0-6733-402D-836F-D73834165CA2}.AppStore|Any CPU.Build.0 = Release|Any CPU
		{8291A7A0-6733-402D-836F-D73834165CA2}.AppStore|Any CPU.Deploy.0 = Release|Any CPU
		{8291A7A0-6733-402D-836F-D73834165CA2}.AppStore|ARM.ActiveCfg = Release|ARM
		{8291A7A0-6733-402D-836F-D73834165CA2}.AppStore|ARM.Build.0 = Release|ARM
		{8291A7A0-6733-402D-836F-D73834165CA2}.AppStore|ARM.Deploy.0 = Release|ARM
		{8291A7A0-6733-402D-836F-D73834165CA2}.AppStore|iPhone.ActiveCfg = Release|Any CPU
		{8291A7A0-6733-402D-836F-D73834165CA2}.AppStore|iPhone.Build.0 = Release|Any CPU
		{8291A7A0-6733-402D-836F-D73834165CA2}.AppStore|iPhone.Deploy.0 = Release|Any CPU
		{8291A7A0-6733-402D-836F-D73834165CA2}.AppStore|iPhoneSimulator.ActiveCfg = Release|Any CPU
		{8291A7A0-6733-402D-836F-D73834165CA2}.AppStore|iPhoneSimulator.Build.0 = Release|Any CPU
		{8291A7A0-6733-402D-836F-D73834165CA2}.AppStore|iPhoneSimulator.Deploy.0 = Release|Any CPU
		{8291A7A0-6733-402D-836F-D73834165CA2}.AppStore|x64.ActiveCfg = Release|x64
		{8291A7A0-6733-402D-836F-D73834165CA2}.AppStore|x64.Build.0 = Release|x64
		{8291A7A0-6733-402D-836F-D73834165CA2}.AppStore|x64.Deploy.0 = Release|x64
		{8291A7A0-6733-402D-836F-D73834165CA2}.AppStore|x86.ActiveCfg = Release|x86
		{8291A7A0-6733-402D-836F-D73834165CA2}.AppStore|x86.Build.0 = Release|x86
		{8291A7A0-6733-402D-836F-D73834165CA2}.AppStore|x86.Deploy.0 = Release|x86
		{8291A7A0-6733-402D-836F-D73834165CA2}.Debug|Any CPU.ActiveCfg = Debug|Any CPU
		{8291A7A0-6733-402D-836F-D73834165CA2}.Debug|Any CPU.Build.0 = Debug|Any CPU
		{8291A7A0-6733-402D-836F-D73834165CA2}.Debug|Any CPU.Deploy.0 = Debug|Any CPU
		{8291A7A0-6733-402D-836F-D73834165CA2}.Debug|ARM.ActiveCfg = Debug|ARM
		{8291A7A0-6733-402D-836F-D73834165CA2}.Debug|ARM.Build.0 = Debug|ARM
		{8291A7A0-6733-402D-836F-D73834165CA2}.Debug|ARM.Deploy.0 = Debug|ARM
		{8291A7A0-6733-402D-836F-D73834165CA2}.Debug|iPhone.ActiveCfg = Debug|Any CPU
		{8291A7A0-6733-402D-836F-D73834165CA2}.Debug|iPhone.Build.0 = Debug|Any CPU
		{8291A7A0-6733-402D-836F-D73834165CA2}.Debug|iPhone.Deploy.0 = Debug|Any CPU
		{8291A7A0-6733-402D-836F-D73834165CA2}.Debug|iPhoneSimulator.ActiveCfg = Debug|Any CPU
		{8291A7A0-6733-402D-836F-D73834165CA2}.Debug|iPhoneSimulator.Build.0 = Debug|Any CPU
		{8291A7A0-6733-402D-836F-D73834165CA2}.Debug|iPhoneSimulator.Deploy.0 = Debug|Any CPU
		{8291A7A0-6733-402D-836F-D73834165CA2}.Debug|x64.ActiveCfg = Debug|x64
		{8291A7A0-6733-402D-836F-D73834165CA2}.Debug|x64.Build.0 = Debug|x64
		{8291A7A0-6733-402D-836F-D73834165CA2}.Debug|x64.Deploy.0 = Debug|x64
		{8291A7A0-6733-402D-836F-D73834165CA2}.Debug|x86.ActiveCfg = Debug|x86
		{8291A7A0-6733-402D-836F-D73834165CA2}.Debug|x86.Build.0 = Debug|x86
		{8291A7A0-6733-402D-836F-D73834165CA2}.Debug|x86.Deploy.0 = Debug|x86
		{8291A7A0-6733-402D-836F-D73834165CA2}.Release|Any CPU.ActiveCfg = Release|Any CPU
		{8291A7A0-6733-402D-836F-D73834165CA2}.Release|Any CPU.Build.0 = Release|Any CPU
		{8291A7A0-6733-402D-836F-D73834165CA2}.Release|Any CPU.Deploy.0 = Release|Any CPU
		{8291A7A0-6733-402D-836F-D73834165CA2}.Release|ARM.ActiveCfg = Release|ARM
		{8291A7A0-6733-402D-836F-D73834165CA2}.Release|ARM.Build.0 = Release|ARM
		{8291A7A0-6733-402D-836F-D73834165CA2}.Release|ARM.Deploy.0 = Release|ARM
		{8291A7A0-6733-402D-836F-D73834165CA2}.Release|iPhone.ActiveCfg = Release|Any CPU
		{8291A7A0-6733-402D-836F-D73834165CA2}.Release|iPhone.Build.0 = Release|Any CPU
		{8291A7A0-6733-402D-836F-D73834165CA2}.Release|iPhone.Deploy.0 = Release|Any CPU
		{8291A7A0-6733-402D-836F-D73834165CA2}.Release|iPhoneSimulator.ActiveCfg = Release|Any CPU
		{8291A7A0-6733-402D-836F-D73834165CA2}.Release|iPhoneSimulator.Build.0 = Release|Any CPU
		{8291A7A0-6733-402D-836F-D73834165CA2}.Release|iPhoneSimulator.Deploy.0 = Release|Any CPU
		{8291A7A0-6733-402D-836F-D73834165CA2}.Release|x64.ActiveCfg = Release|x64
		{8291A7A0-6733-402D-836F-D73834165CA2}.Release|x64.Build.0 = Release|x64
		{8291A7A0-6733-402D-836F-D73834165CA2}.Release|x64.Deploy.0 = Release|x64
		{8291A7A0-6733-402D-836F-D73834165CA2}.Release|x86.ActiveCfg = Release|x86
		{8291A7A0-6733-402D-836F-D73834165CA2}.Release|x86.Build.0 = Release|x86
		{8291A7A0-6733-402D-836F-D73834165CA2}.Release|x86.Deploy.0 = Release|x86
	EndGlobalSection
	GlobalSection(SolutionProperties) = preSolution
		HideSolutionNode = FALSE
	EndGlobalSection
EndGlobal
