
Microsoft Visual Studio Solution File, Format Version 12.00
# Visual Studio 14
VisualStudioVersion = 14.0.25420.1
MinimumVisualStudioVersion = 10.0.40219.1
Project("{D954291E-2A0B-460D-934E-DC6B0785DB48}") = "Xamarin.Forms", "Xamarin.Forms\Xamarin.Forms\Xamarin.Forms.shproj", "{94F96C5D-CB5E-4BFD-843A-FDBF31CA77EB}"
EndProject
Project("{FAE04EC0-301F-11D3-BF4B-00C04F79EFBC}") = "Xamarin.Forms.Droid", "Xamarin.Forms\Xamarin.Forms.Droid\Xamarin.Forms.Droid.csproj", "{4F566EEC-3974-40EE-9C26-DA2AB330B3AF}"
EndProject
Project("{FAE04EC0-301F-11D3-BF4B-00C04F79EFBC}") = "Xamarin.Forms.iOS", "Xamarin.Forms\Xamarin.Forms.iOS\Xamarin.Forms.iOS.csproj", "{B498B4F0-572A-4B54-83D4-7783DDEDB157}"
EndProject
Project("{FAE04EC0-301F-11D3-BF4B-00C04F79EFBC}") = "Xamarin.Forms.WinPhone", "Xamarin.Forms\Xamarin.Forms.WinPhone\Xamarin.Forms.WinPhone.csproj", "{D7FD1D5B-FA6E-4E7F-89DD-864F58B3D18D}"
EndProject
Project("{FAE04EC0-301F-11D3-BF4B-00C04F79EFBC}") = "Xamarin.Forms.UWP", "Xamarin.Forms\Xamarin.Forms.UWP\Xamarin.Forms.UWP.csproj", "{F9D07408-C5AB-4268-B498-7E965A312D1A}"
EndProject
Project("{FAE04EC0-301F-11D3-BF4B-00C04F79EFBC}") = "Xamarin.Forms.Windows", "Xamarin.Forms\Xamarin.Forms.Windows\Xamarin.Forms.Windows.csproj", "{2316B053-2A33-4FE9-AF80-6C5BC67FC18D}"
EndProject
Global
	GlobalSection(SharedMSBuildProjectFiles) = preSolution
		Xamarin.Forms\Xamarin.Forms\Xamarin.Forms.projitems*{4f566eec-3974-40ee-9c26-da2ab330b3af}*SharedItemsImports = 4
		Xamarin.Forms\Xamarin.Forms\Xamarin.Forms.projitems*{94f96c5d-cb5e-4bfd-843a-fdbf31ca77eb}*SharedItemsImports = 13
		Xamarin.Forms\Xamarin.Forms\Xamarin.Forms.projitems*{b498b4f0-572a-4b54-83d4-7783ddedb157}*SharedItemsImports = 4
	EndGlobalSection
	GlobalSection(SolutionConfigurationPlatforms) = preSolution
		Ad-Hoc|Any CPU = Ad-Hoc|Any CPU
		Ad-Hoc|ARM = Ad-Hoc|ARM
		Ad-Hoc|iPhone = Ad-Hoc|iPhone
		Ad-Hoc|iPhoneSimulator = Ad-Hoc|iPhoneSimulator
		Ad-Hoc|x64 = Ad-Hoc|x64
		Ad-Hoc|x86 = Ad-Hoc|x86
		AppStore|Any CPU = AppStore|Any CPU
		AppStore|ARM = AppStore|ARM
		AppStore|iPhone = AppStore|iPhone
		AppStore|iPhoneSimulator = AppStore|iPhoneSimulator
		AppStore|x64 = AppStore|x64
		AppStore|x86 = AppStore|x86
		Debug|Any CPU = Debug|Any CPU
		Debug|ARM = Debug|ARM
		Debug|iPhone = Debug|iPhone
		Debug|iPhoneSimulator = Debug|iPhoneSimulator
		Debug|x64 = Debug|x64
		Debug|x86 = Debug|x86
		Release|Any CPU = Release|Any CPU
		Release|ARM = Release|ARM
		Release|iPhone = Release|iPhone
		Release|iPhoneSimulator = Release|iPhoneSimulator
		Release|x64 = Release|x64
		Release|x86 = Release|x86
	EndGlobalSection
	GlobalSection(ProjectConfigurationPlatforms) = postSolution
		{4F566EEC-3974-40EE-9C26-DA2AB330B3AF}.Ad-Hoc|Any CPU.ActiveCfg = Release|Any CPU
		{4F566EEC-3974-40EE-9C26-DA2AB330B3AF}.Ad-Hoc|Any CPU.Build.0 = Release|Any CPU
		{4F566EEC-3974-40EE-9C26-DA2AB330B3AF}.Ad-Hoc|Any CPU.Deploy.0 = Release|Any CPU
		{4F566EEC-3974-40EE-9C26-DA2AB330B3AF}.Ad-Hoc|ARM.ActiveCfg = Release|Any CPU
		{4F566EEC-3974-40EE-9C26-DA2AB330B3AF}.Ad-Hoc|ARM.Build.0 = Release|Any CPU
		{4F566EEC-3974-40EE-9C26-DA2AB330B3AF}.Ad-Hoc|ARM.Deploy.0 = Release|Any CPU
		{4F566EEC-3974-40EE-9C26-DA2AB330B3AF}.Ad-Hoc|iPhone.ActiveCfg = Release|Any CPU
		{4F566EEC-3974-40EE-9C26-DA2AB330B3AF}.Ad-Hoc|iPhone.Build.0 = Release|Any CPU
		{4F566EEC-3974-40EE-9C26-DA2AB330B3AF}.Ad-Hoc|iPhone.Deploy.0 = Release|Any CPU
		{4F566EEC-3974-40EE-9C26-DA2AB330B3AF}.Ad-Hoc|iPhoneSimulator.ActiveCfg = Release|Any CPU
		{4F566EEC-3974-40EE-9C26-DA2AB330B3AF}.Ad-Hoc|iPhoneSimulator.Build.0 = Release|Any CPU
		{4F566EEC-3974-40EE-9C26-DA2AB330B3AF}.Ad-Hoc|iPhoneSimulator.Deploy.0 = Release|Any CPU
		{4F566EEC-3974-40EE-9C26-DA2AB330B3AF}.Ad-Hoc|x64.ActiveCfg = Release|Any CPU
		{4F566EEC-3974-40EE-9C26-DA2AB330B3AF}.Ad-Hoc|x64.Build.0 = Release|Any CPU
		{4F566EEC-3974-40EE-9C26-DA2AB330B3AF}.Ad-Hoc|x64.Deploy.0 = Release|Any CPU
		{4F566EEC-3974-40EE-9C26-DA2AB330B3AF}.Ad-Hoc|x86.ActiveCfg = Release|Any CPU
		{4F566EEC-3974-40EE-9C26-DA2AB330B3AF}.Ad-Hoc|x86.Build.0 = Release|Any CPU
		{4F566EEC-3974-40EE-9C26-DA2AB330B3AF}.Ad-Hoc|x86.Deploy.0 = Release|Any CPU
		{4F566EEC-3974-40EE-9C26-DA2AB330B3AF}.AppStore|Any CPU.ActiveCfg = Release|Any CPU
		{4F566EEC-3974-40EE-9C26-DA2AB330B3AF}.AppStore|Any CPU.Build.0 = Release|Any CPU
		{4F566EEC-3974-40EE-9C26-DA2AB330B3AF}.AppStore|Any CPU.Deploy.0 = Release|Any CPU
		{4F566EEC-3974-40EE-9C26-DA2AB330B3AF}.AppStore|ARM.ActiveCfg = Release|Any CPU
		{4F566EEC-3974-40EE-9C26-DA2AB330B3AF}.AppStore|ARM.Build.0 = Release|Any CPU
		{4F566EEC-3974-40EE-9C26-DA2AB330B3AF}.AppStore|ARM.Deploy.0 = Release|Any CPU
		{4F566EEC-3974-40EE-9C26-DA2AB330B3AF}.AppStore|iPhone.ActiveCfg = Release|Any CPU
		{4F566EEC-3974-40EE-9C26-DA2AB330B3AF}.AppStore|iPhone.Build.0 = Release|Any CPU
		{4F566EEC-3974-40EE-9C26-DA2AB330B3AF}.AppStore|iPhone.Deploy.0 = Release|Any CPU
		{4F566EEC-3974-40EE-9C26-DA2AB330B3AF}.AppStore|iPhoneSimulator.ActiveCfg = Release|Any CPU
		{4F566EEC-3974-40EE-9C26-DA2AB330B3AF}.AppStore|iPhoneSimulator.Build.0 = Release|Any CPU
		{4F566EEC-3974-40EE-9C26-DA2AB330B3AF}.AppStore|iPhoneSimulator.Deploy.0 = Release|Any CPU
		{4F566EEC-3974-40EE-9C26-DA2AB330B3AF}.AppStore|x64.ActiveCfg = Release|Any CPU
		{4F566EEC-3974-40EE-9C26-DA2AB330B3AF}.AppStore|x64.Build.0 = Release|Any CPU
		{4F566EEC-3974-40EE-9C26-DA2AB330B3AF}.AppStore|x64.Deploy.0 = Release|Any CPU
		{4F566EEC-3974-40EE-9C26-DA2AB330B3AF}.AppStore|x86.ActiveCfg = Release|Any CPU
		{4F566EEC-3974-40EE-9C26-DA2AB330B3AF}.AppStore|x86.Build.0 = Release|Any CPU
		{4F566EEC-3974-40EE-9C26-DA2AB330B3AF}.AppStore|x86.Deploy.0 = Release|Any CPU
		{4F566EEC-3974-40EE-9C26-DA2AB330B3AF}.Debug|Any CPU.ActiveCfg = Debug|Any CPU
		{4F566EEC-3974-40EE-9C26-DA2AB330B3AF}.Debug|Any CPU.Build.0 = Debug|Any CPU
		{4F566EEC-3974-40EE-9C26-DA2AB330B3AF}.Debug|Any CPU.Deploy.0 = Debug|Any CPU
		{4F566EEC-3974-40EE-9C26-DA2AB330B3AF}.Debug|ARM.ActiveCfg = Debug|Any CPU
		{4F566EEC-3974-40EE-9C26-DA2AB330B3AF}.Debug|ARM.Build.0 = Debug|Any CPU
		{4F566EEC-3974-40EE-9C26-DA2AB330B3AF}.Debug|ARM.Deploy.0 = Debug|Any CPU
		{4F566EEC-3974-40EE-9C26-DA2AB330B3AF}.Debug|iPhone.ActiveCfg = Debug|Any CPU
		{4F566EEC-3974-40EE-9C26-DA2AB330B3AF}.Debug|iPhone.Build.0 = Debug|Any CPU
		{4F566EEC-3974-40EE-9C26-DA2AB330B3AF}.Debug|iPhone.Deploy.0 = Debug|Any CPU
		{4F566EEC-3974-40EE-9C26-DA2AB330B3AF}.Debug|iPhoneSimulator.ActiveCfg = Debug|Any CPU
		{4F566EEC-3974-40EE-9C26-DA2AB330B3AF}.Debug|iPhoneSimulator.Build.0 = Debug|Any CPU
		{4F566EEC-3974-40EE-9C26-DA2AB330B3AF}.Debug|iPhoneSimulator.Deploy.0 = Debug|Any CPU
		{4F566EEC-3974-40EE-9C26-DA2AB330B3AF}.Debug|x64.ActiveCfg = Debug|Any CPU
		{4F566EEC-3974-40EE-9C26-DA2AB330B3AF}.Debug|x64.Build.0 = Debug|Any CPU
		{4F566EEC-3974-40EE-9C26-DA2AB330B3AF}.Debug|x64.Deploy.0 = Debug|Any CPU
		{4F566EEC-3974-40EE-9C26-DA2AB330B3AF}.Debug|x86.ActiveCfg = Debug|Any CPU
		{4F566EEC-3974-40EE-9C26-DA2AB330B3AF}.Debug|x86.Build.0 = Debug|Any CPU
		{4F566EEC-3974-40EE-9C26-DA2AB330B3AF}.Debug|x86.Deploy.0 = Debug|Any CPU
		{4F566EEC-3974-40EE-9C26-DA2AB330B3AF}.Release|Any CPU.ActiveCfg = Release|Any CPU
		{4F566EEC-3974-40EE-9C26-DA2AB330B3AF}.Release|Any CPU.Build.0 = Release|Any CPU
		{4F566EEC-3974-40EE-9C26-DA2AB330B3AF}.Release|Any CPU.Deploy.0 = Release|Any CPU
		{4F566EEC-3974-40EE-9C26-DA2AB330B3AF}.Release|ARM.ActiveCfg = Release|Any CPU
		{4F566EEC-3974-40EE-9C26-DA2AB330B3AF}.Release|ARM.Build.0 = Release|Any CPU
		{4F566EEC-3974-40EE-9C26-DA2AB330B3AF}.Release|ARM.Deploy.0 = Release|Any CPU
		{4F566EEC-3974-40EE-9C26-DA2AB330B3AF}.Release|iPhone.ActiveCfg = Release|Any CPU
		{4F566EEC-3974-40EE-9C26-DA2AB330B3AF}.Release|iPhone.Build.0 = Release|Any CPU
		{4F566EEC-3974-40EE-9C26-DA2AB330B3AF}.Release|iPhone.Deploy.0 = Release|Any CPU
		{4F566EEC-3974-40EE-9C26-DA2AB330B3AF}.Release|iPhoneSimulator.ActiveCfg = Release|Any CPU
		{4F566EEC-3974-40EE-9C26-DA2AB330B3AF}.Release|iPhoneSimulator.Build.0 = Release|Any CPU
		{4F566EEC-3974-40EE-9C26-DA2AB330B3AF}.Release|iPhoneSimulator.Deploy.0 = Release|Any CPU
		{4F566EEC-3974-40EE-9C26-DA2AB330B3AF}.Release|x64.ActiveCfg = Release|Any CPU
		{4F566EEC-3974-40EE-9C26-DA2AB330B3AF}.Release|x64.Build.0 = Release|Any CPU
		{4F566EEC-3974-40EE-9C26-DA2AB330B3AF}.Release|x64.Deploy.0 = Release|Any CPU
		{4F566EEC-3974-40EE-9C26-DA2AB330B3AF}.Release|x86.ActiveCfg = Release|Any CPU
		{4F566EEC-3974-40EE-9C26-DA2AB330B3AF}.Release|x86.Build.0 = Release|Any CPU
		{4F566EEC-3974-40EE-9C26-DA2AB330B3AF}.Release|x86.Deploy.0 = Release|Any CPU
		{B498B4F0-572A-4B54-83D4-7783DDEDB157}.Ad-Hoc|Any CPU.ActiveCfg = Ad-Hoc|iPhone
		{B498B4F0-572A-4B54-83D4-7783DDEDB157}.Ad-Hoc|ARM.ActiveCfg = Ad-Hoc|iPhone
		{B498B4F0-572A-4B54-83D4-7783DDEDB157}.Ad-Hoc|iPhone.ActiveCfg = Ad-Hoc|iPhone
		{B498B4F0-572A-4B54-83D4-7783DDEDB157}.Ad-Hoc|iPhone.Build.0 = Ad-Hoc|iPhone
		{B498B4F0-572A-4B54-83D4-7783DDEDB157}.Ad-Hoc|iPhoneSimulator.ActiveCfg = Ad-Hoc|iPhoneSimulator
		{B498B4F0-572A-4B54-83D4-7783DDEDB157}.Ad-Hoc|iPhoneSimulator.Build.0 = Ad-Hoc|iPhoneSimulator
		{B498B4F0-572A-4B54-83D4-7783DDEDB157}.Ad-Hoc|x64.ActiveCfg = Ad-Hoc|iPhone
		{B498B4F0-572A-4B54-83D4-7783DDEDB157}.Ad-Hoc|x86.ActiveCfg = Ad-Hoc|iPhone
		{B498B4F0-572A-4B54-83D4-7783DDEDB157}.AppStore|Any CPU.ActiveCfg = AppStore|iPhone
		{B498B4F0-572A-4B54-83D4-7783DDEDB157}.AppStore|ARM.ActiveCfg = AppStore|iPhone
		{B498B4F0-572A-4B54-83D4-7783DDEDB157}.AppStore|iPhone.ActiveCfg = AppStore|iPhone
		{B498B4F0-572A-4B54-83D4-7783DDEDB157}.AppStore|iPhone.Build.0 = AppStore|iPhone
		{B498B4F0-572A-4B54-83D4-7783DDEDB157}.AppStore|iPhoneSimulator.ActiveCfg = AppStore|iPhoneSimulator
		{B498B4F0-572A-4B54-83D4-7783DDEDB157}.AppStore|iPhoneSimulator.Build.0 = AppStore|iPhoneSimulator
		{B498B4F0-572A-4B54-83D4-7783DDEDB157}.AppStore|x64.ActiveCfg = AppStore|iPhone
		{B498B4F0-572A-4B54-83D4-7783DDEDB157}.AppStore|x86.ActiveCfg = AppStore|iPhone
		{B498B4F0-572A-4B54-83D4-7783DDEDB157}.Debug|Any CPU.ActiveCfg = Debug|iPhone
		{B498B4F0-572A-4B54-83D4-7783DDEDB157}.Debug|ARM.ActiveCfg = Debug|iPhone
		{B498B4F0-572A-4B54-83D4-7783DDEDB157}.Debug|iPhone.ActiveCfg = Debug|iPhone
		{B498B4F0-572A-4B54-83D4-7783DDEDB157}.Debug|iPhone.Build.0 = Debug|iPhone
		{B498B4F0-572A-4B54-83D4-7783DDEDB157}.Debug|iPhoneSimulator.ActiveCfg = Debug|iPhoneSimulator
		{B498B4F0-572A-4B54-83D4-7783DDEDB157}.Debug|iPhoneSimulator.Build.0 = Debug|iPhoneSimulator
		{B498B4F0-572A-4B54-83D4-7783DDEDB157}.Debug|x64.ActiveCfg = Debug|iPhone
		{B498B4F0-572A-4B54-83D4-7783DDEDB157}.Debug|x86.ActiveCfg = Debug|iPhone
		{B498B4F0-572A-4B54-83D4-7783DDEDB157}.Release|Any CPU.ActiveCfg = Release|iPhone
		{B498B4F0-572A-4B54-83D4-7783DDEDB157}.Release|ARM.ActiveCfg = Release|iPhone
		{B498B4F0-572A-4B54-83D4-7783DDEDB157}.Release|iPhone.ActiveCfg = Release|iPhone
		{B498B4F0-572A-4B54-83D4-7783DDEDB157}.Release|iPhone.Build.0 = Release|iPhone
		{B498B4F0-572A-4B54-83D4-7783DDEDB157}.Release|iPhoneSimulator.ActiveCfg = Release|iPhoneSimulator
		{B498B4F0-572A-4B54-83D4-7783DDEDB157}.Release|iPhoneSimulator.Build.0 = Release|iPhoneSimulator
		{B498B4F0-572A-4B54-83D4-7783DDEDB157}.Release|x64.ActiveCfg = Release|iPhone
		{B498B4F0-572A-4B54-83D4-7783DDEDB157}.Release|x86.ActiveCfg = Release|iPhone
		{D7FD1D5B-FA6E-4E7F-89DD-864F58B3D18D}.Ad-Hoc|Any CPU.ActiveCfg = Release|Any CPU
		{D7FD1D5B-FA6E-4E7F-89DD-864F58B3D18D}.Ad-Hoc|Any CPU.Build.0 = Release|Any CPU
		{D7FD1D5B-FA6E-4E7F-89DD-864F58B3D18D}.Ad-Hoc|Any CPU.Deploy.0 = Release|Any CPU
		{D7FD1D5B-FA6E-4E7F-89DD-864F58B3D18D}.Ad-Hoc|ARM.ActiveCfg = Release|ARM
		{D7FD1D5B-FA6E-4E7F-89DD-864F58B3D18D}.Ad-Hoc|ARM.Build.0 = Release|ARM
		{D7FD1D5B-FA6E-4E7F-89DD-864F58B3D18D}.Ad-Hoc|ARM.Deploy.0 = Release|ARM
		{D7FD1D5B-FA6E-4E7F-89DD-864F58B3D18D}.Ad-Hoc|iPhone.ActiveCfg = Release|Any CPU
		{D7FD1D5B-FA6E-4E7F-89DD-864F58B3D18D}.Ad-Hoc|iPhone.Build.0 = Release|Any CPU
		{D7FD1D5B-FA6E-4E7F-89DD-864F58B3D18D}.Ad-Hoc|iPhone.Deploy.0 = Release|Any CPU
		{D7FD1D5B-FA6E-4E7F-89DD-864F58B3D18D}.Ad-Hoc|iPhoneSimulator.ActiveCfg = Release|Any CPU
		{D7FD1D5B-FA6E-4E7F-89DD-864F58B3D18D}.Ad-Hoc|iPhoneSimulator.Build.0 = Release|Any CPU
		{D7FD1D5B-FA6E-4E7F-89DD-864F58B3D18D}.Ad-Hoc|iPhoneSimulator.Deploy.0 = Release|Any CPU
		{D7FD1D5B-FA6E-4E7F-89DD-864F58B3D18D}.Ad-Hoc|x64.ActiveCfg = Release|Any CPU
		{D7FD1D5B-FA6E-4E7F-89DD-864F58B3D18D}.Ad-Hoc|x64.Build.0 = Release|Any CPU
		{D7FD1D5B-FA6E-4E7F-89DD-864F58B3D18D}.Ad-Hoc|x64.Deploy.0 = Release|Any CPU
		{D7FD1D5B-FA6E-4E7F-89DD-864F58B3D18D}.Ad-Hoc|x86.ActiveCfg = Release|x86
		{D7FD1D5B-FA6E-4E7F-89DD-864F58B3D18D}.Ad-Hoc|x86.Build.0 = Release|x86
		{D7FD1D5B-FA6E-4E7F-89DD-864F58B3D18D}.Ad-Hoc|x86.Deploy.0 = Release|x86
		{D7FD1D5B-FA6E-4E7F-89DD-864F58B3D18D}.AppStore|Any CPU.ActiveCfg = Release|Any CPU
		{D7FD1D5B-FA6E-4E7F-89DD-864F58B3D18D}.AppStore|Any CPU.Build.0 = Release|Any CPU
		{D7FD1D5B-FA6E-4E7F-89DD-864F58B3D18D}.AppStore|Any CPU.Deploy.0 = Release|Any CPU
		{D7FD1D5B-FA6E-4E7F-89DD-864F58B3D18D}.AppStore|ARM.ActiveCfg = Release|ARM
		{D7FD1D5B-FA6E-4E7F-89DD-864F58B3D18D}.AppStore|ARM.Build.0 = Release|ARM
		{D7FD1D5B-FA6E-4E7F-89DD-864F58B3D18D}.AppStore|ARM.Deploy.0 = Release|ARM
		{D7FD1D5B-FA6E-4E7F-89DD-864F58B3D18D}.AppStore|iPhone.ActiveCfg = Release|Any CPU
		{D7FD1D5B-FA6E-4E7F-89DD-864F58B3D18D}.AppStore|iPhone.Build.0 = Release|Any CPU
		{D7FD1D5B-FA6E-4E7F-89DD-864F58B3D18D}.AppStore|iPhone.Deploy.0 = Release|Any CPU
		{D7FD1D5B-FA6E-4E7F-89DD-864F58B3D18D}.AppStore|iPhoneSimulator.ActiveCfg = Release|Any CPU
		{D7FD1D5B-FA6E-4E7F-89DD-864F58B3D18D}.AppStore|iPhoneSimulator.Build.0 = Release|Any CPU
		{D7FD1D5B-FA6E-4E7F-89DD-864F58B3D18D}.AppStore|iPhoneSimulator.Deploy.0 = Release|Any CPU
		{D7FD1D5B-FA6E-4E7F-89DD-864F58B3D18D}.AppStore|x64.ActiveCfg = Release|Any CPU
		{D7FD1D5B-FA6E-4E7F-89DD-864F58B3D18D}.AppStore|x64.Build.0 = Release|Any CPU
		{D7FD1D5B-FA6E-4E7F-89DD-864F58B3D18D}.AppStore|x64.Deploy.0 = Release|Any CPU
		{D7FD1D5B-FA6E-4E7F-89DD-864F58B3D18D}.AppStore|x86.ActiveCfg = Release|x86
		{D7FD1D5B-FA6E-4E7F-89DD-864F58B3D18D}.AppStore|x86.Build.0 = Release|x86
		{D7FD1D5B-FA6E-4E7F-89DD-864F58B3D18D}.AppStore|x86.Deploy.0 = Release|x86
		{D7FD1D5B-FA6E-4E7F-89DD-864F58B3D18D}.Debug|Any CPU.ActiveCfg = Debug|Any CPU
		{D7FD1D5B-FA6E-4E7F-89DD-864F58B3D18D}.Debug|Any CPU.Build.0 = Debug|Any CPU
		{D7FD1D5B-FA6E-4E7F-89DD-864F58B3D18D}.Debug|Any CPU.Deploy.0 = Debug|Any CPU
		{D7FD1D5B-FA6E-4E7F-89DD-864F58B3D18D}.Debug|ARM.ActiveCfg = Debug|ARM
		{D7FD1D5B-FA6E-4E7F-89DD-864F58B3D18D}.Debug|ARM.Build.0 = Debug|ARM
		{D7FD1D5B-FA6E-4E7F-89DD-864F58B3D18D}.Debug|ARM.Deploy.0 = Debug|ARM
		{D7FD1D5B-FA6E-4E7F-89DD-864F58B3D18D}.Debug|iPhone.ActiveCfg = Debug|Any CPU
		{D7FD1D5B-FA6E-4E7F-89DD-864F58B3D18D}.Debug|iPhone.Build.0 = Debug|Any CPU
		{D7FD1D5B-FA6E-4E7F-89DD-864F58B3D18D}.Debug|iPhone.Deploy.0 = Debug|Any CPU
		{D7FD1D5B-FA6E-4E7F-89DD-864F58B3D18D}.Debug|iPhoneSimulator.ActiveCfg = Debug|Any CPU
		{D7FD1D5B-FA6E-4E7F-89DD-864F58B3D18D}.Debug|iPhoneSimulator.Build.0 = Debug|Any CPU
		{D7FD1D5B-FA6E-4E7F-89DD-864F58B3D18D}.Debug|iPhoneSimulator.Deploy.0 = Debug|Any CPU
		{D7FD1D5B-FA6E-4E7F-89DD-864F58B3D18D}.Debug|x64.ActiveCfg = Debug|Any CPU
		{D7FD1D5B-FA6E-4E7F-89DD-864F58B3D18D}.Debug|x64.Build.0 = Debug|Any CPU
		{D7FD1D5B-FA6E-4E7F-89DD-864F58B3D18D}.Debug|x64.Deploy.0 = Debug|Any CPU
		{D7FD1D5B-FA6E-4E7F-89DD-864F58B3D18D}.Debug|x86.ActiveCfg = Debug|x86
		{D7FD1D5B-FA6E-4E7F-89DD-864F58B3D18D}.Debug|x86.Build.0 = Debug|x86
		{D7FD1D5B-FA6E-4E7F-89DD-864F58B3D18D}.Debug|x86.Deploy.0 = Debug|x86
		{D7FD1D5B-FA6E-4E7F-89DD-864F58B3D18D}.Release|Any CPU.ActiveCfg = Release|Any CPU
		{D7FD1D5B-FA6E-4E7F-89DD-864F58B3D18D}.Release|Any CPU.Build.0 = Release|Any CPU
		{D7FD1D5B-FA6E-4E7F-89DD-864F58B3D18D}.Release|Any CPU.Deploy.0 = Release|Any CPU
		{D7FD1D5B-FA6E-4E7F-89DD-864F58B3D18D}.Release|ARM.ActiveCfg = Release|ARM
		{D7FD1D5B-FA6E-4E7F-89DD-864F58B3D18D}.Release|ARM.Build.0 = Release|ARM
		{D7FD1D5B-FA6E-4E7F-89DD-864F58B3D18D}.Release|ARM.Deploy.0 = Release|ARM
		{D7FD1D5B-FA6E-4E7F-89DD-864F58B3D18D}.Release|iPhone.ActiveCfg = Release|Any CPU
		{D7FD1D5B-FA6E-4E7F-89DD-864F58B3D18D}.Release|iPhone.Build.0 = Release|Any CPU
		{D7FD1D5B-FA6E-4E7F-89DD-864F58B3D18D}.Release|iPhone.Deploy.0 = Release|Any CPU
		{D7FD1D5B-FA6E-4E7F-89DD-864F58B3D18D}.Release|iPhoneSimulator.ActiveCfg = Release|Any CPU
		{D7FD1D5B-FA6E-4E7F-89DD-864F58B3D18D}.Release|iPhoneSimulator.Build.0 = Release|Any CPU
		{D7FD1D5B-FA6E-4E7F-89DD-864F58B3D18D}.Release|iPhoneSimulator.Deploy.0 = Release|Any CPU
		{D7FD1D5B-FA6E-4E7F-89DD-864F58B3D18D}.Release|x64.ActiveCfg = Release|Any CPU
		{D7FD1D5B-FA6E-4E7F-89DD-864F58B3D18D}.Release|x64.Build.0 = Release|Any CPU
		{D7FD1D5B-FA6E-4E7F-89DD-864F58B3D18D}.Release|x64.Deploy.0 = Release|Any CPU
		{D7FD1D5B-FA6E-4E7F-89DD-864F58B3D18D}.Release|x86.ActiveCfg = Release|x86
		{D7FD1D5B-FA6E-4E7F-89DD-864F58B3D18D}.Release|x86.Build.0 = Release|x86
		{D7FD1D5B-FA6E-4E7F-89DD-864F58B3D18D}.Release|x86.Deploy.0 = Release|x86
		{F9D07408-C5AB-4268-B498-7E965A312D1A}.Ad-Hoc|Any CPU.ActiveCfg = Release|x86
		{F9D07408-C5AB-4268-B498-7E965A312D1A}.Ad-Hoc|Any CPU.Build.0 = Release|x86
		{F9D07408-C5AB-4268-B498-7E965A312D1A}.Ad-Hoc|Any CPU.Deploy.0 = Release|x86
		{F9D07408-C5AB-4268-B498-7E965A312D1A}.Ad-Hoc|ARM.ActiveCfg = Release|ARM
		{F9D07408-C5AB-4268-B498-7E965A312D1A}.Ad-Hoc|ARM.Build.0 = Release|ARM
		{F9D07408-C5AB-4268-B498-7E965A312D1A}.Ad-Hoc|ARM.Deploy.0 = Release|ARM
		{F9D07408-C5AB-4268-B498-7E965A312D1A}.Ad-Hoc|iPhone.ActiveCfg = Release|x86
		{F9D07408-C5AB-4268-B498-7E965A312D1A}.Ad-Hoc|iPhone.Build.0 = Release|x86
		{F9D07408-C5AB-4268-B498-7E965A312D1A}.Ad-Hoc|iPhone.Deploy.0 = Release|x86
		{F9D07408-C5AB-4268-B498-7E965A312D1A}.Ad-Hoc|iPhoneSimulator.ActiveCfg = Release|x86
		{F9D07408-C5AB-4268-B498-7E965A312D1A}.Ad-Hoc|iPhoneSimulator.Build.0 = Release|x86
		{F9D07408-C5AB-4268-B498-7E965A312D1A}.Ad-Hoc|iPhoneSimulator.Deploy.0 = Release|x86
		{F9D07408-C5AB-4268-B498-7E965A312D1A}.Ad-Hoc|x64.ActiveCfg = Release|x64
		{F9D07408-C5AB-4268-B498-7E965A312D1A}.Ad-Hoc|x64.Build.0 = Release|x64
		{F9D07408-C5AB-4268-B498-7E965A312D1A}.Ad-Hoc|x64.Deploy.0 = Release|x64
		{F9D07408-C5AB-4268-B498-7E965A312D1A}.Ad-Hoc|x86.ActiveCfg = Release|x86
		{F9D07408-C5AB-4268-B498-7E965A312D1A}.Ad-Hoc|x86.Build.0 = Release|x86
		{F9D07408-C5AB-4268-B498-7E965A312D1A}.Ad-Hoc|x86.Deploy.0 = Release|x86
		{F9D07408-C5AB-4268-B498-7E965A312D1A}.AppStore|Any CPU.ActiveCfg = Release|x86
		{F9D07408-C5AB-4268-B498-7E965A312D1A}.AppStore|Any CPU.Build.0 = Release|x86
		{F9D07408-C5AB-4268-B498-7E965A312D1A}.AppStore|Any CPU.Deploy.0 = Release|x86
		{F9D07408-C5AB-4268-B498-7E965A312D1A}.AppStore|ARM.ActiveCfg = Release|ARM
		{F9D07408-C5AB-4268-B498-7E965A312D1A}.AppStore|ARM.Build.0 = Release|ARM
		{F9D07408-C5AB-4268-B498-7E965A312D1A}.AppStore|ARM.Deploy.0 = Release|ARM
		{F9D07408-C5AB-4268-B498-7E965A312D1A}.AppStore|iPhone.ActiveCfg = Release|x86
		{F9D07408-C5AB-4268-B498-7E965A312D1A}.AppStore|iPhone.Build.0 = Release|x86
		{F9D07408-C5AB-4268-B498-7E965A312D1A}.AppStore|iPhone.Deploy.0 = Release|x86
		{F9D07408-C5AB-4268-B498-7E965A312D1A}.AppStore|iPhoneSimulator.ActiveCfg = Release|x86
		{F9D07408-C5AB-4268-B498-7E965A312D1A}.AppStore|iPhoneSimulator.Build.0 = Release|x86
		{F9D07408-C5AB-4268-B498-7E965A312D1A}.AppStore|iPhoneSimulator.Deploy.0 = Release|x86
		{F9D07408-C5AB-4268-B498-7E965A312D1A}.AppStore|x64.ActiveCfg = Release|x64
		{F9D07408-C5AB-4268-B498-7E965A312D1A}.AppStore|x64.Build.0 = Release|x64
		{F9D07408-C5AB-4268-B498-7E965A312D1A}.AppStore|x64.Deploy.0 = Release|x64
		{F9D07408-C5AB-4268-B498-7E965A312D1A}.AppStore|x86.ActiveCfg = Release|x86
		{F9D07408-C5AB-4268-B498-7E965A312D1A}.AppStore|x86.Build.0 = Release|x86
		{F9D07408-C5AB-4268-B498-7E965A312D1A}.AppStore|x86.Deploy.0 = Release|x86
		{F9D07408-C5AB-4268-B498-7E965A312D1A}.Debug|Any CPU.ActiveCfg = Debug|x86
		{F9D07408-C5AB-4268-B498-7E965A312D1A}.Debug|ARM.ActiveCfg = Debug|ARM
		{F9D07408-C5AB-4268-B498-7E965A312D1A}.Debug|ARM.Build.0 = Debug|ARM
		{F9D07408-C5AB-4268-B498-7E965A312D1A}.Debug|ARM.Deploy.0 = Debug|ARM
		{F9D07408-C5AB-4268-B498-7E965A312D1A}.Debug|iPhone.ActiveCfg = Debug|x86
		{F9D07408-C5AB-4268-B498-7E965A312D1A}.Debug|iPhoneSimulator.ActiveCfg = Debug|x86
		{F9D07408-C5AB-4268-B498-7E965A312D1A}.Debug|x64.ActiveCfg = Debug|x64
		{F9D07408-C5AB-4268-B498-7E965A312D1A}.Debug|x64.Build.0 = Debug|x64
		{F9D07408-C5AB-4268-B498-7E965A312D1A}.Debug|x64.Deploy.0 = Debug|x64
		{F9D07408-C5AB-4268-B498-7E965A312D1A}.Debug|x86.ActiveCfg = Debug|x86
		{F9D07408-C5AB-4268-B498-7E965A312D1A}.Debug|x86.Build.0 = Debug|x86
		{F9D07408-C5AB-4268-B498-7E965A312D1A}.Debug|x86.Deploy.0 = Debug|x86
		{F9D07408-C5AB-4268-B498-7E965A312D1A}.Release|Any CPU.ActiveCfg = Release|x86
		{F9D07408-C5AB-4268-B498-7E965A312D1A}.Release|ARM.ActiveCfg = Release|ARM
		{F9D07408-C5AB-4268-B498-7E965A312D1A}.Release|ARM.Build.0 = Release|ARM
		{F9D07408-C5AB-4268-B498-7E965A312D1A}.Release|ARM.Deploy.0 = Release|ARM
		{F9D07408-C5AB-4268-B498-7E965A312D1A}.Release|iPhone.ActiveCfg = Release|x86
		{F9D07408-C5AB-4268-B498-7E965A312D1A}.Release|iPhoneSimulator.ActiveCfg = Release|x86
		{F9D07408-C5AB-4268-B498-7E965A312D1A}.Release|x64.ActiveCfg = Release|x64
		{F9D07408-C5AB-4268-B498-7E965A312D1A}.Release|x64.Build.0 = Release|x64
		{F9D07408-C5AB-4268-B498-7E965A312D1A}.Release|x64.Deploy.0 = Release|x64
		{F9D07408-C5AB-4268-B498-7E965A312D1A}.Release|x86.ActiveCfg = Release|x86
		{F9D07408-C5AB-4268-B498-7E965A312D1A}.Release|x86.Build.0 = Release|x86
		{F9D07408-C5AB-4268-B498-7E965A312D1A}.Release|x86.Deploy.0 = Release|x86
		{2316B053-2A33-4FE9-AF80-6C5BC67FC18D}.Ad-Hoc|Any CPU.ActiveCfg = Release|Any CPU
		{2316B053-2A33-4FE9-AF80-6C5BC67FC18D}.Ad-Hoc|Any CPU.Build.0 = Release|Any CPU
		{2316B053-2A33-4FE9-AF80-6C5BC67FC18D}.Ad-Hoc|Any CPU.Deploy.0 = Release|Any CPU
		{2316B053-2A33-4FE9-AF80-6C5BC67FC18D}.Ad-Hoc|ARM.ActiveCfg = Release|ARM
		{2316B053-2A33-4FE9-AF80-6C5BC67FC18D}.Ad-Hoc|ARM.Build.0 = Release|ARM
		{2316B053-2A33-4FE9-AF80-6C5BC67FC18D}.Ad-Hoc|ARM.Deploy.0 = Release|ARM
		{2316B053-2A33-4FE9-AF80-6C5BC67FC18D}.Ad-Hoc|iPhone.ActiveCfg = Release|Any CPU
		{2316B053-2A33-4FE9-AF80-6C5BC67FC18D}.Ad-Hoc|iPhone.Build.0 = Release|Any CPU
		{2316B053-2A33-4FE9-AF80-6C5BC67FC18D}.Ad-Hoc|iPhone.Deploy.0 = Release|Any CPU
		{2316B053-2A33-4FE9-AF80-6C5BC67FC18D}.Ad-Hoc|iPhoneSimulator.ActiveCfg = Release|Any CPU
		{2316B053-2A33-4FE9-AF80-6C5BC67FC18D}.Ad-Hoc|iPhoneSimulator.Build.0 = Release|Any CPU
		{2316B053-2A33-4FE9-AF80-6C5BC67FC18D}.Ad-Hoc|iPhoneSimulator.Deploy.0 = Release|Any CPU
		{2316B053-2A33-4FE9-AF80-6C5BC67FC18D}.Ad-Hoc|x64.ActiveCfg = Release|x64
		{2316B053-2A33-4FE9-AF80-6C5BC67FC18D}.Ad-Hoc|x64.Build.0 = Release|x64
		{2316B053-2A33-4FE9-AF80-6C5BC67FC18D}.Ad-Hoc|x64.Deploy.0 = Release|x64
		{2316B053-2A33-4FE9-AF80-6C5BC67FC18D}.Ad-Hoc|x86.ActiveCfg = Release|x86
		{2316B053-2A33-4FE9-AF80-6C5BC67FC18D}.Ad-Hoc|x86.Build.0 = Release|x86
		{2316B053-2A33-4FE9-AF80-6C5BC67FC18D}.Ad-Hoc|x86.Deploy.0 = Release|x86
		{2316B053-2A33-4FE9-AF80-6C5BC67FC18D}.AppStore|Any CPU.ActiveCfg = Release|Any CPU
		{2316B053-2A33-4FE9-AF80-6C5BC67FC18D}.AppStore|Any CPU.Build.0 = Release|Any CPU
		{2316B053-2A33-4FE9-AF80-6C5BC67FC18D}.AppStore|Any CPU.Deploy.0 = Release|Any CPU
		{2316B053-2A33-4FE9-AF80-6C5BC67FC18D}.AppStore|ARM.ActiveCfg = Release|ARM
		{2316B053-2A33-4FE9-AF80-6C5BC67FC18D}.AppStore|ARM.Build.0 = Release|ARM
		{2316B053-2A33-4FE9-AF80-6C5BC67FC18D}.AppStore|ARM.Deploy.0 = Release|ARM
		{2316B053-2A33-4FE9-AF80-6C5BC67FC18D}.AppStore|iPhone.ActiveCfg = Release|Any CPU
		{2316B053-2A33-4FE9-AF80-6C5BC67FC18D}.AppStore|iPhone.Build.0 = Release|Any CPU
		{2316B053-2A33-4FE9-AF80-6C5BC67FC18D}.AppStore|iPhone.Deploy.0 = Release|Any CPU
		{2316B053-2A33-4FE9-AF80-6C5BC67FC18D}.AppStore|iPhoneSimulator.ActiveCfg = Release|Any CPU
		{2316B053-2A33-4FE9-AF80-6C5BC67FC18D}.AppStore|iPhoneSimulator.Build.0 = Release|Any CPU
		{2316B053-2A33-4FE9-AF80-6C5BC67FC18D}.AppStore|iPhoneSimulator.Deploy.0 = Release|Any CPU
		{2316B053-2A33-4FE9-AF80-6C5BC67FC18D}.AppStore|x64.ActiveCfg = Release|x64
		{2316B053-2A33-4FE9-AF80-6C5BC67FC18D}.AppStore|x64.Build.0 = Release|x64
		{2316B053-2A33-4FE9-AF80-6C5BC67FC18D}.AppStore|x64.Deploy.0 = Release|x64
		{2316B053-2A33-4FE9-AF80-6C5BC67FC18D}.AppStore|x86.ActiveCfg = Release|x86
		{2316B053-2A33-4FE9-AF80-6C5BC67FC18D}.AppStore|x86.Build.0 = Release|x86
		{2316B053-2A33-4FE9-AF80-6C5BC67FC18D}.AppStore|x86.Deploy.0 = Release|x86
		{2316B053-2A33-4FE9-AF80-6C5BC67FC18D}.Debug|Any CPU.ActiveCfg = Debug|Any CPU
		{2316B053-2A33-4FE9-AF80-6C5BC67FC18D}.Debug|Any CPU.Build.0 = Debug|Any CPU
		{2316B053-2A33-4FE9-AF80-6C5BC67FC18D}.Debug|Any CPU.Deploy.0 = Debug|Any CPU
		{2316B053-2A33-4FE9-AF80-6C5BC67FC18D}.Debug|ARM.ActiveCfg = Debug|ARM
		{2316B053-2A33-4FE9-AF80-6C5BC67FC18D}.Debug|ARM.Build.0 = Debug|ARM
		{2316B053-2A33-4FE9-AF80-6C5BC67FC18D}.Debug|ARM.Deploy.0 = Debug|ARM
		{2316B053-2A33-4FE9-AF80-6C5BC67FC18D}.Debug|iPhone.ActiveCfg = Debug|Any CPU
		{2316B053-2A33-4FE9-AF80-6C5BC67FC18D}.Debug|iPhone.Build.0 = Debug|Any CPU
		{2316B053-2A33-4FE9-AF80-6C5BC67FC18D}.Debug|iPhone.Deploy.0 = Debug|Any CPU
		{2316B053-2A33-4FE9-AF80-6C5BC67FC18D}.Debug|iPhoneSimulator.ActiveCfg = Debug|Any CPU
		{2316B053-2A33-4FE9-AF80-6C5BC67FC18D}.Debug|iPhoneSimulator.Build.0 = Debug|Any CPU
		{2316B053-2A33-4FE9-AF80-6C5BC67FC18D}.Debug|iPhoneSimulator.Deploy.0 = Debug|Any CPU
		{2316B053-2A33-4FE9-AF80-6C5BC67FC18D}.Debug|x64.ActiveCfg = Debug|x64
		{2316B053-2A33-4FE9-AF80-6C5BC67FC18D}.Debug|x64.Build.0 = Debug|x64
		{2316B053-2A33-4FE9-AF80-6C5BC67FC18D}.Debug|x64.Deploy.0 = Debug|x64
		{2316B053-2A33-4FE9-AF80-6C5BC67FC18D}.Debug|x86.ActiveCfg = Debug|x86
		{2316B053-2A33-4FE9-AF80-6C5BC67FC18D}.Debug|x86.Build.0 = Debug|x86
		{2316B053-2A33-4FE9-AF80-6C5BC67FC18D}.Debug|x86.Deploy.0 = Debug|x86
		{2316B053-2A33-4FE9-AF80-6C5BC67FC18D}.Release|Any CPU.ActiveCfg = Release|Any CPU
		{2316B053-2A33-4FE9-AF80-6C5BC67FC18D}.Release|Any CPU.Build.0 = Release|Any CPU
		{2316B053-2A33-4FE9-AF80-6C5BC67FC18D}.Release|Any CPU.Deploy.0 = Release|Any CPU
		{2316B053-2A33-4FE9-AF80-6C5BC67FC18D}.Release|ARM.ActiveCfg = Release|ARM
		{2316B053-2A33-4FE9-AF80-6C5BC67FC18D}.Release|ARM.Build.0 = Release|ARM
		{2316B053-2A33-4FE9-AF80-6C5BC67FC18D}.Release|ARM.Deploy.0 = Release|ARM
		{2316B053-2A33-4FE9-AF80-6C5BC67FC18D}.Release|iPhone.ActiveCfg = Release|Any CPU
		{2316B053-2A33-4FE9-AF80-6C5BC67FC18D}.Release|iPhone.Build.0 = Release|Any CPU
		{2316B053-2A33-4FE9-AF80-6C5BC67FC18D}.Release|iPhone.Deploy.0 = Release|Any CPU
		{2316B053-2A33-4FE9-AF80-6C5BC67FC18D}.Release|iPhoneSimulator.ActiveCfg = Release|Any CPU
		{2316B053-2A33-4FE9-AF80-6C5BC67FC18D}.Release|iPhoneSimulator.Build.0 = Release|Any CPU
		{2316B053-2A33-4FE9-AF80-6C5BC67FC18D}.Release|iPhoneSimulator.Deploy.0 = Release|Any CPU
		{2316B053-2A33-4FE9-AF80-6C5BC67FC18D}.Release|x64.ActiveCfg = Release|x64
		{2316B053-2A33-4FE9-AF80-6C5BC67FC18D}.Release|x64.Build.0 = Release|x64
		{2316B053-2A33-4FE9-AF80-6C5BC67FC18D}.Release|x64.Deploy.0 = Release|x64
		{2316B053-2A33-4FE9-AF80-6C5BC67FC18D}.Release|x86.ActiveCfg = Release|x86
		{2316B053-2A33-4FE9-AF80-6C5BC67FC18D}.Release|x86.Build.0 = Release|x86
		{2316B053-2A33-4FE9-AF80-6C5BC67FC18D}.Release|x86.Deploy.0 = Release|x86
	EndGlobalSection
	GlobalSection(SolutionProperties) = preSolution
		HideSolutionNode = FALSE
	EndGlobalSection
EndGlobal
