
Microsoft Visual Studio Solution File, Format Version 12.00
# Visual Studio 14
VisualStudioVersion = 14.0.25420.1
MinimumVisualStudioVersion = 10.0.40219.1
Project("{FAE04EC0-301F-11D3-BF4B-00C04F79EFBC}") = "XF.B_15_MasterDetailPage", "XF.B-15 MasterDetailPage\XF.B_15_MasterDetailPage\XF.B_15_MasterDetailPage.csproj", "{C3CB1433-0687-49A1-B914-4EA0DC81688D}"
EndProject
Project("{FAE04EC0-301F-11D3-BF4B-00C04F79EFBC}") = "XF.B_15_MasterDetailPage.Droid", "XF.B-15 MasterDetailPage\XF.B_15_MasterDetailPage.Droid\XF.B_15_MasterDetailPage.Droid.csproj", "{2F896CEE-DD33-4908-BC2E-E5042AB323A9}"
EndProject
Project("{FAE04EC0-301F-11D3-BF4B-00C04F79EFBC}") = "XF.B_15_MasterDetailPage.iOS", "XF.B-15 MasterDetailPage\XF.B_15_MasterDetailPage.iOS\XF.B_15_MasterDetailPage.iOS.csproj", "{6E20022C-12A5-4B6B-8614-6D42F1A50669}"
EndProject
Project("{FAE04EC0-301F-11D3-BF4B-00C04F79EFBC}") = "XF.B_15_MasterDetailPage.WinPhone", "XF.B-15 MasterDetailPage\XF.B_15_MasterDetailPage.WinPhone\XF.B_15_MasterDetailPage.WinPhone.csproj", "{C8F119F1-AE08-41D8-83F7-1108EF479AE5}"
EndProject
Project("{FAE04EC0-301F-11D3-BF4B-00C04F79EFBC}") = "XF.B_15_MasterDetailPage.UWP", "XF.B-15 MasterDetailPage\XF.B_15_MasterDetailPage.UWP\XF.B_15_MasterDetailPage.UWP.csproj", "{663C99AF-67C4-4AD7-992A-14274DADF08B}"
EndProject
Project("{FAE04EC0-301F-11D3-BF4B-00C04F79EFBC}") = "XF.B_15_MasterDetailPage.Windows", "XF.B-15 MasterDetailPage\XF.B_15_MasterDetailPage.Windows\XF.B_15_MasterDetailPage.Windows.csproj", "{83C61E20-C0CC-4E55-B6BC-B1925103A77D}"
EndProject
Global
	GlobalSection(SolutionConfigurationPlatforms) = preSolution
		Ad-Hoc|Any CPU = Ad-Hoc|Any CPU
		Ad-Hoc|ARM = Ad-Hoc|ARM
		Ad-Hoc|iPhone = Ad-Hoc|iPhone
		Ad-Hoc|iPhoneSimulator = Ad-Hoc|iPhoneSimulator
		Ad-Hoc|x64 = Ad-Hoc|x64
		Ad-Hoc|x86 = Ad-Hoc|x86
		AppStore|Any CPU = AppStore|Any CPU
		AppStore|ARM = AppStore|ARM
		AppStore|iPhone = AppStore|iPhone
		AppStore|iPhoneSimulator = AppStore|iPhoneSimulator
		AppStore|x64 = AppStore|x64
		AppStore|x86 = AppStore|x86
		Debug|Any CPU = Debug|Any CPU
		Debug|ARM = Debug|ARM
		Debug|iPhone = Debug|iPhone
		Debug|iPhoneSimulator = Debug|iPhoneSimulator
		Debug|x64 = Debug|x64
		Debug|x86 = Debug|x86
		Release|Any CPU = Release|Any CPU
		Release|ARM = Release|ARM
		Release|iPhone = Release|iPhone
		Release|iPhoneSimulator = Release|iPhoneSimulator
		Release|x64 = Release|x64
		Release|x86 = Release|x86
	EndGlobalSection
	GlobalSection(ProjectConfigurationPlatforms) = postSolution
		{C3CB1433-0687-49A1-B914-4EA0DC81688D}.Ad-Hoc|Any CPU.ActiveCfg = Release|Any CPU
		{C3CB1433-0687-49A1-B914-4EA0DC81688D}.Ad-Hoc|Any CPU.Build.0 = Release|Any CPU
		{C3CB1433-0687-49A1-B914-4EA0DC81688D}.Ad-Hoc|ARM.ActiveCfg = Release|Any CPU
		{C3CB1433-0687-49A1-B914-4EA0DC81688D}.Ad-Hoc|ARM.Build.0 = Release|Any CPU
		{C3CB1433-0687-49A1-B914-4EA0DC81688D}.Ad-Hoc|iPhone.ActiveCfg = Release|Any CPU
		{C3CB1433-0687-49A1-B914-4EA0DC81688D}.Ad-Hoc|iPhone.Build.0 = Release|Any CPU
		{C3CB1433-0687-49A1-B914-4EA0DC81688D}.Ad-Hoc|iPhoneSimulator.ActiveCfg = Release|Any CPU
		{C3CB1433-0687-49A1-B914-4EA0DC81688D}.Ad-Hoc|iPhoneSimulator.Build.0 = Release|Any CPU
		{C3CB1433-0687-49A1-B914-4EA0DC81688D}.Ad-Hoc|x64.ActiveCfg = Release|Any CPU
		{C3CB1433-0687-49A1-B914-4EA0DC81688D}.Ad-Hoc|x64.Build.0 = Release|Any CPU
		{C3CB1433-0687-49A1-B914-4EA0DC81688D}.Ad-Hoc|x86.ActiveCfg = Release|Any CPU
		{C3CB1433-0687-49A1-B914-4EA0DC81688D}.Ad-Hoc|x86.Build.0 = Release|Any CPU
		{C3CB1433-0687-49A1-B914-4EA0DC81688D}.AppStore|Any CPU.ActiveCfg = Release|Any CPU
		{C3CB1433-0687-49A1-B914-4EA0DC81688D}.AppStore|Any CPU.Build.0 = Release|Any CPU
		{C3CB1433-0687-49A1-B914-4EA0DC81688D}.AppStore|ARM.ActiveCfg = Release|Any CPU
		{C3CB1433-0687-49A1-B914-4EA0DC81688D}.AppStore|ARM.Build.0 = Release|Any CPU
		{C3CB1433-0687-49A1-B914-4EA0DC81688D}.AppStore|iPhone.ActiveCfg = Release|Any CPU
		{C3CB1433-0687-49A1-B914-4EA0DC81688D}.AppStore|iPhone.Build.0 = Release|Any CPU
		{C3CB1433-0687-49A1-B914-4EA0DC81688D}.AppStore|iPhoneSimulator.ActiveCfg = Release|Any CPU
		{C3CB1433-0687-49A1-B914-4EA0DC81688D}.AppStore|iPhoneSimulator.Build.0 = Release|Any CPU
		{C3CB1433-0687-49A1-B914-4EA0DC81688D}.AppStore|x64.ActiveCfg = Release|Any CPU
		{C3CB1433-0687-49A1-B914-4EA0DC81688D}.AppStore|x64.Build.0 = Release|Any CPU
		{C3CB1433-0687-49A1-B914-4EA0DC81688D}.AppStore|x86.ActiveCfg = Release|Any CPU
		{C3CB1433-0687-49A1-B914-4EA0DC81688D}.AppStore|x86.Build.0 = Release|Any CPU
		{C3CB1433-0687-49A1-B914-4EA0DC81688D}.Debug|Any CPU.ActiveCfg = Debug|Any CPU
		{C3CB1433-0687-49A1-B914-4EA0DC81688D}.Debug|Any CPU.Build.0 = Debug|Any CPU
		{C3CB1433-0687-49A1-B914-4EA0DC81688D}.Debug|ARM.ActiveCfg = Debug|Any CPU
		{C3CB1433-0687-49A1-B914-4EA0DC81688D}.Debug|ARM.Build.0 = Debug|Any CPU
		{C3CB1433-0687-49A1-B914-4EA0DC81688D}.Debug|iPhone.ActiveCfg = Debug|Any CPU
		{C3CB1433-0687-49A1-B914-4EA0DC81688D}.Debug|iPhone.Build.0 = Debug|Any CPU
		{C3CB1433-0687-49A1-B914-4EA0DC81688D}.Debug|iPhoneSimulator.ActiveCfg = Debug|Any CPU
		{C3CB1433-0687-49A1-B914-4EA0DC81688D}.Debug|iPhoneSimulator.Build.0 = Debug|Any CPU
		{C3CB1433-0687-49A1-B914-4EA0DC81688D}.Debug|x64.ActiveCfg = Debug|Any CPU
		{C3CB1433-0687-49A1-B914-4EA0DC81688D}.Debug|x64.Build.0 = Debug|Any CPU
		{C3CB1433-0687-49A1-B914-4EA0DC81688D}.Debug|x86.ActiveCfg = Debug|Any CPU
		{C3CB1433-0687-49A1-B914-4EA0DC81688D}.Debug|x86.Build.0 = Debug|Any CPU
		{C3CB1433-0687-49A1-B914-4EA0DC81688D}.Release|Any CPU.ActiveCfg = Release|Any CPU
		{C3CB1433-0687-49A1-B914-4EA0DC81688D}.Release|Any CPU.Build.0 = Release|Any CPU
		{C3CB1433-0687-49A1-B914-4EA0DC81688D}.Release|ARM.ActiveCfg = Release|Any CPU
		{C3CB1433-0687-49A1-B914-4EA0DC81688D}.Release|ARM.Build.0 = Release|Any CPU
		{C3CB1433-0687-49A1-B914-4EA0DC81688D}.Release|iPhone.ActiveCfg = Release|Any CPU
		{C3CB1433-0687-49A1-B914-4EA0DC81688D}.Release|iPhone.Build.0 = Release|Any CPU
		{C3CB1433-0687-49A1-B914-4EA0DC81688D}.Release|iPhoneSimulator.ActiveCfg = Release|Any CPU
		{C3CB1433-0687-49A1-B914-4EA0DC81688D}.Release|iPhoneSimulator.Build.0 = Release|Any CPU
		{C3CB1433-0687-49A1-B914-4EA0DC81688D}.Release|x64.ActiveCfg = Release|Any CPU
		{C3CB1433-0687-49A1-B914-4EA0DC81688D}.Release|x64.Build.0 = Release|Any CPU
		{C3CB1433-0687-49A1-B914-4EA0DC81688D}.Release|x86.ActiveCfg = Release|Any CPU
		{C3CB1433-0687-49A1-B914-4EA0DC81688D}.Release|x86.Build.0 = Release|Any CPU
		{2F896CEE-DD33-4908-BC2E-E5042AB323A9}.Ad-Hoc|Any CPU.ActiveCfg = Release|Any CPU
		{2F896CEE-DD33-4908-BC2E-E5042AB323A9}.Ad-Hoc|Any CPU.Build.0 = Release|Any CPU
		{2F896CEE-DD33-4908-BC2E-E5042AB323A9}.Ad-Hoc|Any CPU.Deploy.0 = Release|Any CPU
		{2F896CEE-DD33-4908-BC2E-E5042AB323A9}.Ad-Hoc|ARM.ActiveCfg = Release|Any CPU
		{2F896CEE-DD33-4908-BC2E-E5042AB323A9}.Ad-Hoc|ARM.Build.0 = Release|Any CPU
		{2F896CEE-DD33-4908-BC2E-E5042AB323A9}.Ad-Hoc|ARM.Deploy.0 = Release|Any CPU
		{2F896CEE-DD33-4908-BC2E-E5042AB323A9}.Ad-Hoc|iPhone.ActiveCfg = Release|Any CPU
		{2F896CEE-DD33-4908-BC2E-E5042AB323A9}.Ad-Hoc|iPhone.Build.0 = Release|Any CPU
		{2F896CEE-DD33-4908-BC2E-E5042AB323A9}.Ad-Hoc|iPhone.Deploy.0 = Release|Any CPU
		{2F896CEE-DD33-4908-BC2E-E5042AB323A9}.Ad-Hoc|iPhoneSimulator.ActiveCfg = Release|Any CPU
		{2F896CEE-DD33-4908-BC2E-E5042AB323A9}.Ad-Hoc|iPhoneSimulator.Build.0 = Release|Any CPU
		{2F896CEE-DD33-4908-BC2E-E5042AB323A9}.Ad-Hoc|iPhoneSimulator.Deploy.0 = Release|Any CPU
		{2F896CEE-DD33-4908-BC2E-E5042AB323A9}.Ad-Hoc|x64.ActiveCfg = Release|Any CPU
		{2F896CEE-DD33-4908-BC2E-E5042AB323A9}.Ad-Hoc|x64.Build.0 = Release|Any CPU
		{2F896CEE-DD33-4908-BC2E-E5042AB323A9}.Ad-Hoc|x64.Deploy.0 = Release|Any CPU
		{2F896CEE-DD33-4908-BC2E-E5042AB323A9}.Ad-Hoc|x86.ActiveCfg = Release|Any CPU
		{2F896CEE-DD33-4908-BC2E-E5042AB323A9}.Ad-Hoc|x86.Build.0 = Release|Any CPU
		{2F896CEE-DD33-4908-BC2E-E5042AB323A9}.Ad-Hoc|x86.Deploy.0 = Release|Any CPU
		{2F896CEE-DD33-4908-BC2E-E5042AB323A9}.AppStore|Any CPU.ActiveCfg = Release|Any CPU
		{2F896CEE-DD33-4908-BC2E-E5042AB323A9}.AppStore|Any CPU.Build.0 = Release|Any CPU
		{2F896CEE-DD33-4908-BC2E-E5042AB323A9}.AppStore|Any CPU.Deploy.0 = Release|Any CPU
		{2F896CEE-DD33-4908-BC2E-E5042AB323A9}.AppStore|ARM.ActiveCfg = Release|Any CPU
		{2F896CEE-DD33-4908-BC2E-E5042AB323A9}.AppStore|ARM.Build.0 = Release|Any CPU
		{2F896CEE-DD33-4908-BC2E-E5042AB323A9}.AppStore|ARM.Deploy.0 = Release|Any CPU
		{2F896CEE-DD33-4908-BC2E-E5042AB323A9}.AppStore|iPhone.ActiveCfg = Release|Any CPU
		{2F896CEE-DD33-4908-BC2E-E5042AB323A9}.AppStore|iPhone.Build.0 = Release|Any CPU
		{2F896CEE-DD33-4908-BC2E-E5042AB323A9}.AppStore|iPhone.Deploy.0 = Release|Any CPU
		{2F896CEE-DD33-4908-BC2E-E5042AB323A9}.AppStore|iPhoneSimulator.ActiveCfg = Release|Any CPU
		{2F896CEE-DD33-4908-BC2E-E5042AB323A9}.AppStore|iPhoneSimulator.Build.0 = Release|Any CPU
		{2F896CEE-DD33-4908-BC2E-E5042AB323A9}.AppStore|iPhoneSimulator.Deploy.0 = Release|Any CPU
		{2F896CEE-DD33-4908-BC2E-E5042AB323A9}.AppStore|x64.ActiveCfg = Release|Any CPU
		{2F896CEE-DD33-4908-BC2E-E5042AB323A9}.AppStore|x64.Build.0 = Release|Any CPU
		{2F896CEE-DD33-4908-BC2E-E5042AB323A9}.AppStore|x64.Deploy.0 = Release|Any CPU
		{2F896CEE-DD33-4908-BC2E-E5042AB323A9}.AppStore|x86.ActiveCfg = Release|Any CPU
		{2F896CEE-DD33-4908-BC2E-E5042AB323A9}.AppStore|x86.Build.0 = Release|Any CPU
		{2F896CEE-DD33-4908-BC2E-E5042AB323A9}.AppStore|x86.Deploy.0 = Release|Any CPU
		{2F896CEE-DD33-4908-BC2E-E5042AB323A9}.Debug|Any CPU.ActiveCfg = Debug|Any CPU
		{2F896CEE-DD33-4908-BC2E-E5042AB323A9}.Debug|Any CPU.Build.0 = Debug|Any CPU
		{2F896CEE-DD33-4908-BC2E-E5042AB323A9}.Debug|Any CPU.Deploy.0 = Debug|Any CPU
		{2F896CEE-DD33-4908-BC2E-E5042AB323A9}.Debug|ARM.ActiveCfg = Debug|Any CPU
		{2F896CEE-DD33-4908-BC2E-E5042AB323A9}.Debug|ARM.Build.0 = Debug|Any CPU
		{2F896CEE-DD33-4908-BC2E-E5042AB323A9}.Debug|ARM.Deploy.0 = Debug|Any CPU
		{2F896CEE-DD33-4908-BC2E-E5042AB323A9}.Debug|iPhone.ActiveCfg = Debug|Any CPU
		{2F896CEE-DD33-4908-BC2E-E5042AB323A9}.Debug|iPhone.Build.0 = Debug|Any CPU
		{2F896CEE-DD33-4908-BC2E-E5042AB323A9}.Debug|iPhone.Deploy.0 = Debug|Any CPU
		{2F896CEE-DD33-4908-BC2E-E5042AB323A9}.Debug|iPhoneSimulator.ActiveCfg = Debug|Any CPU
		{2F896CEE-DD33-4908-BC2E-E5042AB323A9}.Debug|iPhoneSimulator.Build.0 = Debug|Any CPU
		{2F896CEE-DD33-4908-BC2E-E5042AB323A9}.Debug|iPhoneSimulator.Deploy.0 = Debug|Any CPU
		{2F896CEE-DD33-4908-BC2E-E5042AB323A9}.Debug|x64.ActiveCfg = Debug|Any CPU
		{2F896CEE-DD33-4908-BC2E-E5042AB323A9}.Debug|x64.Build.0 = Debug|Any CPU
		{2F896CEE-DD33-4908-BC2E-E5042AB323A9}.Debug|x64.Deploy.0 = Debug|Any CPU
		{2F896CEE-DD33-4908-BC2E-E5042AB323A9}.Debug|x86.ActiveCfg = Debug|Any CPU
		{2F896CEE-DD33-4908-BC2E-E5042AB323A9}.Debug|x86.Build.0 = Debug|Any CPU
		{2F896CEE-DD33-4908-BC2E-E5042AB323A9}.Debug|x86.Deploy.0 = Debug|Any CPU
		{2F896CEE-DD33-4908-BC2E-E5042AB323A9}.Release|Any CPU.ActiveCfg = Release|Any CPU
		{2F896CEE-DD33-4908-BC2E-E5042AB323A9}.Release|Any CPU.Build.0 = Release|Any CPU
		{2F896CEE-DD33-4908-BC2E-E5042AB323A9}.Release|Any CPU.Deploy.0 = Release|Any CPU
		{2F896CEE-DD33-4908-BC2E-E5042AB323A9}.Release|ARM.ActiveCfg = Release|Any CPU
		{2F896CEE-DD33-4908-BC2E-E5042AB323A9}.Release|ARM.Build.0 = Release|Any CPU
		{2F896CEE-DD33-4908-BC2E-E5042AB323A9}.Release|ARM.Deploy.0 = Release|Any CPU
		{2F896CEE-DD33-4908-BC2E-E5042AB323A9}.Release|iPhone.ActiveCfg = Release|Any CPU
		{2F896CEE-DD33-4908-BC2E-E5042AB323A9}.Release|iPhone.Build.0 = Release|Any CPU
		{2F896CEE-DD33-4908-BC2E-E5042AB323A9}.Release|iPhone.Deploy.0 = Release|Any CPU
		{2F896CEE-DD33-4908-BC2E-E5042AB323A9}.Release|iPhoneSimulator.ActiveCfg = Release|Any CPU
		{2F896CEE-DD33-4908-BC2E-E5042AB323A9}.Release|iPhoneSimulator.Build.0 = Release|Any CPU
		{2F896CEE-DD33-4908-BC2E-E5042AB323A9}.Release|iPhoneSimulator.Deploy.0 = Release|Any CPU
		{2F896CEE-DD33-4908-BC2E-E5042AB323A9}.Release|x64.ActiveCfg = Release|Any CPU
		{2F896CEE-DD33-4908-BC2E-E5042AB323A9}.Release|x64.Build.0 = Release|Any CPU
		{2F896CEE-DD33-4908-BC2E-E5042AB323A9}.Release|x64.Deploy.0 = Release|Any CPU
		{2F896CEE-DD33-4908-BC2E-E5042AB323A9}.Release|x86.ActiveCfg = Release|Any CPU
		{2F896CEE-DD33-4908-BC2E-E5042AB323A9}.Release|x86.Build.0 = Release|Any CPU
		{2F896CEE-DD33-4908-BC2E-E5042AB323A9}.Release|x86.Deploy.0 = Release|Any CPU
		{6E20022C-12A5-4B6B-8614-6D42F1A50669}.Ad-Hoc|Any CPU.ActiveCfg = Ad-Hoc|iPhone
		{6E20022C-12A5-4B6B-8614-6D42F1A50669}.Ad-Hoc|ARM.ActiveCfg = Ad-Hoc|iPhone
		{6E20022C-12A5-4B6B-8614-6D42F1A50669}.Ad-Hoc|iPhone.ActiveCfg = Ad-Hoc|iPhone
		{6E20022C-12A5-4B6B-8614-6D42F1A50669}.Ad-Hoc|iPhone.Build.0 = Ad-Hoc|iPhone
		{6E20022C-12A5-4B6B-8614-6D42F1A50669}.Ad-Hoc|iPhoneSimulator.ActiveCfg = Ad-Hoc|iPhoneSimulator
		{6E20022C-12A5-4B6B-8614-6D42F1A50669}.Ad-Hoc|iPhoneSimulator.Build.0 = Ad-Hoc|iPhoneSimulator
		{6E20022C-12A5-4B6B-8614-6D42F1A50669}.Ad-Hoc|x64.ActiveCfg = Ad-Hoc|iPhone
		{6E20022C-12A5-4B6B-8614-6D42F1A50669}.Ad-Hoc|x86.ActiveCfg = Ad-Hoc|iPhone
		{6E20022C-12A5-4B6B-8614-6D42F1A50669}.AppStore|Any CPU.ActiveCfg = AppStore|iPhone
		{6E20022C-12A5-4B6B-8614-6D42F1A50669}.AppStore|ARM.ActiveCfg = AppStore|iPhone
		{6E20022C-12A5-4B6B-8614-6D42F1A50669}.AppStore|iPhone.ActiveCfg = AppStore|iPhone
		{6E20022C-12A5-4B6B-8614-6D42F1A50669}.AppStore|iPhone.Build.0 = AppStore|iPhone
		{6E20022C-12A5-4B6B-8614-6D42F1A50669}.AppStore|iPhoneSimulator.ActiveCfg = AppStore|iPhoneSimulator
		{6E20022C-12A5-4B6B-8614-6D42F1A50669}.AppStore|iPhoneSimulator.Build.0 = AppStore|iPhoneSimulator
		{6E20022C-12A5-4B6B-8614-6D42F1A50669}.AppStore|x64.ActiveCfg = AppStore|iPhone
		{6E20022C-12A5-4B6B-8614-6D42F1A50669}.AppStore|x86.ActiveCfg = AppStore|iPhone
		{6E20022C-12A5-4B6B-8614-6D42F1A50669}.Debug|Any CPU.ActiveCfg = Debug|iPhone
		{6E20022C-12A5-4B6B-8614-6D42F1A50669}.Debug|ARM.ActiveCfg = Debug|iPhone
		{6E20022C-12A5-4B6B-8614-6D42F1A50669}.Debug|iPhone.ActiveCfg = Debug|iPhone
		{6E20022C-12A5-4B6B-8614-6D42F1A50669}.Debug|iPhone.Build.0 = Debug|iPhone
		{6E20022C-12A5-4B6B-8614-6D42F1A50669}.Debug|iPhoneSimulator.ActiveCfg = Debug|iPhoneSimulator
		{6E20022C-12A5-4B6B-8614-6D42F1A50669}.Debug|iPhoneSimulator.Build.0 = Debug|iPhoneSimulator
		{6E20022C-12A5-4B6B-8614-6D42F1A50669}.Debug|x64.ActiveCfg = Debug|iPhone
		{6E20022C-12A5-4B6B-8614-6D42F1A50669}.Debug|x86.ActiveCfg = Debug|iPhone
		{6E20022C-12A5-4B6B-8614-6D42F1A50669}.Release|Any CPU.ActiveCfg = Release|iPhone
		{6E20022C-12A5-4B6B-8614-6D42F1A50669}.Release|ARM.ActiveCfg = Release|iPhone
		{6E20022C-12A5-4B6B-8614-6D42F1A50669}.Release|iPhone.ActiveCfg = Release|iPhone
		{6E20022C-12A5-4B6B-8614-6D42F1A50669}.Release|iPhone.Build.0 = Release|iPhone
		{6E20022C-12A5-4B6B-8614-6D42F1A50669}.Release|iPhoneSimulator.ActiveCfg = Release|iPhoneSimulator
		{6E20022C-12A5-4B6B-8614-6D42F1A50669}.Release|iPhoneSimulator.Build.0 = Release|iPhoneSimulator
		{6E20022C-12A5-4B6B-8614-6D42F1A50669}.Release|x64.ActiveCfg = Release|iPhone
		{6E20022C-12A5-4B6B-8614-6D42F1A50669}.Release|x86.ActiveCfg = Release|iPhone
		{C8F119F1-AE08-41D8-83F7-1108EF479AE5}.Ad-Hoc|Any CPU.ActiveCfg = Release|Any CPU
		{C8F119F1-AE08-41D8-83F7-1108EF479AE5}.Ad-Hoc|Any CPU.Build.0 = Release|Any CPU
		{C8F119F1-AE08-41D8-83F7-1108EF479AE5}.Ad-Hoc|Any CPU.Deploy.0 = Release|Any CPU
		{C8F119F1-AE08-41D8-83F7-1108EF479AE5}.Ad-Hoc|ARM.ActiveCfg = Release|ARM
		{C8F119F1-AE08-41D8-83F7-1108EF479AE5}.Ad-Hoc|ARM.Build.0 = Release|ARM
		{C8F119F1-AE08-41D8-83F7-1108EF479AE5}.Ad-Hoc|ARM.Deploy.0 = Release|ARM
		{C8F119F1-AE08-41D8-83F7-1108EF479AE5}.Ad-Hoc|iPhone.ActiveCfg = Release|Any CPU
		{C8F119F1-AE08-41D8-83F7-1108EF479AE5}.Ad-Hoc|iPhone.Build.0 = Release|Any CPU
		{C8F119F1-AE08-41D8-83F7-1108EF479AE5}.Ad-Hoc|iPhone.Deploy.0 = Release|Any CPU
		{C8F119F1-AE08-41D8-83F7-1108EF479AE5}.Ad-Hoc|iPhoneSimulator.ActiveCfg = Release|Any CPU
		{C8F119F1-AE08-41D8-83F7-1108EF479AE5}.Ad-Hoc|iPhoneSimulator.Build.0 = Release|Any CPU
		{C8F119F1-AE08-41D8-83F7-1108EF479AE5}.Ad-Hoc|iPhoneSimulator.Deploy.0 = Release|Any CPU
		{C8F119F1-AE08-41D8-83F7-1108EF479AE5}.Ad-Hoc|x64.ActiveCfg = Release|Any CPU
		{C8F119F1-AE08-41D8-83F7-1108EF479AE5}.Ad-Hoc|x64.Build.0 = Release|Any CPU
		{C8F119F1-AE08-41D8-83F7-1108EF479AE5}.Ad-Hoc|x64.Deploy.0 = Release|Any CPU
		{C8F119F1-AE08-41D8-83F7-1108EF479AE5}.Ad-Hoc|x86.ActiveCfg = Release|x86
		{C8F119F1-AE08-41D8-83F7-1108EF479AE5}.Ad-Hoc|x86.Build.0 = Release|x86
		{C8F119F1-AE08-41D8-83F7-1108EF479AE5}.Ad-Hoc|x86.Deploy.0 = Release|x86
		{C8F119F1-AE08-41D8-83F7-1108EF479AE5}.AppStore|Any CPU.ActiveCfg = Release|Any CPU
		{C8F119F1-AE08-41D8-83F7-1108EF479AE5}.AppStore|Any CPU.Build.0 = Release|Any CPU
		{C8F119F1-AE08-41D8-83F7-1108EF479AE5}.AppStore|Any CPU.Deploy.0 = Release|Any CPU
		{C8F119F1-AE08-41D8-83F7-1108EF479AE5}.AppStore|ARM.ActiveCfg = Release|ARM
		{C8F119F1-AE08-41D8-83F7-1108EF479AE5}.AppStore|ARM.Build.0 = Release|ARM
		{C8F119F1-AE08-41D8-83F7-1108EF479AE5}.AppStore|ARM.Deploy.0 = Release|ARM
		{C8F119F1-AE08-41D8-83F7-1108EF479AE5}.AppStore|iPhone.ActiveCfg = Release|Any CPU
		{C8F119F1-AE08-41D8-83F7-1108EF479AE5}.AppStore|iPhone.Build.0 = Release|Any CPU
		{C8F119F1-AE08-41D8-83F7-1108EF479AE5}.AppStore|iPhone.Deploy.0 = Release|Any CPU
		{C8F119F1-AE08-41D8-83F7-1108EF479AE5}.AppStore|iPhoneSimulator.ActiveCfg = Release|Any CPU
		{C8F119F1-AE08-41D8-83F7-1108EF479AE5}.AppStore|iPhoneSimulator.Build.0 = Release|Any CPU
		{C8F119F1-AE08-41D8-83F7-1108EF479AE5}.AppStore|iPhoneSimulator.Deploy.0 = Release|Any CPU
		{C8F119F1-AE08-41D8-83F7-1108EF479AE5}.AppStore|x64.ActiveCfg = Release|Any CPU
		{C8F119F1-AE08-41D8-83F7-1108EF479AE5}.AppStore|x64.Build.0 = Release|Any CPU
		{C8F119F1-AE08-41D8-83F7-1108EF479AE5}.AppStore|x64.Deploy.0 = Release|Any CPU
		{C8F119F1-AE08-41D8-83F7-1108EF479AE5}.AppStore|x86.ActiveCfg = Release|x86
		{C8F119F1-AE08-41D8-83F7-1108EF479AE5}.AppStore|x86.Build.0 = Release|x86
		{C8F119F1-AE08-41D8-83F7-1108EF479AE5}.AppStore|x86.Deploy.0 = Release|x86
		{C8F119F1-AE08-41D8-83F7-1108EF479AE5}.Debug|Any CPU.ActiveCfg = Debug|Any CPU
		{C8F119F1-AE08-41D8-83F7-1108EF479AE5}.Debug|Any CPU.Build.0 = Debug|Any CPU
		{C8F119F1-AE08-41D8-83F7-1108EF479AE5}.Debug|Any CPU.Deploy.0 = Debug|Any CPU
		{C8F119F1-AE08-41D8-83F7-1108EF479AE5}.Debug|ARM.ActiveCfg = Debug|ARM
		{C8F119F1-AE08-41D8-83F7-1108EF479AE5}.Debug|ARM.Build.0 = Debug|ARM
		{C8F119F1-AE08-41D8-83F7-1108EF479AE5}.Debug|ARM.Deploy.0 = Debug|ARM
		{C8F119F1-AE08-41D8-83F7-1108EF479AE5}.Debug|iPhone.ActiveCfg = Debug|Any CPU
		{C8F119F1-AE08-41D8-83F7-1108EF479AE5}.Debug|iPhone.Build.0 = Debug|Any CPU
		{C8F119F1-AE08-41D8-83F7-1108EF479AE5}.Debug|iPhone.Deploy.0 = Debug|Any CPU
		{C8F119F1-AE08-41D8-83F7-1108EF479AE5}.Debug|iPhoneSimulator.ActiveCfg = Debug|Any CPU
		{C8F119F1-AE08-41D8-83F7-1108EF479AE5}.Debug|iPhoneSimulator.Build.0 = Debug|Any CPU
		{C8F119F1-AE08-41D8-83F7-1108EF479AE5}.Debug|iPhoneSimulator.Deploy.0 = Debug|Any CPU
		{C8F119F1-AE08-41D8-83F7-1108EF479AE5}.Debug|x64.ActiveCfg = Debug|Any CPU
		{C8F119F1-AE08-41D8-83F7-1108EF479AE5}.Debug|x64.Build.0 = Debug|Any CPU
		{C8F119F1-AE08-41D8-83F7-1108EF479AE5}.Debug|x64.Deploy.0 = Debug|Any CPU
		{C8F119F1-AE08-41D8-83F7-1108EF479AE5}.Debug|x86.ActiveCfg = Debug|x86
		{C8F119F1-AE08-41D8-83F7-1108EF479AE5}.Debug|x86.Build.0 = Debug|x86
		{C8F119F1-AE08-41D8-83F7-1108EF479AE5}.Debug|x86.Deploy.0 = Debug|x86
		{C8F119F1-AE08-41D8-83F7-1108EF479AE5}.Release|Any CPU.ActiveCfg = Release|Any CPU
		{C8F119F1-AE08-41D8-83F7-1108EF479AE5}.Release|Any CPU.Build.0 = Release|Any CPU
		{C8F119F1-AE08-41D8-83F7-1108EF479AE5}.Release|Any CPU.Deploy.0 = Release|Any CPU
		{C8F119F1-AE08-41D8-83F7-1108EF479AE5}.Release|ARM.ActiveCfg = Release|ARM
		{C8F119F1-AE08-41D8-83F7-1108EF479AE5}.Release|ARM.Build.0 = Release|ARM
		{C8F119F1-AE08-41D8-83F7-1108EF479AE5}.Release|ARM.Deploy.0 = Release|ARM
		{C8F119F1-AE08-41D8-83F7-1108EF479AE5}.Release|iPhone.ActiveCfg = Release|Any CPU
		{C8F119F1-AE08-41D8-83F7-1108EF479AE5}.Release|iPhone.Build.0 = Release|Any CPU
		{C8F119F1-AE08-41D8-83F7-1108EF479AE5}.Release|iPhone.Deploy.0 = Release|Any CPU
		{C8F119F1-AE08-41D8-83F7-1108EF479AE5}.Release|iPhoneSimulator.ActiveCfg = Release|Any CPU
		{C8F119F1-AE08-41D8-83F7-1108EF479AE5}.Release|iPhoneSimulator.Build.0 = Release|Any CPU
		{C8F119F1-AE08-41D8-83F7-1108EF479AE5}.Release|iPhoneSimulator.Deploy.0 = Release|Any CPU
		{C8F119F1-AE08-41D8-83F7-1108EF479AE5}.Release|x64.ActiveCfg = Release|Any CPU
		{C8F119F1-AE08-41D8-83F7-1108EF479AE5}.Release|x64.Build.0 = Release|Any CPU
		{C8F119F1-AE08-41D8-83F7-1108EF479AE5}.Release|x64.Deploy.0 = Release|Any CPU
		{C8F119F1-AE08-41D8-83F7-1108EF479AE5}.Release|x86.ActiveCfg = Release|x86
		{C8F119F1-AE08-41D8-83F7-1108EF479AE5}.Release|x86.Build.0 = Release|x86
		{C8F119F1-AE08-41D8-83F7-1108EF479AE5}.Release|x86.Deploy.0 = Release|x86
		{663C99AF-67C4-4AD7-992A-14274DADF08B}.Ad-Hoc|Any CPU.ActiveCfg = Release|x86
		{663C99AF-67C4-4AD7-992A-14274DADF08B}.Ad-Hoc|Any CPU.Build.0 = Release|x86
		{663C99AF-67C4-4AD7-992A-14274DADF08B}.Ad-Hoc|Any CPU.Deploy.0 = Release|x86
		{663C99AF-67C4-4AD7-992A-14274DADF08B}.Ad-Hoc|ARM.ActiveCfg = Release|ARM
		{663C99AF-67C4-4AD7-992A-14274DADF08B}.Ad-Hoc|ARM.Build.0 = Release|ARM
		{663C99AF-67C4-4AD7-992A-14274DADF08B}.Ad-Hoc|ARM.Deploy.0 = Release|ARM
		{663C99AF-67C4-4AD7-992A-14274DADF08B}.Ad-Hoc|iPhone.ActiveCfg = Release|x86
		{663C99AF-67C4-4AD7-992A-14274DADF08B}.Ad-Hoc|iPhone.Build.0 = Release|x86
		{663C99AF-67C4-4AD7-992A-14274DADF08B}.Ad-Hoc|iPhone.Deploy.0 = Release|x86
		{663C99AF-67C4-4AD7-992A-14274DADF08B}.Ad-Hoc|iPhoneSimulator.ActiveCfg = Release|x86
		{663C99AF-67C4-4AD7-992A-14274DADF08B}.Ad-Hoc|iPhoneSimulator.Build.0 = Release|x86
		{663C99AF-67C4-4AD7-992A-14274DADF08B}.Ad-Hoc|iPhoneSimulator.Deploy.0 = Release|x86
		{663C99AF-67C4-4AD7-992A-14274DADF08B}.Ad-Hoc|x64.ActiveCfg = Release|x64
		{663C99AF-67C4-4AD7-992A-14274DADF08B}.Ad-Hoc|x64.Build.0 = Release|x64
		{663C99AF-67C4-4AD7-992A-14274DADF08B}.Ad-Hoc|x64.Deploy.0 = Release|x64
		{663C99AF-67C4-4AD7-992A-14274DADF08B}.Ad-Hoc|x86.ActiveCfg = Release|x86
		{663C99AF-67C4-4AD7-992A-14274DADF08B}.Ad-Hoc|x86.Build.0 = Release|x86
		{663C99AF-67C4-4AD7-992A-14274DADF08B}.Ad-Hoc|x86.Deploy.0 = Release|x86
		{663C99AF-67C4-4AD7-992A-14274DADF08B}.AppStore|Any CPU.ActiveCfg = Release|x86
		{663C99AF-67C4-4AD7-992A-14274DADF08B}.AppStore|Any CPU.Build.0 = Release|x86
		{663C99AF-67C4-4AD7-992A-14274DADF08B}.AppStore|Any CPU.Deploy.0 = Release|x86
		{663C99AF-67C4-4AD7-992A-14274DADF08B}.AppStore|ARM.ActiveCfg = Release|ARM
		{663C99AF-67C4-4AD7-992A-14274DADF08B}.AppStore|ARM.Build.0 = Release|ARM
		{663C99AF-67C4-4AD7-992A-14274DADF08B}.AppStore|ARM.Deploy.0 = Release|ARM
		{663C99AF-67C4-4AD7-992A-14274DADF08B}.AppStore|iPhone.ActiveCfg = Release|x86
		{663C99AF-67C4-4AD7-992A-14274DADF08B}.AppStore|iPhone.Build.0 = Release|x86
		{663C99AF-67C4-4AD7-992A-14274DADF08B}.AppStore|iPhone.Deploy.0 = Release|x86
		{663C99AF-67C4-4AD7-992A-14274DADF08B}.AppStore|iPhoneSimulator.ActiveCfg = Release|x86
		{663C99AF-67C4-4AD7-992A-14274DADF08B}.AppStore|iPhoneSimulator.Build.0 = Release|x86
		{663C99AF-67C4-4AD7-992A-14274DADF08B}.AppStore|iPhoneSimulator.Deploy.0 = Release|x86
		{663C99AF-67C4-4AD7-992A-14274DADF08B}.AppStore|x64.ActiveCfg = Release|x64
		{663C99AF-67C4-4AD7-992A-14274DADF08B}.AppStore|x64.Build.0 = Release|x64
		{663C99AF-67C4-4AD7-992A-14274DADF08B}.AppStore|x64.Deploy.0 = Release|x64
		{663C99AF-67C4-4AD7-992A-14274DADF08B}.AppStore|x86.ActiveCfg = Release|x86
		{663C99AF-67C4-4AD7-992A-14274DADF08B}.AppStore|x86.Build.0 = Release|x86
		{663C99AF-67C4-4AD7-992A-14274DADF08B}.AppStore|x86.Deploy.0 = Release|x86
		{663C99AF-67C4-4AD7-992A-14274DADF08B}.Debug|Any CPU.ActiveCfg = Debug|x86
		{663C99AF-67C4-4AD7-992A-14274DADF08B}.Debug|ARM.ActiveCfg = Debug|ARM
		{663C99AF-67C4-4AD7-992A-14274DADF08B}.Debug|ARM.Build.0 = Debug|ARM
		{663C99AF-67C4-4AD7-992A-14274DADF08B}.Debug|ARM.Deploy.0 = Debug|ARM
		{663C99AF-67C4-4AD7-992A-14274DADF08B}.Debug|iPhone.ActiveCfg = Debug|x86
		{663C99AF-67C4-4AD7-992A-14274DADF08B}.Debug|iPhoneSimulator.ActiveCfg = Debug|x86
		{663C99AF-67C4-4AD7-992A-14274DADF08B}.Debug|x64.ActiveCfg = Debug|x64
		{663C99AF-67C4-4AD7-992A-14274DADF08B}.Debug|x64.Build.0 = Debug|x64
		{663C99AF-67C4-4AD7-992A-14274DADF08B}.Debug|x64.Deploy.0 = Debug|x64
		{663C99AF-67C4-4AD7-992A-14274DADF08B}.Debug|x86.ActiveCfg = Debug|x86
		{663C99AF-67C4-4AD7-992A-14274DADF08B}.Debug|x86.Build.0 = Debug|x86
		{663C99AF-67C4-4AD7-992A-14274DADF08B}.Debug|x86.Deploy.0 = Debug|x86
		{663C99AF-67C4-4AD7-992A-14274DADF08B}.Release|Any CPU.ActiveCfg = Release|x86
		{663C99AF-67C4-4AD7-992A-14274DADF08B}.Release|ARM.ActiveCfg = Release|ARM
		{663C99AF-67C4-4AD7-992A-14274DADF08B}.Release|ARM.Build.0 = Release|ARM
		{663C99AF-67C4-4AD7-992A-14274DADF08B}.Release|ARM.Deploy.0 = Release|ARM
		{663C99AF-67C4-4AD7-992A-14274DADF08B}.Release|iPhone.ActiveCfg = Release|x86
		{663C99AF-67C4-4AD7-992A-14274DADF08B}.Release|iPhoneSimulator.ActiveCfg = Release|x86
		{663C99AF-67C4-4AD7-992A-14274DADF08B}.Release|x64.ActiveCfg = Release|x64
		{663C99AF-67C4-4AD7-992A-14274DADF08B}.Release|x64.Build.0 = Release|x64
		{663C99AF-67C4-4AD7-992A-14274DADF08B}.Release|x64.Deploy.0 = Release|x64
		{663C99AF-67C4-4AD7-992A-14274DADF08B}.Release|x86.ActiveCfg = Release|x86
		{663C99AF-67C4-4AD7-992A-14274DADF08B}.Release|x86.Build.0 = Release|x86
		{663C99AF-67C4-4AD7-992A-14274DADF08B}.Release|x86.Deploy.0 = Release|x86
		{83C61E20-C0CC-4E55-B6BC-B1925103A77D}.Ad-Hoc|Any CPU.ActiveCfg = Release|Any CPU
		{83C61E20-C0CC-4E55-B6BC-B1925103A77D}.Ad-Hoc|Any CPU.Build.0 = Release|Any CPU
		{83C61E20-C0CC-4E55-B6BC-B1925103A77D}.Ad-Hoc|Any CPU.Deploy.0 = Release|Any CPU
		{83C61E20-C0CC-4E55-B6BC-B1925103A77D}.Ad-Hoc|ARM.ActiveCfg = Release|ARM
		{83C61E20-C0CC-4E55-B6BC-B1925103A77D}.Ad-Hoc|ARM.Build.0 = Release|ARM
		{83C61E20-C0CC-4E55-B6BC-B1925103A77D}.Ad-Hoc|ARM.Deploy.0 = Release|ARM
		{83C61E20-C0CC-4E55-B6BC-B1925103A77D}.Ad-Hoc|iPhone.ActiveCfg = Release|Any CPU
		{83C61E20-C0CC-4E55-B6BC-B1925103A77D}.Ad-Hoc|iPhone.Build.0 = Release|Any CPU
		{83C61E20-C0CC-4E55-B6BC-B1925103A77D}.Ad-Hoc|iPhone.Deploy.0 = Release|Any CPU
		{83C61E20-C0CC-4E55-B6BC-B1925103A77D}.Ad-Hoc|iPhoneSimulator.ActiveCfg = Release|Any CPU
		{83C61E20-C0CC-4E55-B6BC-B1925103A77D}.Ad-Hoc|iPhoneSimulator.Build.0 = Release|Any CPU
		{83C61E20-C0CC-4E55-B6BC-B1925103A77D}.Ad-Hoc|iPhoneSimulator.Deploy.0 = Release|Any CPU
		{83C61E20-C0CC-4E55-B6BC-B1925103A77D}.Ad-Hoc|x64.ActiveCfg = Release|x64
		{83C61E20-C0CC-4E55-B6BC-B1925103A77D}.Ad-Hoc|x64.Build.0 = Release|x64
		{83C61E20-C0CC-4E55-B6BC-B1925103A77D}.Ad-Hoc|x64.Deploy.0 = Release|x64
		{83C61E20-C0CC-4E55-B6BC-B1925103A77D}.Ad-Hoc|x86.ActiveCfg = Release|x86
		{83C61E20-C0CC-4E55-B6BC-B1925103A77D}.Ad-Hoc|x86.Build.0 = Release|x86
		{83C61E20-C0CC-4E55-B6BC-B1925103A77D}.Ad-Hoc|x86.Deploy.0 = Release|x86
		{83C61E20-C0CC-4E55-B6BC-B1925103A77D}.AppStore|Any CPU.ActiveCfg = Release|Any CPU
		{83C61E20-C0CC-4E55-B6BC-B1925103A77D}.AppStore|Any CPU.Build.0 = Release|Any CPU
		{83C61E20-C0CC-4E55-B6BC-B1925103A77D}.AppStore|Any CPU.Deploy.0 = Release|Any CPU
		{83C61E20-C0CC-4E55-B6BC-B1925103A77D}.AppStore|ARM.ActiveCfg = Release|ARM
		{83C61E20-C0CC-4E55-B6BC-B1925103A77D}.AppStore|ARM.Build.0 = Release|ARM
		{83C61E20-C0CC-4E55-B6BC-B1925103A77D}.AppStore|ARM.Deploy.0 = Release|ARM
		{83C61E20-C0CC-4E55-B6BC-B1925103A77D}.AppStore|iPhone.ActiveCfg = Release|Any CPU
		{83C61E20-C0CC-4E55-B6BC-B1925103A77D}.AppStore|iPhone.Build.0 = Release|Any CPU
		{83C61E20-C0CC-4E55-B6BC-B1925103A77D}.AppStore|iPhone.Deploy.0 = Release|Any CPU
		{83C61E20-C0CC-4E55-B6BC-B1925103A77D}.AppStore|iPhoneSimulator.ActiveCfg = Release|Any CPU
		{83C61E20-C0CC-4E55-B6BC-B1925103A77D}.AppStore|iPhoneSimulator.Build.0 = Release|Any CPU
		{83C61E20-C0CC-4E55-B6BC-B1925103A77D}.AppStore|iPhoneSimulator.Deploy.0 = Release|Any CPU
		{83C61E20-C0CC-4E55-B6BC-B1925103A77D}.AppStore|x64.ActiveCfg = Release|x64
		{83C61E20-C0CC-4E55-B6BC-B1925103A77D}.AppStore|x64.Build.0 = Release|x64
		{83C61E20-C0CC-4E55-B6BC-B1925103A77D}.AppStore|x64.Deploy.0 = Release|x64
		{83C61E20-C0CC-4E55-B6BC-B1925103A77D}.AppStore|x86.ActiveCfg = Release|x86
		{83C61E20-C0CC-4E55-B6BC-B1925103A77D}.AppStore|x86.Build.0 = Release|x86
		{83C61E20-C0CC-4E55-B6BC-B1925103A77D}.AppStore|x86.Deploy.0 = Release|x86
		{83C61E20-C0CC-4E55-B6BC-B1925103A77D}.Debug|Any CPU.ActiveCfg = Debug|Any CPU
		{83C61E20-C0CC-4E55-B6BC-B1925103A77D}.Debug|Any CPU.Build.0 = Debug|Any CPU
		{83C61E20-C0CC-4E55-B6BC-B1925103A77D}.Debug|Any CPU.Deploy.0 = Debug|Any CPU
		{83C61E20-C0CC-4E55-B6BC-B1925103A77D}.Debug|ARM.ActiveCfg = Debug|ARM
		{83C61E20-C0CC-4E55-B6BC-B1925103A77D}.Debug|ARM.Build.0 = Debug|ARM
		{83C61E20-C0CC-4E55-B6BC-B1925103A77D}.Debug|ARM.Deploy.0 = Debug|ARM
		{83C61E20-C0CC-4E55-B6BC-B1925103A77D}.Debug|iPhone.ActiveCfg = Debug|Any CPU
		{83C61E20-C0CC-4E55-B6BC-B1925103A77D}.Debug|iPhone.Build.0 = Debug|Any CPU
		{83C61E20-C0CC-4E55-B6BC-B1925103A77D}.Debug|iPhone.Deploy.0 = Debug|Any CPU
		{83C61E20-C0CC-4E55-B6BC-B1925103A77D}.Debug|iPhoneSimulator.ActiveCfg = Debug|Any CPU
		{83C61E20-C0CC-4E55-B6BC-B1925103A77D}.Debug|iPhoneSimulator.Build.0 = Debug|Any CPU
		{83C61E20-C0CC-4E55-B6BC-B1925103A77D}.Debug|iPhoneSimulator.Deploy.0 = Debug|Any CPU
		{83C61E20-C0CC-4E55-B6BC-B1925103A77D}.Debug|x64.ActiveCfg = Debug|x64
		{83C61E20-C0CC-4E55-B6BC-B1925103A77D}.Debug|x64.Build.0 = Debug|x64
		{83C61E20-C0CC-4E55-B6BC-B1925103A77D}.Debug|x64.Deploy.0 = Debug|x64
		{83C61E20-C0CC-4E55-B6BC-B1925103A77D}.Debug|x86.ActiveCfg = Debug|x86
		{83C61E20-C0CC-4E55-B6BC-B1925103A77D}.Debug|x86.Build.0 = Debug|x86
		{83C61E20-C0CC-4E55-B6BC-B1925103A77D}.Debug|x86.Deploy.0 = Debug|x86
		{83C61E20-C0CC-4E55-B6BC-B1925103A77D}.Release|Any CPU.ActiveCfg = Release|Any CPU
		{83C61E20-C0CC-4E55-B6BC-B1925103A77D}.Release|Any CPU.Build.0 = Release|Any CPU
		{83C61E20-C0CC-4E55-B6BC-B1925103A77D}.Release|Any CPU.Deploy.0 = Release|Any CPU
		{83C61E20-C0CC-4E55-B6BC-B1925103A77D}.Release|ARM.ActiveCfg = Release|ARM
		{83C61E20-C0CC-4E55-B6BC-B1925103A77D}.Release|ARM.Build.0 = Release|ARM
		{83C61E20-C0CC-4E55-B6BC-B1925103A77D}.Release|ARM.Deploy.0 = Release|ARM
		{83C61E20-C0CC-4E55-B6BC-B1925103A77D}.Release|iPhone.ActiveCfg = Release|Any CPU
		{83C61E20-C0CC-4E55-B6BC-B1925103A77D}.Release|iPhone.Build.0 = Release|Any CPU
		{83C61E20-C0CC-4E55-B6BC-B1925103A77D}.Release|iPhone.Deploy.0 = Release|Any CPU
		{83C61E20-C0CC-4E55-B6BC-B1925103A77D}.Release|iPhoneSimulator.ActiveCfg = Release|Any CPU
		{83C61E20-C0CC-4E55-B6BC-B1925103A77D}.Release|iPhoneSimulator.Build.0 = Release|Any CPU
		{83C61E20-C0CC-4E55-B6BC-B1925103A77D}.Release|iPhoneSimulator.Deploy.0 = Release|Any CPU
		{83C61E20-C0CC-4E55-B6BC-B1925103A77D}.Release|x64.ActiveCfg = Release|x64
		{83C61E20-C0CC-4E55-B6BC-B1925103A77D}.Release|x64.Build.0 = Release|x64
		{83C61E20-C0CC-4E55-B6BC-B1925103A77D}.Release|x64.Deploy.0 = Release|x64
		{83C61E20-C0CC-4E55-B6BC-B1925103A77D}.Release|x86.ActiveCfg = Release|x86
		{83C61E20-C0CC-4E55-B6BC-B1925103A77D}.Release|x86.Build.0 = Release|x86
		{83C61E20-C0CC-4E55-B6BC-B1925103A77D}.Release|x86.Deploy.0 = Release|x86
	EndGlobalSection
	GlobalSection(SolutionProperties) = preSolution
		HideSolutionNode = FALSE
	EndGlobalSection
EndGlobal
