
Microsoft Visual Studio Solution File, Format Version 12.00
# Visual Studio 14
VisualStudioVersion = 14.0.25420.1
MinimumVisualStudioVersion = 10.0.40219.1
Project("{FAE04EC0-301F-11D3-BF4B-00C04F79EFBC}") = "CeldasPersonalizadasXAML", "CeldasPersonalizadasXAML\CeldasPersonalizadasXAML\CeldasPersonalizadasXAML.csproj", "{420474DB-4066-4072-A4F7-C4CA57E825A8}"
EndProject
Project("{FAE04EC0-301F-11D3-BF4B-00C04F79EFBC}") = "CeldasPersonalizadasXAML.Droid", "CeldasPersonalizadasXAML\CeldasPersonalizadasXAML.Droid\CeldasPersonalizadasXAML.Droid.csproj", "{A9EDD8C0-14D3-4C0E-A1DE-263F96896396}"
EndProject
Project("{FAE04EC0-301F-11D3-BF4B-00C04F79EFBC}") = "CeldasPersonalizadasXAML.iOS", "CeldasPersonalizadasXAML\CeldasPersonalizadasXAML.iOS\CeldasPersonalizadasXAML.iOS.csproj", "{7FE79022-A2F9-4565-B8E6-67167D551564}"
EndProject
Project("{FAE04EC0-301F-11D3-BF4B-00C04F79EFBC}") = "CeldasPersonalizadasXAML.WinPhone", "CeldasPersonalizadasXAML\CeldasPersonalizadasXAML.WinPhone\CeldasPersonalizadasXAML.WinPhone.csproj", "{FC12551D-A70F-41A8-8ABE-6687513D83FA}"
EndProject
Project("{FAE04EC0-301F-11D3-BF4B-00C04F79EFBC}") = "CeldasPersonalizadasXAML.UWP", "CeldasPersonalizadasXAML\CeldasPersonalizadasXAML.UWP\CeldasPersonalizadasXAML.UWP.csproj", "{7AC35CB9-1D3C-4760-9A97-F172E45D8BCB}"
EndProject
Project("{FAE04EC0-301F-11D3-BF4B-00C04F79EFBC}") = "CeldasPersonalizadasXAML.Windows", "CeldasPersonalizadasXAML\CeldasPersonalizadasXAML.Windows\CeldasPersonalizadasXAML.Windows.csproj", "{5A623B7C-C6E2-4355-B1A0-B4EA55A160C4}"
EndProject
Global
	GlobalSection(SolutionConfigurationPlatforms) = preSolution
		Ad-Hoc|Any CPU = Ad-Hoc|Any CPU
		Ad-Hoc|ARM = Ad-Hoc|ARM
		Ad-Hoc|iPhone = Ad-Hoc|iPhone
		Ad-Hoc|iPhoneSimulator = Ad-Hoc|iPhoneSimulator
		Ad-Hoc|x64 = Ad-Hoc|x64
		Ad-Hoc|x86 = Ad-Hoc|x86
		AppStore|Any CPU = AppStore|Any CPU
		AppStore|ARM = AppStore|ARM
		AppStore|iPhone = AppStore|iPhone
		AppStore|iPhoneSimulator = AppStore|iPhoneSimulator
		AppStore|x64 = AppStore|x64
		AppStore|x86 = AppStore|x86
		Debug|Any CPU = Debug|Any CPU
		Debug|ARM = Debug|ARM
		Debug|iPhone = Debug|iPhone
		Debug|iPhoneSimulator = Debug|iPhoneSimulator
		Debug|x64 = Debug|x64
		Debug|x86 = Debug|x86
		Release|Any CPU = Release|Any CPU
		Release|ARM = Release|ARM
		Release|iPhone = Release|iPhone
		Release|iPhoneSimulator = Release|iPhoneSimulator
		Release|x64 = Release|x64
		Release|x86 = Release|x86
	EndGlobalSection
	GlobalSection(ProjectConfigurationPlatforms) = postSolution
		{420474DB-4066-4072-A4F7-C4CA57E825A8}.Ad-Hoc|Any CPU.ActiveCfg = Release|Any CPU
		{420474DB-4066-4072-A4F7-C4CA57E825A8}.Ad-Hoc|Any CPU.Build.0 = Release|Any CPU
		{420474DB-4066-4072-A4F7-C4CA57E825A8}.Ad-Hoc|ARM.ActiveCfg = Release|Any CPU
		{420474DB-4066-4072-A4F7-C4CA57E825A8}.Ad-Hoc|ARM.Build.0 = Release|Any CPU
		{420474DB-4066-4072-A4F7-C4CA57E825A8}.Ad-Hoc|iPhone.ActiveCfg = Release|Any CPU
		{420474DB-4066-4072-A4F7-C4CA57E825A8}.Ad-Hoc|iPhone.Build.0 = Release|Any CPU
		{420474DB-4066-4072-A4F7-C4CA57E825A8}.Ad-Hoc|iPhoneSimulator.ActiveCfg = Release|Any CPU
		{420474DB-4066-4072-A4F7-C4CA57E825A8}.Ad-Hoc|iPhoneSimulator.Build.0 = Release|Any CPU
		{420474DB-4066-4072-A4F7-C4CA57E825A8}.Ad-Hoc|x64.ActiveCfg = Release|Any CPU
		{420474DB-4066-4072-A4F7-C4CA57E825A8}.Ad-Hoc|x64.Build.0 = Release|Any CPU
		{420474DB-4066-4072-A4F7-C4CA57E825A8}.Ad-Hoc|x86.ActiveCfg = Release|Any CPU
		{420474DB-4066-4072-A4F7-C4CA57E825A8}.Ad-Hoc|x86.Build.0 = Release|Any CPU
		{420474DB-4066-4072-A4F7-C4CA57E825A8}.AppStore|Any CPU.ActiveCfg = Release|Any CPU
		{420474DB-4066-4072-A4F7-C4CA57E825A8}.AppStore|Any CPU.Build.0 = Release|Any CPU
		{420474DB-4066-4072-A4F7-C4CA57E825A8}.AppStore|ARM.ActiveCfg = Release|Any CPU
		{420474DB-4066-4072-A4F7-C4CA57E825A8}.AppStore|ARM.Build.0 = Release|Any CPU
		{420474DB-4066-4072-A4F7-C4CA57E825A8}.AppStore|iPhone.ActiveCfg = Release|Any CPU
		{420474DB-4066-4072-A4F7-C4CA57E825A8}.AppStore|iPhone.Build.0 = Release|Any CPU
		{420474DB-4066-4072-A4F7-C4CA57E825A8}.AppStore|iPhoneSimulator.ActiveCfg = Release|Any CPU
		{420474DB-4066-4072-A4F7-C4CA57E825A8}.AppStore|iPhoneSimulator.Build.0 = Release|Any CPU
		{420474DB-4066-4072-A4F7-C4CA57E825A8}.AppStore|x64.ActiveCfg = Release|Any CPU
		{420474DB-4066-4072-A4F7-C4CA57E825A8}.AppStore|x64.Build.0 = Release|Any CPU
		{420474DB-4066-4072-A4F7-C4CA57E825A8}.AppStore|x86.ActiveCfg = Release|Any CPU
		{420474DB-4066-4072-A4F7-C4CA57E825A8}.AppStore|x86.Build.0 = Release|Any CPU
		{420474DB-4066-4072-A4F7-C4CA57E825A8}.Debug|Any CPU.ActiveCfg = Debug|Any CPU
		{420474DB-4066-4072-A4F7-C4CA57E825A8}.Debug|Any CPU.Build.0 = Debug|Any CPU
		{420474DB-4066-4072-A4F7-C4CA57E825A8}.Debug|ARM.ActiveCfg = Debug|Any CPU
		{420474DB-4066-4072-A4F7-C4CA57E825A8}.Debug|ARM.Build.0 = Debug|Any CPU
		{420474DB-4066-4072-A4F7-C4CA57E825A8}.Debug|iPhone.ActiveCfg = Debug|Any CPU
		{420474DB-4066-4072-A4F7-C4CA57E825A8}.Debug|iPhone.Build.0 = Debug|Any CPU
		{420474DB-4066-4072-A4F7-C4CA57E825A8}.Debug|iPhoneSimulator.ActiveCfg = Debug|Any CPU
		{420474DB-4066-4072-A4F7-C4CA57E825A8}.Debug|iPhoneSimulator.Build.0 = Debug|Any CPU
		{420474DB-4066-4072-A4F7-C4CA57E825A8}.Debug|x64.ActiveCfg = Debug|Any CPU
		{420474DB-4066-4072-A4F7-C4CA57E825A8}.Debug|x64.Build.0 = Debug|Any CPU
		{420474DB-4066-4072-A4F7-C4CA57E825A8}.Debug|x86.ActiveCfg = Debug|Any CPU
		{420474DB-4066-4072-A4F7-C4CA57E825A8}.Debug|x86.Build.0 = Debug|Any CPU
		{420474DB-4066-4072-A4F7-C4CA57E825A8}.Release|Any CPU.ActiveCfg = Release|Any CPU
		{420474DB-4066-4072-A4F7-C4CA57E825A8}.Release|Any CPU.Build.0 = Release|Any CPU
		{420474DB-4066-4072-A4F7-C4CA57E825A8}.Release|ARM.ActiveCfg = Release|Any CPU
		{420474DB-4066-4072-A4F7-C4CA57E825A8}.Release|ARM.Build.0 = Release|Any CPU
		{420474DB-4066-4072-A4F7-C4CA57E825A8}.Release|iPhone.ActiveCfg = Release|Any CPU
		{420474DB-4066-4072-A4F7-C4CA57E825A8}.Release|iPhone.Build.0 = Release|Any CPU
		{420474DB-4066-4072-A4F7-C4CA57E825A8}.Release|iPhoneSimulator.ActiveCfg = Release|Any CPU
		{420474DB-4066-4072-A4F7-C4CA57E825A8}.Release|iPhoneSimulator.Build.0 = Release|Any CPU
		{420474DB-4066-4072-A4F7-C4CA57E825A8}.Release|x64.ActiveCfg = Release|Any CPU
		{420474DB-4066-4072-A4F7-C4CA57E825A8}.Release|x64.Build.0 = Release|Any CPU
		{420474DB-4066-4072-A4F7-C4CA57E825A8}.Release|x86.ActiveCfg = Release|Any CPU
		{420474DB-4066-4072-A4F7-C4CA57E825A8}.Release|x86.Build.0 = Release|Any CPU
		{A9EDD8C0-14D3-4C0E-A1DE-263F96896396}.Ad-Hoc|Any CPU.ActiveCfg = Release|Any CPU
		{A9EDD8C0-14D3-4C0E-A1DE-263F96896396}.Ad-Hoc|Any CPU.Build.0 = Release|Any CPU
		{A9EDD8C0-14D3-4C0E-A1DE-263F96896396}.Ad-Hoc|Any CPU.Deploy.0 = Release|Any CPU
		{A9EDD8C0-14D3-4C0E-A1DE-263F96896396}.Ad-Hoc|ARM.ActiveCfg = Release|Any CPU
		{A9EDD8C0-14D3-4C0E-A1DE-263F96896396}.Ad-Hoc|ARM.Build.0 = Release|Any CPU
		{A9EDD8C0-14D3-4C0E-A1DE-263F96896396}.Ad-Hoc|ARM.Deploy.0 = Release|Any CPU
		{A9EDD8C0-14D3-4C0E-A1DE-263F96896396}.Ad-Hoc|iPhone.ActiveCfg = Release|Any CPU
		{A9EDD8C0-14D3-4C0E-A1DE-263F96896396}.Ad-Hoc|iPhone.Build.0 = Release|Any CPU
		{A9EDD8C0-14D3-4C0E-A1DE-263F96896396}.Ad-Hoc|iPhone.Deploy.0 = Release|Any CPU
		{A9EDD8C0-14D3-4C0E-A1DE-263F96896396}.Ad-Hoc|iPhoneSimulator.ActiveCfg = Release|Any CPU
		{A9EDD8C0-14D3-4C0E-A1DE-263F96896396}.Ad-Hoc|iPhoneSimulator.Build.0 = Release|Any CPU
		{A9EDD8C0-14D3-4C0E-A1DE-263F96896396}.Ad-Hoc|iPhoneSimulator.Deploy.0 = Release|Any CPU
		{A9EDD8C0-14D3-4C0E-A1DE-263F96896396}.Ad-Hoc|x64.ActiveCfg = Release|Any CPU
		{A9EDD8C0-14D3-4C0E-A1DE-263F96896396}.Ad-Hoc|x64.Build.0 = Release|Any CPU
		{A9EDD8C0-14D3-4C0E-A1DE-263F96896396}.Ad-Hoc|x64.Deploy.0 = Release|Any CPU
		{A9EDD8C0-14D3-4C0E-A1DE-263F96896396}.Ad-Hoc|x86.ActiveCfg = Release|Any CPU
		{A9EDD8C0-14D3-4C0E-A1DE-263F96896396}.Ad-Hoc|x86.Build.0 = Release|Any CPU
		{A9EDD8C0-14D3-4C0E-A1DE-263F96896396}.Ad-Hoc|x86.Deploy.0 = Release|Any CPU
		{A9EDD8C0-14D3-4C0E-A1DE-263F96896396}.AppStore|Any CPU.ActiveCfg = Release|Any CPU
		{A9EDD8C0-14D3-4C0E-A1DE-263F96896396}.AppStore|Any CPU.Build.0 = Release|Any CPU
		{A9EDD8C0-14D3-4C0E-A1DE-263F96896396}.AppStore|Any CPU.Deploy.0 = Release|Any CPU
		{A9EDD8C0-14D3-4C0E-A1DE-263F96896396}.AppStore|ARM.ActiveCfg = Release|Any CPU
		{A9EDD8C0-14D3-4C0E-A1DE-263F96896396}.AppStore|ARM.Build.0 = Release|Any CPU
		{A9EDD8C0-14D3-4C0E-A1DE-263F96896396}.AppStore|ARM.Deploy.0 = Release|Any CPU
		{A9EDD8C0-14D3-4C0E-A1DE-263F96896396}.AppStore|iPhone.ActiveCfg = Release|Any CPU
		{A9EDD8C0-14D3-4C0E-A1DE-263F96896396}.AppStore|iPhone.Build.0 = Release|Any CPU
		{A9EDD8C0-14D3-4C0E-A1DE-263F96896396}.AppStore|iPhone.Deploy.0 = Release|Any CPU
		{A9EDD8C0-14D3-4C0E-A1DE-263F96896396}.AppStore|iPhoneSimulator.ActiveCfg = Release|Any CPU
		{A9EDD8C0-14D3-4C0E-A1DE-263F96896396}.AppStore|iPhoneSimulator.Build.0 = Release|Any CPU
		{A9EDD8C0-14D3-4C0E-A1DE-263F96896396}.AppStore|iPhoneSimulator.Deploy.0 = Release|Any CPU
		{A9EDD8C0-14D3-4C0E-A1DE-263F96896396}.AppStore|x64.ActiveCfg = Release|Any CPU
		{A9EDD8C0-14D3-4C0E-A1DE-263F96896396}.AppStore|x64.Build.0 = Release|Any CPU
		{A9EDD8C0-14D3-4C0E-A1DE-263F96896396}.AppStore|x64.Deploy.0 = Release|Any CPU
		{A9EDD8C0-14D3-4C0E-A1DE-263F96896396}.AppStore|x86.ActiveCfg = Release|Any CPU
		{A9EDD8C0-14D3-4C0E-A1DE-263F96896396}.AppStore|x86.Build.0 = Release|Any CPU
		{A9EDD8C0-14D3-4C0E-A1DE-263F96896396}.AppStore|x86.Deploy.0 = Release|Any CPU
		{A9EDD8C0-14D3-4C0E-A1DE-263F96896396}.Debug|Any CPU.ActiveCfg = Debug|Any CPU
		{A9EDD8C0-14D3-4C0E-A1DE-263F96896396}.Debug|Any CPU.Build.0 = Debug|Any CPU
		{A9EDD8C0-14D3-4C0E-A1DE-263F96896396}.Debug|Any CPU.Deploy.0 = Debug|Any CPU
		{A9EDD8C0-14D3-4C0E-A1DE-263F96896396}.Debug|ARM.ActiveCfg = Debug|Any CPU
		{A9EDD8C0-14D3-4C0E-A1DE-263F96896396}.Debug|ARM.Build.0 = Debug|Any CPU
		{A9EDD8C0-14D3-4C0E-A1DE-263F96896396}.Debug|ARM.Deploy.0 = Debug|Any CPU
		{A9EDD8C0-14D3-4C0E-A1DE-263F96896396}.Debug|iPhone.ActiveCfg = Debug|Any CPU
		{A9EDD8C0-14D3-4C0E-A1DE-263F96896396}.Debug|iPhone.Build.0 = Debug|Any CPU
		{A9EDD8C0-14D3-4C0E-A1DE-263F96896396}.Debug|iPhone.Deploy.0 = Debug|Any CPU
		{A9EDD8C0-14D3-4C0E-A1DE-263F96896396}.Debug|iPhoneSimulator.ActiveCfg = Debug|Any CPU
		{A9EDD8C0-14D3-4C0E-A1DE-263F96896396}.Debug|iPhoneSimulator.Build.0 = Debug|Any CPU
		{A9EDD8C0-14D3-4C0E-A1DE-263F96896396}.Debug|iPhoneSimulator.Deploy.0 = Debug|Any CPU
		{A9EDD8C0-14D3-4C0E-A1DE-263F96896396}.Debug|x64.ActiveCfg = Debug|Any CPU
		{A9EDD8C0-14D3-4C0E-A1DE-263F96896396}.Debug|x64.Build.0 = Debug|Any CPU
		{A9EDD8C0-14D3-4C0E-A1DE-263F96896396}.Debug|x64.Deploy.0 = Debug|Any CPU
		{A9EDD8C0-14D3-4C0E-A1DE-263F96896396}.Debug|x86.ActiveCfg = Debug|Any CPU
		{A9EDD8C0-14D3-4C0E-A1DE-263F96896396}.Debug|x86.Build.0 = Debug|Any CPU
		{A9EDD8C0-14D3-4C0E-A1DE-263F96896396}.Debug|x86.Deploy.0 = Debug|Any CPU
		{A9EDD8C0-14D3-4C0E-A1DE-263F96896396}.Release|Any CPU.ActiveCfg = Release|Any CPU
		{A9EDD8C0-14D3-4C0E-A1DE-263F96896396}.Release|Any CPU.Build.0 = Release|Any CPU
		{A9EDD8C0-14D3-4C0E-A1DE-263F96896396}.Release|Any CPU.Deploy.0 = Release|Any CPU
		{A9EDD8C0-14D3-4C0E-A1DE-263F96896396}.Release|ARM.ActiveCfg = Release|Any CPU
		{A9EDD8C0-14D3-4C0E-A1DE-263F96896396}.Release|ARM.Build.0 = Release|Any CPU
		{A9EDD8C0-14D3-4C0E-A1DE-263F96896396}.Release|ARM.Deploy.0 = Release|Any CPU
		{A9EDD8C0-14D3-4C0E-A1DE-263F96896396}.Release|iPhone.ActiveCfg = Release|Any CPU
		{A9EDD8C0-14D3-4C0E-A1DE-263F96896396}.Release|iPhone.Build.0 = Release|Any CPU
		{A9EDD8C0-14D3-4C0E-A1DE-263F96896396}.Release|iPhone.Deploy.0 = Release|Any CPU
		{A9EDD8C0-14D3-4C0E-A1DE-263F96896396}.Release|iPhoneSimulator.ActiveCfg = Release|Any CPU
		{A9EDD8C0-14D3-4C0E-A1DE-263F96896396}.Release|iPhoneSimulator.Build.0 = Release|Any CPU
		{A9EDD8C0-14D3-4C0E-A1DE-263F96896396}.Release|iPhoneSimulator.Deploy.0 = Release|Any CPU
		{A9EDD8C0-14D3-4C0E-A1DE-263F96896396}.Release|x64.ActiveCfg = Release|Any CPU
		{A9EDD8C0-14D3-4C0E-A1DE-263F96896396}.Release|x64.Build.0 = Release|Any CPU
		{A9EDD8C0-14D3-4C0E-A1DE-263F96896396}.Release|x64.Deploy.0 = Release|Any CPU
		{A9EDD8C0-14D3-4C0E-A1DE-263F96896396}.Release|x86.ActiveCfg = Release|Any CPU
		{A9EDD8C0-14D3-4C0E-A1DE-263F96896396}.Release|x86.Build.0 = Release|Any CPU
		{A9EDD8C0-14D3-4C0E-A1DE-263F96896396}.Release|x86.Deploy.0 = Release|Any CPU
		{7FE79022-A2F9-4565-B8E6-67167D551564}.Ad-Hoc|Any CPU.ActiveCfg = Ad-Hoc|iPhone
		{7FE79022-A2F9-4565-B8E6-67167D551564}.Ad-Hoc|ARM.ActiveCfg = Ad-Hoc|iPhone
		{7FE79022-A2F9-4565-B8E6-67167D551564}.Ad-Hoc|iPhone.ActiveCfg = Ad-Hoc|iPhone
		{7FE79022-A2F9-4565-B8E6-67167D551564}.Ad-Hoc|iPhone.Build.0 = Ad-Hoc|iPhone
		{7FE79022-A2F9-4565-B8E6-67167D551564}.Ad-Hoc|iPhoneSimulator.ActiveCfg = Ad-Hoc|iPhoneSimulator
		{7FE79022-A2F9-4565-B8E6-67167D551564}.Ad-Hoc|iPhoneSimulator.Build.0 = Ad-Hoc|iPhoneSimulator
		{7FE79022-A2F9-4565-B8E6-67167D551564}.Ad-Hoc|x64.ActiveCfg = Ad-Hoc|iPhone
		{7FE79022-A2F9-4565-B8E6-67167D551564}.Ad-Hoc|x86.ActiveCfg = Ad-Hoc|iPhone
		{7FE79022-A2F9-4565-B8E6-67167D551564}.AppStore|Any CPU.ActiveCfg = AppStore|iPhone
		{7FE79022-A2F9-4565-B8E6-67167D551564}.AppStore|ARM.ActiveCfg = AppStore|iPhone
		{7FE79022-A2F9-4565-B8E6-67167D551564}.AppStore|iPhone.ActiveCfg = AppStore|iPhone
		{7FE79022-A2F9-4565-B8E6-67167D551564}.AppStore|iPhone.Build.0 = AppStore|iPhone
		{7FE79022-A2F9-4565-B8E6-67167D551564}.AppStore|iPhoneSimulator.ActiveCfg = AppStore|iPhoneSimulator
		{7FE79022-A2F9-4565-B8E6-67167D551564}.AppStore|iPhoneSimulator.Build.0 = AppStore|iPhoneSimulator
		{7FE79022-A2F9-4565-B8E6-67167D551564}.AppStore|x64.ActiveCfg = AppStore|iPhone
		{7FE79022-A2F9-4565-B8E6-67167D551564}.AppStore|x86.ActiveCfg = AppStore|iPhone
		{7FE79022-A2F9-4565-B8E6-67167D551564}.Debug|Any CPU.ActiveCfg = Debug|iPhone
		{7FE79022-A2F9-4565-B8E6-67167D551564}.Debug|ARM.ActiveCfg = Debug|iPhone
		{7FE79022-A2F9-4565-B8E6-67167D551564}.Debug|iPhone.ActiveCfg = Debug|iPhone
		{7FE79022-A2F9-4565-B8E6-67167D551564}.Debug|iPhone.Build.0 = Debug|iPhone
		{7FE79022-A2F9-4565-B8E6-67167D551564}.Debug|iPhoneSimulator.ActiveCfg = Debug|iPhoneSimulator
		{7FE79022-A2F9-4565-B8E6-67167D551564}.Debug|iPhoneSimulator.Build.0 = Debug|iPhoneSimulator
		{7FE79022-A2F9-4565-B8E6-67167D551564}.Debug|x64.ActiveCfg = Debug|iPhone
		{7FE79022-A2F9-4565-B8E6-67167D551564}.Debug|x86.ActiveCfg = Debug|iPhone
		{7FE79022-A2F9-4565-B8E6-67167D551564}.Release|Any CPU.ActiveCfg = Release|iPhone
		{7FE79022-A2F9-4565-B8E6-67167D551564}.Release|ARM.ActiveCfg = Release|iPhone
		{7FE79022-A2F9-4565-B8E6-67167D551564}.Release|iPhone.ActiveCfg = Release|iPhone
		{7FE79022-A2F9-4565-B8E6-67167D551564}.Release|iPhone.Build.0 = Release|iPhone
		{7FE79022-A2F9-4565-B8E6-67167D551564}.Release|iPhoneSimulator.ActiveCfg = Release|iPhoneSimulator
		{7FE79022-A2F9-4565-B8E6-67167D551564}.Release|iPhoneSimulator.Build.0 = Release|iPhoneSimulator
		{7FE79022-A2F9-4565-B8E6-67167D551564}.Release|x64.ActiveCfg = Release|iPhone
		{7FE79022-A2F9-4565-B8E6-67167D551564}.Release|x86.ActiveCfg = Release|iPhone
		{FC12551D-A70F-41A8-8ABE-6687513D83FA}.Ad-Hoc|Any CPU.ActiveCfg = Release|Any CPU
		{FC12551D-A70F-41A8-8ABE-6687513D83FA}.Ad-Hoc|Any CPU.Build.0 = Release|Any CPU
		{FC12551D-A70F-41A8-8ABE-6687513D83FA}.Ad-Hoc|Any CPU.Deploy.0 = Release|Any CPU
		{FC12551D-A70F-41A8-8ABE-6687513D83FA}.Ad-Hoc|ARM.ActiveCfg = Release|ARM
		{FC12551D-A70F-41A8-8ABE-6687513D83FA}.Ad-Hoc|ARM.Build.0 = Release|ARM
		{FC12551D-A70F-41A8-8ABE-6687513D83FA}.Ad-Hoc|ARM.Deploy.0 = Release|ARM
		{FC12551D-A70F-41A8-8ABE-6687513D83FA}.Ad-Hoc|iPhone.ActiveCfg = Release|Any CPU
		{FC12551D-A70F-41A8-8ABE-6687513D83FA}.Ad-Hoc|iPhone.Build.0 = Release|Any CPU
		{FC12551D-A70F-41A8-8ABE-6687513D83FA}.Ad-Hoc|iPhone.Deploy.0 = Release|Any CPU
		{FC12551D-A70F-41A8-8ABE-6687513D83FA}.Ad-Hoc|iPhoneSimulator.ActiveCfg = Release|Any CPU
		{FC12551D-A70F-41A8-8ABE-6687513D83FA}.Ad-Hoc|iPhoneSimulator.Build.0 = Release|Any CPU
		{FC12551D-A70F-41A8-8ABE-6687513D83FA}.Ad-Hoc|iPhoneSimulator.Deploy.0 = Release|Any CPU
		{FC12551D-A70F-41A8-8ABE-6687513D83FA}.Ad-Hoc|x64.ActiveCfg = Release|Any CPU
		{FC12551D-A70F-41A8-8ABE-6687513D83FA}.Ad-Hoc|x64.Build.0 = Release|Any CPU
		{FC12551D-A70F-41A8-8ABE-6687513D83FA}.Ad-Hoc|x64.Deploy.0 = Release|Any CPU
		{FC12551D-A70F-41A8-8ABE-6687513D83FA}.Ad-Hoc|x86.ActiveCfg = Release|x86
		{FC12551D-A70F-41A8-8ABE-6687513D83FA}.Ad-Hoc|x86.Build.0 = Release|x86
		{FC12551D-A70F-41A8-8ABE-6687513D83FA}.Ad-Hoc|x86.Deploy.0 = Release|x86
		{FC12551D-A70F-41A8-8ABE-6687513D83FA}.AppStore|Any CPU.ActiveCfg = Release|Any CPU
		{FC12551D-A70F-41A8-8ABE-6687513D83FA}.AppStore|Any CPU.Build.0 = Release|Any CPU
		{FC12551D-A70F-41A8-8ABE-6687513D83FA}.AppStore|Any CPU.Deploy.0 = Release|Any CPU
		{FC12551D-A70F-41A8-8ABE-6687513D83FA}.AppStore|ARM.ActiveCfg = Release|ARM
		{FC12551D-A70F-41A8-8ABE-6687513D83FA}.AppStore|ARM.Build.0 = Release|ARM
		{FC12551D-A70F-41A8-8ABE-6687513D83FA}.AppStore|ARM.Deploy.0 = Release|ARM
		{FC12551D-A70F-41A8-8ABE-6687513D83FA}.AppStore|iPhone.ActiveCfg = Release|Any CPU
		{FC12551D-A70F-41A8-8ABE-6687513D83FA}.AppStore|iPhone.Build.0 = Release|Any CPU
		{FC12551D-A70F-41A8-8ABE-6687513D83FA}.AppStore|iPhone.Deploy.0 = Release|Any CPU
		{FC12551D-A70F-41A8-8ABE-6687513D83FA}.AppStore|iPhoneSimulator.ActiveCfg = Release|Any CPU
		{FC12551D-A70F-41A8-8ABE-6687513D83FA}.AppStore|iPhoneSimulator.Build.0 = Release|Any CPU
		{FC12551D-A70F-41A8-8ABE-6687513D83FA}.AppStore|iPhoneSimulator.Deploy.0 = Release|Any CPU
		{FC12551D-A70F-41A8-8ABE-6687513D83FA}.AppStore|x64.ActiveCfg = Release|Any CPU
		{FC12551D-A70F-41A8-8ABE-6687513D83FA}.AppStore|x64.Build.0 = Release|Any CPU
		{FC12551D-A70F-41A8-8ABE-6687513D83FA}.AppStore|x64.Deploy.0 = Release|Any CPU
		{FC12551D-A70F-41A8-8ABE-6687513D83FA}.AppStore|x86.ActiveCfg = Release|x86
		{FC12551D-A70F-41A8-8ABE-6687513D83FA}.AppStore|x86.Build.0 = Release|x86
		{FC12551D-A70F-41A8-8ABE-6687513D83FA}.AppStore|x86.Deploy.0 = Release|x86
		{FC12551D-A70F-41A8-8ABE-6687513D83FA}.Debug|Any CPU.ActiveCfg = Debug|Any CPU
		{FC12551D-A70F-41A8-8ABE-6687513D83FA}.Debug|ARM.ActiveCfg = Debug|ARM
		{FC12551D-A70F-41A8-8ABE-6687513D83FA}.Debug|ARM.Build.0 = Debug|ARM
		{FC12551D-A70F-41A8-8ABE-6687513D83FA}.Debug|ARM.Deploy.0 = Debug|ARM
		{FC12551D-A70F-41A8-8ABE-6687513D83FA}.Debug|iPhone.ActiveCfg = Debug|Any CPU
		{FC12551D-A70F-41A8-8ABE-6687513D83FA}.Debug|iPhone.Build.0 = Debug|Any CPU
		{FC12551D-A70F-41A8-8ABE-6687513D83FA}.Debug|iPhone.Deploy.0 = Debug|Any CPU
		{FC12551D-A70F-41A8-8ABE-6687513D83FA}.Debug|iPhoneSimulator.ActiveCfg = Debug|Any CPU
		{FC12551D-A70F-41A8-8ABE-6687513D83FA}.Debug|iPhoneSimulator.Build.0 = Debug|Any CPU
		{FC12551D-A70F-41A8-8ABE-6687513D83FA}.Debug|iPhoneSimulator.Deploy.0 = Debug|Any CPU
		{FC12551D-A70F-41A8-8ABE-6687513D83FA}.Debug|x64.ActiveCfg = Debug|Any CPU
		{FC12551D-A70F-41A8-8ABE-6687513D83FA}.Debug|x64.Build.0 = Debug|Any CPU
		{FC12551D-A70F-41A8-8ABE-6687513D83FA}.Debug|x64.Deploy.0 = Debug|Any CPU
		{FC12551D-A70F-41A8-8ABE-6687513D83FA}.Debug|x86.ActiveCfg = Debug|x86
		{FC12551D-A70F-41A8-8ABE-6687513D83FA}.Debug|x86.Build.0 = Debug|x86
		{FC12551D-A70F-41A8-8ABE-6687513D83FA}.Debug|x86.Deploy.0 = Debug|x86
		{FC12551D-A70F-41A8-8ABE-6687513D83FA}.Release|Any CPU.ActiveCfg = Release|Any CPU
		{FC12551D-A70F-41A8-8ABE-6687513D83FA}.Release|Any CPU.Build.0 = Release|Any CPU
		{FC12551D-A70F-41A8-8ABE-6687513D83FA}.Release|Any CPU.Deploy.0 = Release|Any CPU
		{FC12551D-A70F-41A8-8ABE-6687513D83FA}.Release|ARM.ActiveCfg = Release|ARM
		{FC12551D-A70F-41A8-8ABE-6687513D83FA}.Release|ARM.Build.0 = Release|ARM
		{FC12551D-A70F-41A8-8ABE-6687513D83FA}.Release|ARM.Deploy.0 = Release|ARM
		{FC12551D-A70F-41A8-8ABE-6687513D83FA}.Release|iPhone.ActiveCfg = Release|Any CPU
		{FC12551D-A70F-41A8-8ABE-6687513D83FA}.Release|iPhone.Build.0 = Release|Any CPU
		{FC12551D-A70F-41A8-8ABE-6687513D83FA}.Release|iPhone.Deploy.0 = Release|Any CPU
		{FC12551D-A70F-41A8-8ABE-6687513D83FA}.Release|iPhoneSimulator.ActiveCfg = Release|Any CPU
		{FC12551D-A70F-41A8-8ABE-6687513D83FA}.Release|iPhoneSimulator.Build.0 = Release|Any CPU
		{FC12551D-A70F-41A8-8ABE-6687513D83FA}.Release|iPhoneSimulator.Deploy.0 = Release|Any CPU
		{FC12551D-A70F-41A8-8ABE-6687513D83FA}.Release|x64.ActiveCfg = Release|Any CPU
		{FC12551D-A70F-41A8-8ABE-6687513D83FA}.Release|x64.Build.0 = Release|Any CPU
		{FC12551D-A70F-41A8-8ABE-6687513D83FA}.Release|x64.Deploy.0 = Release|Any CPU
		{FC12551D-A70F-41A8-8ABE-6687513D83FA}.Release|x86.ActiveCfg = Release|x86
		{FC12551D-A70F-41A8-8ABE-6687513D83FA}.Release|x86.Build.0 = Release|x86
		{FC12551D-A70F-41A8-8ABE-6687513D83FA}.Release|x86.Deploy.0 = Release|x86
		{7AC35CB9-1D3C-4760-9A97-F172E45D8BCB}.Ad-Hoc|Any CPU.ActiveCfg = Release|x86
		{7AC35CB9-1D3C-4760-9A97-F172E45D8BCB}.Ad-Hoc|Any CPU.Build.0 = Release|x86
		{7AC35CB9-1D3C-4760-9A97-F172E45D8BCB}.Ad-Hoc|Any CPU.Deploy.0 = Release|x86
		{7AC35CB9-1D3C-4760-9A97-F172E45D8BCB}.Ad-Hoc|ARM.ActiveCfg = Release|ARM
		{7AC35CB9-1D3C-4760-9A97-F172E45D8BCB}.Ad-Hoc|ARM.Build.0 = Release|ARM
		{7AC35CB9-1D3C-4760-9A97-F172E45D8BCB}.Ad-Hoc|ARM.Deploy.0 = Release|ARM
		{7AC35CB9-1D3C-4760-9A97-F172E45D8BCB}.Ad-Hoc|iPhone.ActiveCfg = Release|x86
		{7AC35CB9-1D3C-4760-9A97-F172E45D8BCB}.Ad-Hoc|iPhone.Build.0 = Release|x86
		{7AC35CB9-1D3C-4760-9A97-F172E45D8BCB}.Ad-Hoc|iPhone.Deploy.0 = Release|x86
		{7AC35CB9-1D3C-4760-9A97-F172E45D8BCB}.Ad-Hoc|iPhoneSimulator.ActiveCfg = Release|x86
		{7AC35CB9-1D3C-4760-9A97-F172E45D8BCB}.Ad-Hoc|iPhoneSimulator.Build.0 = Release|x86
		{7AC35CB9-1D3C-4760-9A97-F172E45D8BCB}.Ad-Hoc|iPhoneSimulator.Deploy.0 = Release|x86
		{7AC35CB9-1D3C-4760-9A97-F172E45D8BCB}.Ad-Hoc|x64.ActiveCfg = Release|x64
		{7AC35CB9-1D3C-4760-9A97-F172E45D8BCB}.Ad-Hoc|x64.Build.0 = Release|x64
		{7AC35CB9-1D3C-4760-9A97-F172E45D8BCB}.Ad-Hoc|x64.Deploy.0 = Release|x64
		{7AC35CB9-1D3C-4760-9A97-F172E45D8BCB}.Ad-Hoc|x86.ActiveCfg = Release|x86
		{7AC35CB9-1D3C-4760-9A97-F172E45D8BCB}.Ad-Hoc|x86.Build.0 = Release|x86
		{7AC35CB9-1D3C-4760-9A97-F172E45D8BCB}.Ad-Hoc|x86.Deploy.0 = Release|x86
		{7AC35CB9-1D3C-4760-9A97-F172E45D8BCB}.AppStore|Any CPU.ActiveCfg = Release|x86
		{7AC35CB9-1D3C-4760-9A97-F172E45D8BCB}.AppStore|Any CPU.Build.0 = Release|x86
		{7AC35CB9-1D3C-4760-9A97-F172E45D8BCB}.AppStore|Any CPU.Deploy.0 = Release|x86
		{7AC35CB9-1D3C-4760-9A97-F172E45D8BCB}.AppStore|ARM.ActiveCfg = Release|ARM
		{7AC35CB9-1D3C-4760-9A97-F172E45D8BCB}.AppStore|ARM.Build.0 = Release|ARM
		{7AC35CB9-1D3C-4760-9A97-F172E45D8BCB}.AppStore|ARM.Deploy.0 = Release|ARM
		{7AC35CB9-1D3C-4760-9A97-F172E45D8BCB}.AppStore|iPhone.ActiveCfg = Release|x86
		{7AC35CB9-1D3C-4760-9A97-F172E45D8BCB}.AppStore|iPhone.Build.0 = Release|x86
		{7AC35CB9-1D3C-4760-9A97-F172E45D8BCB}.AppStore|iPhone.Deploy.0 = Release|x86
		{7AC35CB9-1D3C-4760-9A97-F172E45D8BCB}.AppStore|iPhoneSimulator.ActiveCfg = Release|x86
		{7AC35CB9-1D3C-4760-9A97-F172E45D8BCB}.AppStore|iPhoneSimulator.Build.0 = Release|x86
		{7AC35CB9-1D3C-4760-9A97-F172E45D8BCB}.AppStore|iPhoneSimulator.Deploy.0 = Release|x86
		{7AC35CB9-1D3C-4760-9A97-F172E45D8BCB}.AppStore|x64.ActiveCfg = Release|x64
		{7AC35CB9-1D3C-4760-9A97-F172E45D8BCB}.AppStore|x64.Build.0 = Release|x64
		{7AC35CB9-1D3C-4760-9A97-F172E45D8BCB}.AppStore|x64.Deploy.0 = Release|x64
		{7AC35CB9-1D3C-4760-9A97-F172E45D8BCB}.AppStore|x86.ActiveCfg = Release|x86
		{7AC35CB9-1D3C-4760-9A97-F172E45D8BCB}.AppStore|x86.Build.0 = Release|x86
		{7AC35CB9-1D3C-4760-9A97-F172E45D8BCB}.AppStore|x86.Deploy.0 = Release|x86
		{7AC35CB9-1D3C-4760-9A97-F172E45D8BCB}.Debug|Any CPU.ActiveCfg = Debug|x86
		{7AC35CB9-1D3C-4760-9A97-F172E45D8BCB}.Debug|ARM.ActiveCfg = Debug|ARM
		{7AC35CB9-1D3C-4760-9A97-F172E45D8BCB}.Debug|ARM.Build.0 = Debug|ARM
		{7AC35CB9-1D3C-4760-9A97-F172E45D8BCB}.Debug|ARM.Deploy.0 = Debug|ARM
		{7AC35CB9-1D3C-4760-9A97-F172E45D8BCB}.Debug|iPhone.ActiveCfg = Debug|x86
		{7AC35CB9-1D3C-4760-9A97-F172E45D8BCB}.Debug|iPhoneSimulator.ActiveCfg = Debug|x86
		{7AC35CB9-1D3C-4760-9A97-F172E45D8BCB}.Debug|x64.ActiveCfg = Debug|x64
		{7AC35CB9-1D3C-4760-9A97-F172E45D8BCB}.Debug|x64.Build.0 = Debug|x64
		{7AC35CB9-1D3C-4760-9A97-F172E45D8BCB}.Debug|x64.Deploy.0 = Debug|x64
		{7AC35CB9-1D3C-4760-9A97-F172E45D8BCB}.Debug|x86.ActiveCfg = Debug|x86
		{7AC35CB9-1D3C-4760-9A97-F172E45D8BCB}.Debug|x86.Build.0 = Debug|x86
		{7AC35CB9-1D3C-4760-9A97-F172E45D8BCB}.Debug|x86.Deploy.0 = Debug|x86
		{7AC35CB9-1D3C-4760-9A97-F172E45D8BCB}.Release|Any CPU.ActiveCfg = Release|x86
		{7AC35CB9-1D3C-4760-9A97-F172E45D8BCB}.Release|ARM.ActiveCfg = Release|ARM
		{7AC35CB9-1D3C-4760-9A97-F172E45D8BCB}.Release|ARM.Build.0 = Release|ARM
		{7AC35CB9-1D3C-4760-9A97-F172E45D8BCB}.Release|ARM.Deploy.0 = Release|ARM
		{7AC35CB9-1D3C-4760-9A97-F172E45D8BCB}.Release|iPhone.ActiveCfg = Release|x86
		{7AC35CB9-1D3C-4760-9A97-F172E45D8BCB}.Release|iPhoneSimulator.ActiveCfg = Release|x86
		{7AC35CB9-1D3C-4760-9A97-F172E45D8BCB}.Release|x64.ActiveCfg = Release|x64
		{7AC35CB9-1D3C-4760-9A97-F172E45D8BCB}.Release|x64.Build.0 = Release|x64
		{7AC35CB9-1D3C-4760-9A97-F172E45D8BCB}.Release|x64.Deploy.0 = Release|x64
		{7AC35CB9-1D3C-4760-9A97-F172E45D8BCB}.Release|x86.ActiveCfg = Release|x86
		{7AC35CB9-1D3C-4760-9A97-F172E45D8BCB}.Release|x86.Build.0 = Release|x86
		{7AC35CB9-1D3C-4760-9A97-F172E45D8BCB}.Release|x86.Deploy.0 = Release|x86
		{5A623B7C-C6E2-4355-B1A0-B4EA55A160C4}.Ad-Hoc|Any CPU.ActiveCfg = Release|Any CPU
		{5A623B7C-C6E2-4355-B1A0-B4EA55A160C4}.Ad-Hoc|Any CPU.Build.0 = Release|Any CPU
		{5A623B7C-C6E2-4355-B1A0-B4EA55A160C4}.Ad-Hoc|Any CPU.Deploy.0 = Release|Any CPU
		{5A623B7C-C6E2-4355-B1A0-B4EA55A160C4}.Ad-Hoc|ARM.ActiveCfg = Release|ARM
		{5A623B7C-C6E2-4355-B1A0-B4EA55A160C4}.Ad-Hoc|ARM.Build.0 = Release|ARM
		{5A623B7C-C6E2-4355-B1A0-B4EA55A160C4}.Ad-Hoc|ARM.Deploy.0 = Release|ARM
		{5A623B7C-C6E2-4355-B1A0-B4EA55A160C4}.Ad-Hoc|iPhone.ActiveCfg = Release|Any CPU
		{5A623B7C-C6E2-4355-B1A0-B4EA55A160C4}.Ad-Hoc|iPhone.Build.0 = Release|Any CPU
		{5A623B7C-C6E2-4355-B1A0-B4EA55A160C4}.Ad-Hoc|iPhone.Deploy.0 = Release|Any CPU
		{5A623B7C-C6E2-4355-B1A0-B4EA55A160C4}.Ad-Hoc|iPhoneSimulator.ActiveCfg = Release|Any CPU
		{5A623B7C-C6E2-4355-B1A0-B4EA55A160C4}.Ad-Hoc|iPhoneSimulator.Build.0 = Release|Any CPU
		{5A623B7C-C6E2-4355-B1A0-B4EA55A160C4}.Ad-Hoc|iPhoneSimulator.Deploy.0 = Release|Any CPU
		{5A623B7C-C6E2-4355-B1A0-B4EA55A160C4}.Ad-Hoc|x64.ActiveCfg = Release|x64
		{5A623B7C-C6E2-4355-B1A0-B4EA55A160C4}.Ad-Hoc|x64.Build.0 = Release|x64
		{5A623B7C-C6E2-4355-B1A0-B4EA55A160C4}.Ad-Hoc|x64.Deploy.0 = Release|x64
		{5A623B7C-C6E2-4355-B1A0-B4EA55A160C4}.Ad-Hoc|x86.ActiveCfg = Release|x86
		{5A623B7C-C6E2-4355-B1A0-B4EA55A160C4}.Ad-Hoc|x86.Build.0 = Release|x86
		{5A623B7C-C6E2-4355-B1A0-B4EA55A160C4}.Ad-Hoc|x86.Deploy.0 = Release|x86
		{5A623B7C-C6E2-4355-B1A0-B4EA55A160C4}.AppStore|Any CPU.ActiveCfg = Release|Any CPU
		{5A623B7C-C6E2-4355-B1A0-B4EA55A160C4}.AppStore|Any CPU.Build.0 = Release|Any CPU
		{5A623B7C-C6E2-4355-B1A0-B4EA55A160C4}.AppStore|Any CPU.Deploy.0 = Release|Any CPU
		{5A623B7C-C6E2-4355-B1A0-B4EA55A160C4}.AppStore|ARM.ActiveCfg = Release|ARM
		{5A623B7C-C6E2-4355-B1A0-B4EA55A160C4}.AppStore|ARM.Build.0 = Release|ARM
		{5A623B7C-C6E2-4355-B1A0-B4EA55A160C4}.AppStore|ARM.Deploy.0 = Release|ARM
		{5A623B7C-C6E2-4355-B1A0-B4EA55A160C4}.AppStore|iPhone.ActiveCfg = Release|Any CPU
		{5A623B7C-C6E2-4355-B1A0-B4EA55A160C4}.AppStore|iPhone.Build.0 = Release|Any CPU
		{5A623B7C-C6E2-4355-B1A0-B4EA55A160C4}.AppStore|iPhone.Deploy.0 = Release|Any CPU
		{5A623B7C-C6E2-4355-B1A0-B4EA55A160C4}.AppStore|iPhoneSimulator.ActiveCfg = Release|Any CPU
		{5A623B7C-C6E2-4355-B1A0-B4EA55A160C4}.AppStore|iPhoneSimulator.Build.0 = Release|Any CPU
		{5A623B7C-C6E2-4355-B1A0-B4EA55A160C4}.AppStore|iPhoneSimulator.Deploy.0 = Release|Any CPU
		{5A623B7C-C6E2-4355-B1A0-B4EA55A160C4}.AppStore|x64.ActiveCfg = Release|x64
		{5A623B7C-C6E2-4355-B1A0-B4EA55A160C4}.AppStore|x64.Build.0 = Release|x64
		{5A623B7C-C6E2-4355-B1A0-B4EA55A160C4}.AppStore|x64.Deploy.0 = Release|x64
		{5A623B7C-C6E2-4355-B1A0-B4EA55A160C4}.AppStore|x86.ActiveCfg = Release|x86
		{5A623B7C-C6E2-4355-B1A0-B4EA55A160C4}.AppStore|x86.Build.0 = Release|x86
		{5A623B7C-C6E2-4355-B1A0-B4EA55A160C4}.AppStore|x86.Deploy.0 = Release|x86
		{5A623B7C-C6E2-4355-B1A0-B4EA55A160C4}.Debug|Any CPU.ActiveCfg = Debug|Any CPU
		{5A623B7C-C6E2-4355-B1A0-B4EA55A160C4}.Debug|ARM.ActiveCfg = Debug|ARM
		{5A623B7C-C6E2-4355-B1A0-B4EA55A160C4}.Debug|ARM.Build.0 = Debug|ARM
		{5A623B7C-C6E2-4355-B1A0-B4EA55A160C4}.Debug|ARM.Deploy.0 = Debug|ARM
		{5A623B7C-C6E2-4355-B1A0-B4EA55A160C4}.Debug|iPhone.ActiveCfg = Debug|Any CPU
		{5A623B7C-C6E2-4355-B1A0-B4EA55A160C4}.Debug|iPhone.Build.0 = Debug|Any CPU
		{5A623B7C-C6E2-4355-B1A0-B4EA55A160C4}.Debug|iPhone.Deploy.0 = Debug|Any CPU
		{5A623B7C-C6E2-4355-B1A0-B4EA55A160C4}.Debug|iPhoneSimulator.ActiveCfg = Debug|Any CPU
		{5A623B7C-C6E2-4355-B1A0-B4EA55A160C4}.Debug|iPhoneSimulator.Build.0 = Debug|Any CPU
		{5A623B7C-C6E2-4355-B1A0-B4EA55A160C4}.Debug|iPhoneSimulator.Deploy.0 = Debug|Any CPU
		{5A623B7C-C6E2-4355-B1A0-B4EA55A160C4}.Debug|x64.ActiveCfg = Debug|x64
		{5A623B7C-C6E2-4355-B1A0-B4EA55A160C4}.Debug|x64.Build.0 = Debug|x64
		{5A623B7C-C6E2-4355-B1A0-B4EA55A160C4}.Debug|x64.Deploy.0 = Debug|x64
		{5A623B7C-C6E2-4355-B1A0-B4EA55A160C4}.Debug|x86.ActiveCfg = Debug|x86
		{5A623B7C-C6E2-4355-B1A0-B4EA55A160C4}.Debug|x86.Build.0 = Debug|x86
		{5A623B7C-C6E2-4355-B1A0-B4EA55A160C4}.Debug|x86.Deploy.0 = Debug|x86
		{5A623B7C-C6E2-4355-B1A0-B4EA55A160C4}.Release|Any CPU.ActiveCfg = Release|Any CPU
		{5A623B7C-C6E2-4355-B1A0-B4EA55A160C4}.Release|Any CPU.Build.0 = Release|Any CPU
		{5A623B7C-C6E2-4355-B1A0-B4EA55A160C4}.Release|Any CPU.Deploy.0 = Release|Any CPU
		{5A623B7C-C6E2-4355-B1A0-B4EA55A160C4}.Release|ARM.ActiveCfg = Release|ARM
		{5A623B7C-C6E2-4355-B1A0-B4EA55A160C4}.Release|ARM.Build.0 = Release|ARM
		{5A623B7C-C6E2-4355-B1A0-B4EA55A160C4}.Release|ARM.Deploy.0 = Release|ARM
		{5A623B7C-C6E2-4355-B1A0-B4EA55A160C4}.Release|iPhone.ActiveCfg = Release|Any CPU
		{5A623B7C-C6E2-4355-B1A0-B4EA55A160C4}.Release|iPhone.Build.0 = Release|Any CPU
		{5A623B7C-C6E2-4355-B1A0-B4EA55A160C4}.Release|iPhone.Deploy.0 = Release|Any CPU
		{5A623B7C-C6E2-4355-B1A0-B4EA55A160C4}.Release|iPhoneSimulator.ActiveCfg = Release|Any CPU
		{5A623B7C-C6E2-4355-B1A0-B4EA55A160C4}.Release|iPhoneSimulator.Build.0 = Release|Any CPU
		{5A623B7C-C6E2-4355-B1A0-B4EA55A160C4}.Release|iPhoneSimulator.Deploy.0 = Release|Any CPU
		{5A623B7C-C6E2-4355-B1A0-B4EA55A160C4}.Release|x64.ActiveCfg = Release|x64
		{5A623B7C-C6E2-4355-B1A0-B4EA55A160C4}.Release|x64.Build.0 = Release|x64
		{5A623B7C-C6E2-4355-B1A0-B4EA55A160C4}.Release|x64.Deploy.0 = Release|x64
		{5A623B7C-C6E2-4355-B1A0-B4EA55A160C4}.Release|x86.ActiveCfg = Release|x86
		{5A623B7C-C6E2-4355-B1A0-B4EA55A160C4}.Release|x86.Build.0 = Release|x86
		{5A623B7C-C6E2-4355-B1A0-B4EA55A160C4}.Release|x86.Deploy.0 = Release|x86
	EndGlobalSection
	GlobalSection(SolutionProperties) = preSolution
		HideSolutionNode = FALSE
	EndGlobalSection
EndGlobal
